{
  "pins" : [
    {
      "identity" : "apollo-ios",
      "kind" : "remoteSourceControl",
      "location" : "https://github.com/apollographql/apollo-ios.git",
      "state" : {
        "revision" : "99dfbdb869dbba16bd09e086b2b669bfcab811ec",
        "version" : "1.12.2"
      }
    },
    {
      "identity" : "combine-schedulers",
      "kind" : "remoteSourceControl",
      "location" : "https://github.com/pointfreeco/combine-schedulers",
      "state" : {
        "revision" : "5928286acce13def418ec36d05a001a9641086f2",
        "version" : "1.0.3"
      }
    },
    {
      "identity" : "popupview",
      "kind" : "remoteSourceControl",
      "location" : "https://github.com/exyte/PopupView.git",
      "state" : {
        "revision" : "e958d95620aff0227682cd8260c54cdbdfedc6c5",
        "version" : "4.0.0"
      }
    },
    {
      "identity" : "sqlite.swift",
      "kind" : "remoteSourceControl",
      "location" : "https://github.com/stephencelis/SQLite.swift.git",
      "state" : {
        "revision" : "a95fc6df17d108bd99210db5e8a9bac90fe984b8",
        "version" : "0.15.3"
      }
    },
    {
      "identity" : "swift-case-paths",
      "kind" : "remoteSourceControl",
      "location" : "https://github.com/pointfreeco/swift-case-paths",
      "state" : {
        "revision" : "e7039aaa4d9cf386fa8324a89f258c3f2c54d751",
        "version" : "1.6.0"
      }
    },
    {
      "identity" : "swift-clocks",
      "kind" : "remoteSourceControl",
      "location" : "https://github.com/pointfreeco/swift-clocks",
      "state" : {
        "revision" : "cc46202b53476d64e824e0b6612da09d84ffde8e",
        "version" : "1.0.6"
      }
    },
    {
      "identity" : "swift-collections",
      "kind" : "remoteSourceControl",
      "location" : "https://github.com/apple/swift-collections",
      "state" : {
        "revision" : "671108c96644956dddcd89dd59c203dcdb36cec7",
        "version" : "1.1.4"
      }
    },
    {
      "identity" : "swift-composable-architecture",
      "kind" : "remoteSourceControl",
      "location" : "https://github.com/pointfreeco/swift-composable-architecture.git",
      "state" : {
        "revision" : "121b6080697b5457ac63e37d2f2d97cf5acd999a",
        "version" : "1.13.1"
      }
    },
    {
      "identity" : "swift-concurrency-extras",
      "kind" : "remoteSourceControl",
      "location" : "https://github.com/pointfreeco/swift-concurrency-extras",
      "state" : {
        "revision" : "82a4ae7170d98d8538ec77238b7eb8e7199ef2e8",
        "version" : "1.3.1"
      }
    },
    {
      "identity" : "swift-custom-dump",
      "kind" : "remoteSourceControl",
      "location" : "https://github.com/pointfreeco/swift-custom-dump",
      "state" : {
        "revision" : "82645ec760917961cfa08c9c0c7104a57a0fa4b1",
        "version" : "1.3.3"
      }
    },
    {
      "identity" : "swift-dependencies",
      "kind" : "remoteSourceControl",
      "location" : "https://github.com/pointfreeco/swift-dependencies",
      "state" : {
        "revision" : "85f89f5d0ce5a18945f65371d40ca997da85a41a",
        "version" : "1.6.3"
      }
    },
    {
      "identity" : "swift-identified-collections",
      "kind" : "remoteSourceControl",
      "location" : "https://github.com/pointfreeco/swift-identified-collections",
      "state" : {
        "revision" : "2f5ab6e091dd032b63dacbda052405756010dc3b",
        "version" : "1.1.0"
      }
    },
    {
      "identity" : "swift-navigation",
      "kind" : "remoteSourceControl",
      "location" : "https://github.com/pointfreeco/swift-navigation",
      "state" : {
        "revision" : "e28911721538fa0c2439e92320bad13e3200866f",
        "version" : "2.2.3"
      }
    },
    {
      "identity" : "swift-perception",
      "kind" : "remoteSourceControl",
      "location" : "https://github.com/pointfreeco/swift-perception",
      "state" : {
        "revision" : "9e9ec5177724e78de1ecfd5b7bf881ae027be4ac",
        "version" : "1.4.2"
      }
    },
    {
      "identity" : "swift-syntax",
      "kind" : "remoteSourceControl",
      "location" : "https://github.com/swiftlang/swift-syntax",
      "state" : {
        "revision" : "0687f71944021d616d34d922343dcef086855920",
        "version" : "600.0.1"
      }
    },
    {
      "identity" : "swift-tagged",
      "kind" : "remoteSourceControl",
      "location" : "https://github.com/pointfreeco/swift-tagged.git",
      "state" : {
        "revision" : "3907a9438f5b57d317001dc99f3f11b46882272b",
        "version" : "0.10.0"
      }
    },
    {
      "identity" : "swiftui-introspect",
      "kind" : "remoteSourceControl",
      "location" : "https://github.com/siteline/swiftui-introspect",
      "state" : {
        "revision" : "807f73ce09a9b9723f12385e592b4e0aaebd3336",
        "version" : "1.3.0"
      }
    },
    {
      "identity" : "xctest-dynamic-overlay",
      "kind" : "remoteSourceControl",
      "location" : "https://github.com/pointfreeco/xctest-dynamic-overlay",
      "state" : {
        "revision" : "a3f634d1a409c7979cabc0a71b3f26ffa9fc8af1",
        "version" : "1.4.3"
      }
    }
  ],
  "version" : 2
}
