PODS:
  - Alamofire (5.9.0)
  - Nimble (10.0.0)
  - QueryKit (0.14.1)
  - Realm (10.49.1):
    - Realm/Headers (= 10.49.1)
  - Realm/Headers (10.49.1)
  - RealmSwift (10.49.1):
    - Realm (= 10.49.1)
  - RxAlamofire (6.1.1):
    - RxAlamofire/Core (= 6.1.1)
  - RxAlamofire/Core (6.1.1):
    - Alamofire (~> 5.4)
    - RxSwift (~> 6.0)
  - RxBlocking (6.6.0):
    - RxSwift (= 6.6.0)
  - RxCocoa (6.6.0):
    - RxRelay (= 6.6.0)
    - RxSwift (= 6.6.0)
  - RxRealm (5.0.7):
    - Realm (~> 10.44)
    - RealmSwift (~> 10.44)
    - RxCocoa (~> 6.1)
    - RxSwift (~> 6.1)
  - RxRelay (6.6.0):
    - RxSwift (= 6.6.0)
  - RxSwift (6.6.0)
  - RxTest (6.6.0):
    - RxSwift (= 6.6.0)

DEPENDENCIES:
  - Alamofire
  - Nimble
  - QueryKit
  - RxAlamofire
  - RxBlocking (~> 6.6.0)
  - RxCocoa (~> 6.6.0)
  - RxRealm (from `https://github.com/RxSwiftCommunity/RxRealm.git`)
  - RxSwift (~> 6.6.0)
  - RxTest (~> 6.6.0)

SPEC REPOS:
  trunk:
    - Alamofire
    - Nimble
    - QueryKit
    - Realm
    - RealmSwift
    - RxAlamofire
    - RxBlocking
    - RxCocoa
    - RxRelay
    - RxSwift
    - RxTest

EXTERNAL SOURCES:
  RxRealm:
    :git: https://github.com/RxSwiftCommunity/RxRealm.git

CHECKOUT OPTIONS:
  RxRealm:
    :commit: 1b2dd1932a7fa5900dfe24a4e9d12b4fc9340bef
    :git: https://github.com/RxSwiftCommunity/RxRealm.git

SPEC CHECKSUMS:
  Alamofire: 02b772c9910e8eba1a079227c32fbd9e46c90a24
  Nimble: 5316ef81a170ce87baf72dd961f22f89a602ff84
  QueryKit: 60dae8ff75d5805f9c703c68c0ef4294c9dd7de6
  Realm: 1fab4a224fd7a294eca142a0efe8b54546290fbf
  RealmSwift: 7c3a9c001161eb01b96b171ad965a9c498b962b0
  RxAlamofire: beb75a1c452d0de225651db4903f5d29d034a620
  RxBlocking: fbd1f8501443024f686e556f36dac79b0d5f4d7c
  RxCocoa: 44a80de90e25b739b5aeaae3c8c371a32e3343cc
  RxRealm: 647ea8aa604d42dbfc95a21151cc12e8cfb80742
  RxRelay: 45eaa5db8ee4fb50e5ebd57deec0159e97fa51e6
  RxSwift: a4b44f7d24599f674deebd1818eab82e58410632
  RxTest: a23f26bb53a5e146a0a69db4f0fa0b69001ce7f4

PODFILE CHECKSUM: 3ba6b9cf3dd84f53154af8a419b2850f7619b4d4

COCOAPODS: 1.15.2
