PODS:
  - Nimble (6.0.1)
  - QueryKit (0.13.0)
  - Realm (2.4.2):
    - Realm/Headers (= 2.4.2)
  - Realm/Headers (2.4.2)
  - RealmSwift (2.4.2):
    - Realm (= 2.4.2)
  - RxBlocking (3.2.0):
    - RxSwift (~> 3.1)
  - RxCocoa (3.2.0):
    - RxSwift (~> 3.1)
  - RxRealm (0.5.1):
    - RealmSwift (~> 2.2)
    - RxSwift (~> 3.1)
  - RxSwift (3.2.0)
  - RxTest (3.2.0):
    - RxSwift (~> 3.0)

DEPENDENCIES:
  - Nimble
  - QueryKit
  - Realm
  - RealmSwift
  - RxBlocking (~> 3.0)
  - RxCocoa (~> 3.0)
  - RxRealm
  - RxSwift (~> 3.0)
  - RxTest (~> 3.0)

SPEC CHECKSUMS:
  Nimble: 1527fd1bd2b4cf0636251a36bc8ab37e81da8347
  QueryKit: 406c42b9b4eb5f8dab380a9e5bd9ef656542d1f4
  Realm: d27b758e12d62a3371879a065d4c40aa212c5a54
  RealmSwift: 9556c0fe0f0cfecacfb755ae9e68ff379fc6bead
  RxBlocking: ec8ed471ba77b4fb98a2d60f1f8419b0b46eaa23
  RxCocoa: ccdf43101a70407097a29082f648ba1676075b30
  RxRealm: c80d17d42fc362f4d8af4ac62de360b014be5c3f
  RxSwift: 46574f70d416b7923c237195939cc488a7fbf3a0
  RxTest: 85fdd6f753e8e62635a58d37bbdd3ce7d5abbef3

PODFILE CHECKSUM: 44b58a7705c97e5d8788cf48eeb29b9dd4bcb205

COCOAPODS: 1.2.0
