<?xml version="1.0" encoding="UTF-8"?>
<Scheme
   LastUpgradeVersion = "0820"
   version = "1.3">
   <BuildAction
      parallelizeBuildables = "YES"
      buildImplicitDependencies = "YES">
      <BuildActionEntries>
         <BuildActionEntry
            buildForTesting = "YES"
            buildForRunning = "YES"
            buildForProfiling = "YES"
            buildForArchiving = "YES"
            buildForAnalyzing = "YES">
            <BuildableReference
               BuildableIdentifier = "primary"
               BlueprintIdentifier = "25897AFF1E58BD9100D3563C"
               BuildableName = "CleanArchitectureRxSwift.app"
               BlueprintName = "CleanArchitectureRxSwift"
               ReferencedContainer = "container:CleanArchitectureRxSwift.xcodeproj">
            </BuildableReference>
         </BuildActionEntry>
      </BuildActionEntries>
   </BuildAction>
   <TestAction
      buildConfiguration = "Debug"
      selectedDebuggerIdentifier = "Xcode.DebuggerFoundation.Debugger.LLDB"
      selectedLauncherIdentifier = "Xcode.DebuggerFoundation.Launcher.LLDB"
      shouldUseLaunchSchemeArgsEnv = "YES">
      <Testables>
         <TestableReference
            skipped = "NO">
            <BuildableReference
               BuildableIdentifier = "primary"
               BlueprintIdentifier = "25897B131E58BD9100D3563C"
               BuildableName = "CleanArchitectureRxSwiftTests.xctest"
               BlueprintName = "CleanArchitectureRxSwiftTests"
               ReferencedContainer = "container:CleanArchitectureRxSwift.xcodeproj">
            </BuildableReference>
         </TestableReference>
         <TestableReference
            skipped = "NO">
            <BuildableReference
               BuildableIdentifier = "primary"
               BlueprintIdentifier = "25897B2F1E58BF0D00D3563C"
               BuildableName = "DomainTests.xctest"
               BlueprintName = "DomainTests"
               ReferencedContainer = "container:CleanArchitectureRxSwift.xcodeproj">
            </BuildableReference>
         </TestableReference>
         <TestableReference
            skipped = "NO">
            <BuildableReference
               BuildableIdentifier = "primary"
               BlueprintIdentifier = "25897B521E58BF3600D3563C"
               BuildableName = "CoreDataPlatformTests.xctest"
               BlueprintName = "CoreDataPlatformTests"
               ReferencedContainer = "container:CleanArchitectureRxSwift.xcodeproj">
            </BuildableReference>
         </TestableReference>
         <TestableReference
            skipped = "NO">
            <BuildableReference
               BuildableIdentifier = "primary"
               BlueprintIdentifier = "25897B741E58BF4600D3563C"
               BuildableName = "RealmPlatformTests.xctest"
               BlueprintName = "RealmPlatformTests"
               ReferencedContainer = "container:CleanArchitectureRxSwift.xcodeproj">
            </BuildableReference>
         </TestableReference>
         <TestableReference
            skipped = "NO">
            <BuildableReference
               BuildableIdentifier = "primary"
               BlueprintIdentifier = "BD107F501E7298690043D900"
               BuildableName = "NetworkTests.xctest"
               BlueprintName = "NetworkTests"
               ReferencedContainer = "container:CleanArchitectureRxSwift.xcodeproj">
            </BuildableReference>
         </TestableReference>
      </Testables>
      <MacroExpansion>
         <BuildableReference
            BuildableIdentifier = "primary"
            BlueprintIdentifier = "25897AFF1E58BD9100D3563C"
            BuildableName = "CleanArchitectureRxSwift.app"
            BlueprintName = "CleanArchitectureRxSwift"
            ReferencedContainer = "container:CleanArchitectureRxSwift.xcodeproj">
         </BuildableReference>
      </MacroExpansion>
      <AdditionalOptions>
      </AdditionalOptions>
   </TestAction>
   <LaunchAction
      buildConfiguration = "Debug"
      selectedDebuggerIdentifier = "Xcode.DebuggerFoundation.Debugger.LLDB"
      selectedLauncherIdentifier = "Xcode.DebuggerFoundation.Launcher.LLDB"
      launchStyle = "0"
      useCustomWorkingDirectory = "NO"
      ignoresPersistentStateOnLaunch = "NO"
      debugDocumentVersioning = "YES"
      debugServiceExtension = "internal"
      allowLocationSimulation = "YES">
      <BuildableProductRunnable
         runnableDebuggingMode = "0">
         <BuildableReference
            BuildableIdentifier = "primary"
            BlueprintIdentifier = "25897AFF1E58BD9100D3563C"
            BuildableName = "CleanArchitectureRxSwift.app"
            BlueprintName = "CleanArchitectureRxSwift"
            ReferencedContainer = "container:CleanArchitectureRxSwift.xcodeproj">
         </BuildableReference>
      </BuildableProductRunnable>
      <AdditionalOptions>
      </AdditionalOptions>
   </LaunchAction>
   <ProfileAction
      buildConfiguration = "Release"
      shouldUseLaunchSchemeArgsEnv = "YES"
      savedToolIdentifier = ""
      useCustomWorkingDirectory = "NO"
      debugDocumentVersioning = "YES">
      <BuildableProductRunnable
         runnableDebuggingMode = "0">
         <BuildableReference
            BuildableIdentifier = "primary"
            BlueprintIdentifier = "25897AFF1E58BD9100D3563C"
            BuildableName = "CleanArchitectureRxSwift.app"
            BlueprintName = "CleanArchitectureRxSwift"
            ReferencedContainer = "container:CleanArchitectureRxSwift.xcodeproj">
         </BuildableReference>
      </BuildableProductRunnable>
   </ProfileAction>
   <AnalyzeAction
      buildConfiguration = "Debug">
   </AnalyzeAction>
   <ArchiveAction
      buildConfiguration = "Release"
      revealArchiveInOrganizer = "YES">
   </ArchiveAction>
</Scheme>
