// !$*UTF8*$!
{
	archiveVersion = 1;
	classes = {
	};
	objectVersion = 50;
	objects = {

/* Begin PBXBuildFile section */
		03CAA48BCAF728E5B798DA2A0614BA0D /* ViewModelType.swift in Sources */ = {isa = PBXBuildFile; fileRef = 36707018AFC693668E3786D9115E03B0 /* ViewModelType.swift */; };
		0C0F80405EEC9AD6E679412EA2A03B30 /* Domain.h in Headers */ = {isa = PBXBuildFile; fileRef = 9BB3C4D8D660356F108203EA54292B1E /* Domain.h */; settings = {ATTRIBUTES = (Public, ); }; };
		0C90561997B739BC4BFE214980E952F2 /* RxAtomic.framework in Frameworks */ = {isa = PBXBuildFile; fileRef = 34585F1E61FAE01E1D5E82E0459F345B /* RxAtomic.framework */; };
		0E8AFEEAAA464B28B32DCF9F00642CC8 /* Realm.framework in Embed Frameworks */ = {isa = PBXBuildFile; fileRef = 6D12A40BA990FC5DA01445D47A95F12D /* Realm.framework */; settings = {ATTRIBUTES = (CodeSignOnCopy, RemoveHeadersOnCopy, ); }; };
		0FB01DBDE7F0240D8643C86FD4496B4A /* PostItemViewModel.swift in Sources */ = {isa = PBXBuildFile; fileRef = 291E71BC0024BAA0FB0D07615B8A3937 /* PostItemViewModel.swift */; };
		158B82564A24590B6F73B4CA28A93D6C /* RxBlocking.framework in Frameworks */ = {isa = PBXBuildFile; fileRef = 70677C39F24CCC6582BDCF9886D14A89 /* RxBlocking.framework */; };
		15AE1AF607759E10B00A6F1DE79BE874 /* CreatePostNavigator.swift in Sources */ = {isa = PBXBuildFile; fileRef = F807CA7344D5E32B6C3F5AFC50612EE1 /* CreatePostNavigator.swift */; };
		171D2E06E665798FFD043D8A56620E1F /* RealmSwift.framework in Frameworks */ = {isa = PBXBuildFile; fileRef = 3EC16B0782E903EB0C7B2E61CB3D092A /* RealmSwift.framework */; };
		175866715972B5A5E278BB2A315519EC /* Domain.framework in Frameworks */ = {isa = PBXBuildFile; fileRef = C6C06B8EAD2CCA44D24581D87EB39F4D /* Domain.framework */; };
		1980CC1ECAC5F65CAFFF772466B6B084 /* NetworkPlatform.framework in Embed Frameworks */ = {isa = PBXBuildFile; fileRef = D6AD40A81FC61CFB1246C2202B21D580 /* NetworkPlatform.framework */; settings = {ATTRIBUTES = (CodeSignOnCopy, RemoveHeadersOnCopy, ); }; };
		1D19ABE005A25F20F6FAE776383BC394 /* NetworkProvider.swift in Sources */ = {isa = PBXBuildFile; fileRef = 26FADF46B86C08B52B370ED45FB7F803 /* NetworkProvider.swift */; };
		1EFAB4798465D62C44A96D4D40607BF9 /* RxSwift.framework in Embed Frameworks */ = {isa = PBXBuildFile; fileRef = 6D2E55D6E0EDACFD92431A564BBAD2B1 /* RxSwift.framework */; settings = {ATTRIBUTES = (CodeSignOnCopy, RemoveHeadersOnCopy, ); }; };
		1FF049FEF5356C87BC42085916AE4426 /* RealmPlatform.framework in Embed Frameworks */ = {isa = PBXBuildFile; fileRef = 47A1CD5F39995475DB4755238D0940D0 /* RealmPlatform.framework */; settings = {ATTRIBUTES = (CodeSignOnCopy, RemoveHeadersOnCopy, ); }; };
		20D1D58E25A806F36AC335AD121FC8E1 /* UseCaseProvider.swift in Sources */ = {isa = PBXBuildFile; fileRef = 249C7693AA73B032DA17CE038CF4B3DE /* UseCaseProvider.swift */; };
		21753B45DE7E9B47786F273CA96DA4EB /* Encodable.swift in Sources */ = {isa = PBXBuildFile; fileRef = E903BC1C09CFADEB0098E9DC6CAC0924 /* Encodable.swift */; };
		28E9754F5C55141E061F20570BBE4576 /* PostsUseCase.swift in Sources */ = {isa = PBXBuildFile; fileRef = 08A9120D5E45B1D46286157509D08E40 /* PostsUseCase.swift */; };
		2A392F91886F4E68ED1325229898E9FB /* RxBlocking.framework in Embed Frameworks */ = {isa = PBXBuildFile; fileRef = 70677C39F24CCC6582BDCF9886D14A89 /* RxBlocking.framework */; settings = {ATTRIBUTES = (CodeSignOnCopy, RemoveHeadersOnCopy, ); }; };
		2AE154D12C5342171AD5BDBB53DDCCC7 /* Alamofire.framework in Embed Frameworks */ = {isa = PBXBuildFile; fileRef = 4A422D822DAE233F2AC201BE93BC1003 /* Alamofire.framework */; settings = {ATTRIBUTES = (CodeSignOnCopy, RemoveHeadersOnCopy, ); }; };
		2DB30D59DF61559E931FB818676F833B /* ErrorTracker.swift in Sources */ = {isa = PBXBuildFile; fileRef = D09E564E752C2BBAA0EB8FAD867D0533 /* ErrorTracker.swift */; };
		359216527019865CD2C03BE0A253DCCC /* PostsViewModelTests.swift in Sources */ = {isa = PBXBuildFile; fileRef = DC05D65A7DE614B8FACF9CA34AEABD78 /* PostsViewModelTests.swift */; };
		3695B32D033D6D14E89C6B093604BB9C /* RxTest.framework in Embed Frameworks */ = {isa = PBXBuildFile; fileRef = C1EFB1E83DED659F865AA549CE80388C /* RxTest.framework */; settings = {ATTRIBUTES = (CodeSignOnCopy, RemoveHeadersOnCopy, ); }; };
		38F5CB4AB28ACA7E36393DCFF4872A4E /* PostsUseCase.swift in Sources */ = {isa = PBXBuildFile; fileRef = 6D634111E8EB08986615A362250C38F3 /* PostsUseCase.swift */; };
		3AC78FB387E40A4B2C8B6F8EAD8DBD84 /* RxCocoa.framework in Frameworks */ = {isa = PBXBuildFile; fileRef = 60346D37B452AE5A3AC7109353A4488F /* RxCocoa.framework */; };
		3BAFDC1B6C02E1EF2373AD65760C007E /* PostsNavigator.swift in Sources */ = {isa = PBXBuildFile; fileRef = 319DE59ED517D412A9B554998AE5EB6C /* PostsNavigator.swift */; };
		3FB0F3F79E16E9A862EC52B338B9E1E1 /* Observable+Ext.swift in Sources */ = {isa = PBXBuildFile; fileRef = 336CA57825D0158FFD3E9EDC1F34EF3D /* Observable+Ext.swift */; };
		4111B4D0F5AE20B5CED6E1CA1454C576 /* RealmSwift.framework in Embed Frameworks */ = {isa = PBXBuildFile; fileRef = 3EC16B0782E903EB0C7B2E61CB3D092A /* RealmSwift.framework */; settings = {ATTRIBUTES = (CodeSignOnCopy, RemoveHeadersOnCopy, ); }; };
		457156FC2E09810F722872E0D1D1EF2C /* Post+Mapping.swift in Sources */ = {isa = PBXBuildFile; fileRef = 67843142D27A7B33E1A09B1DACAEE4D2 /* Post+Mapping.swift */; };
		457DA0714B4EF23395A456351C5C3EFB /* Domain.framework in Frameworks */ = {isa = PBXBuildFile; fileRef = C6C06B8EAD2CCA44D24581D87EB39F4D /* Domain.framework */; };
		466DFCBE997023AF7AEAAD0F74C048D9 /* NetworkPlatform.framework in Frameworks */ = {isa = PBXBuildFile; fileRef = D6AD40A81FC61CFB1246C2202B21D580 /* NetworkPlatform.framework */; };
		48AEE3CF8B21E60E5B6A091BEFBFB678 /* RxTest.framework in Frameworks */ = {isa = PBXBuildFile; fileRef = C1EFB1E83DED659F865AA549CE80388C /* RxTest.framework */; };
		48DFAC9CF81F0C884B63E3EA1B10026C /* RxSwift.framework in Frameworks */ = {isa = PBXBuildFile; fileRef = 6D2E55D6E0EDACFD92431A564BBAD2B1 /* RxSwift.framework */; };
		4B1A79550985183A9DF98A8F1E98376F /* RxSwift.framework in Frameworks */ = {isa = PBXBuildFile; fileRef = 6D2E55D6E0EDACFD92431A564BBAD2B1 /* RxSwift.framework */; };
		4EAAFA037FE76716824A72FF732E5D51 /* RealmPlatform.h in Headers */ = {isa = PBXBuildFile; fileRef = 532004E1A7ECBA256571C34000C3F9DA /* RealmPlatform.h */; settings = {ATTRIBUTES = (Public, ); }; };
		505CAEEBA0A0925C02D2111343AFB999 /* Alamofire.framework in Embed Frameworks */ = {isa = PBXBuildFile; fileRef = 4A422D822DAE233F2AC201BE93BC1003 /* Alamofire.framework */; settings = {ATTRIBUTES = (CodeSignOnCopy, RemoveHeadersOnCopy, ); }; };
		513FF97169CA1E460E143A523488401A /* RxSwift.framework in Frameworks */ = {isa = PBXBuildFile; fileRef = 6D2E55D6E0EDACFD92431A564BBAD2B1 /* RxSwift.framework */; };
		51824A52F7A40A71C00F5B582F0B7E00 /* RxCocoa.framework in Embed Frameworks */ = {isa = PBXBuildFile; fileRef = 60346D37B452AE5A3AC7109353A4488F /* RxCocoa.framework */; settings = {ATTRIBUTES = (CodeSignOnCopy, RemoveHeadersOnCopy, ); }; };
		52813913D3319A33B83021023B686917 /* PostsUseCaseMock.swift in Sources */ = {isa = PBXBuildFile; fileRef = CE7A126EBBECEB8056B753F4CDF5B9C5 /* PostsUseCaseMock.swift */; };
		59935089C085EB52806A69886916AF28 /* RxSwift.framework in Embed Frameworks */ = {isa = PBXBuildFile; fileRef = 6D2E55D6E0EDACFD92431A564BBAD2B1 /* RxSwift.framework */; settings = {ATTRIBUTES = (CodeSignOnCopy, RemoveHeadersOnCopy, ); }; };
		5C8BE7FC415F9D57FC08C623A661B393 /* RealmPlatform.framework in Embed Frameworks */ = {isa = PBXBuildFile; fileRef = 47A1CD5F39995475DB4755238D0940D0 /* RealmPlatform.framework */; settings = {ATTRIBUTES = (CodeSignOnCopy, RemoveHeadersOnCopy, ); }; };
		5E0BC10938ABEB88C8619A9B048FF2CE /* Cache.swift in Sources */ = {isa = PBXBuildFile; fileRef = 2D0F264C080C4AF36229B72ACACD4606 /* Cache.swift */; };
		5FA192C15ED00A5E4F9AB90214695C7F /* RxRealm.framework in Embed Frameworks */ = {isa = PBXBuildFile; fileRef = 8EBA1F2DCD6A60F254163F99AE81C1D5 /* RxRealm.framework */; settings = {ATTRIBUTES = (CodeSignOnCopy, RemoveHeadersOnCopy, ); }; };
		60A7BFE003F4FE2081A663AA5A521B40 /* RxAtomic.framework in Embed Frameworks */ = {isa = PBXBuildFile; fileRef = 34585F1E61FAE01E1D5E82E0459F345B /* RxAtomic.framework */; settings = {ATTRIBUTES = (CodeSignOnCopy, RemoveHeadersOnCopy, ); }; };
		64EBC94780D02E347DB5278B1E4B3441 /* PostsNetwork.swift in Sources */ = {isa = PBXBuildFile; fileRef = 77DC0F83A0FCB22590D14E917BA44A76 /* PostsNetwork.swift */; };
		65E905FF7890286889ECAE24DBECB48D /* Post.swift in Sources */ = {isa = PBXBuildFile; fileRef = 700CBA294FB44EED4080EB462F5EADE4 /* Post.swift */; };
		66915FE4C1CCDC10241BE4FA6D936F12 /* Reusable.swift in Sources */ = {isa = PBXBuildFile; fileRef = 1087C2F944CC9BEF5E5672FB726C7343 /* Reusable.swift */; };
		67B6F90950849B7489A3DE0473B6B21D /* Assets.xcassets in Resources */ = {isa = PBXBuildFile; fileRef = CCA48A85BC67F7A2ED1F97DEC79C8FF9 /* Assets.xcassets */; };
		6891552B1F087F502F4AE2C555141531 /* RMPost.swift in Sources */ = {isa = PBXBuildFile; fileRef = EF5DE6EA17614E00E161A653E1489D28 /* RMPost.swift */; };
		6AA4268596D0719EB5EBAB94324727DB /* RxTest.framework in Frameworks */ = {isa = PBXBuildFile; fileRef = C1EFB1E83DED659F865AA549CE80388C /* RxTest.framework */; };
		6AB9E608C1BA32583F585C18AB921228 /* Application.swift in Sources */ = {isa = PBXBuildFile; fileRef = 612F007ABA4741B9A6C0C08947C7E667 /* Application.swift */; };
		6E97D6AFCFF99E4575DFA13004A72911 /* RxSwift.framework in Embed Frameworks */ = {isa = PBXBuildFile; fileRef = 6D2E55D6E0EDACFD92431A564BBAD2B1 /* RxSwift.framework */; settings = {ATTRIBUTES = (CodeSignOnCopy, RemoveHeadersOnCopy, ); }; };
		701A0A4C13364204320BE93A6E25FA8A /* EditPostNavigator.swift in Sources */ = {isa = PBXBuildFile; fileRef = 7DCA988D5B882FAB9AD1F2EA756C865D /* EditPostNavigator.swift */; };
		7104C9216AA7F5AAD73C0A2670C6C711 /* UseCaseProvider.swift in Sources */ = {isa = PBXBuildFile; fileRef = 86661D33559C0E8F6820A2AA9A9DC742 /* UseCaseProvider.swift */; };
		731F547A7FA6EC60B5AD812BE930EF51 /* RxBlocking.framework in Embed Frameworks */ = {isa = PBXBuildFile; fileRef = 70677C39F24CCC6582BDCF9886D14A89 /* RxBlocking.framework */; settings = {ATTRIBUTES = (CodeSignOnCopy, RemoveHeadersOnCopy, ); }; };
		7B8138879CFB5207D526AECB420EEE54 /* PostsUseCase.swift in Sources */ = {isa = PBXBuildFile; fileRef = 81316151F2B34788B9134B3F9ACD45AB /* PostsUseCase.swift */; };
		7D500EACA401AD25D47035A334F2ED14 /* PostsNavigatorMock.swift in Sources */ = {isa = PBXBuildFile; fileRef = 0B37BABED34A14E18FE671DC5D9940FD /* PostsNavigatorMock.swift */; };
		7D884E44FB9D313BC6C86751182D300C /* RxRealm.framework in Embed Frameworks */ = {isa = PBXBuildFile; fileRef = 8EBA1F2DCD6A60F254163F99AE81C1D5 /* RxRealm.framework */; settings = {ATTRIBUTES = (CodeSignOnCopy, RemoveHeadersOnCopy, ); }; };
		7DDE89BC98249F6C20E3B815EE8A4B34 /* NetworkPlatform.framework in Embed Frameworks */ = {isa = PBXBuildFile; fileRef = D6AD40A81FC61CFB1246C2202B21D580 /* NetworkPlatform.framework */; settings = {ATTRIBUTES = (CodeSignOnCopy, RemoveHeadersOnCopy, ); }; };
		7EE51A568AA550080589FF773CEB3083 /* Observable+Ext.swift in Sources */ = {isa = PBXBuildFile; fileRef = EFAB3CB206FB8DA30C9E685271D18056 /* Observable+Ext.swift */; };
		7FC5378B2EFD32A2C41B2C45886C0ECE /* RxBlocking.framework in Frameworks */ = {isa = PBXBuildFile; fileRef = 70677C39F24CCC6582BDCF9886D14A89 /* RxBlocking.framework */; };
		80F6034EE48AEA957754F3D0EB356EF1 /* RxBlocking.framework in Frameworks */ = {isa = PBXBuildFile; fileRef = 70677C39F24CCC6582BDCF9886D14A89 /* RxBlocking.framework */; };
		81643C210627D1432AC7EC458D129881 /* Domain.framework in Embed Frameworks */ = {isa = PBXBuildFile; fileRef = C6C06B8EAD2CCA44D24581D87EB39F4D /* Domain.framework */; settings = {ATTRIBUTES = (CodeSignOnCopy, RemoveHeadersOnCopy, ); }; };
		82DD2710FF63B8DD3FA1B581F7066E0F /* PostsViewModel.swift in Sources */ = {isa = PBXBuildFile; fileRef = 953FFA1C0C0FF27A9349FB244F1E8AB5 /* PostsViewModel.swift */; };
		8744D4D1D02C7BC6F4AB40945B753C62 /* Network.swift in Sources */ = {isa = PBXBuildFile; fileRef = 6F9AA0479035F380F43EB42BACAA1968 /* Network.swift */; };
		87855E86A770375F687F9AE0AE6BAA66 /* NetworkTests.swift in Sources */ = {isa = PBXBuildFile; fileRef = 5EE8253E7398E057AD6B9969CC375C4A /* NetworkTests.swift */; };
		90A167B4840C42F83B0D94FE5EEE84F2 /* RxBlocking.framework in Embed Frameworks */ = {isa = PBXBuildFile; fileRef = 70677C39F24CCC6582BDCF9886D14A89 /* RxBlocking.framework */; settings = {ATTRIBUTES = (CodeSignOnCopy, RemoveHeadersOnCopy, ); }; };
		95B39434C87D267C4246D637D9BE26A1 /* Repository.swift in Sources */ = {isa = PBXBuildFile; fileRef = FED11B85D950203D185940DB8D3A1B42 /* Repository.swift */; };
		9776DADD15DB9F5A7B3A9C7759515B3C /* RealmSwift.framework in Embed Frameworks */ = {isa = PBXBuildFile; fileRef = 3EC16B0782E903EB0C7B2E61CB3D092A /* RealmSwift.framework */; settings = {ATTRIBUTES = (CodeSignOnCopy, RemoveHeadersOnCopy, ); }; };
		98A796059DF86D543995C13E8E3915EB /* Realm.framework in Embed Frameworks */ = {isa = PBXBuildFile; fileRef = 6D12A40BA990FC5DA01445D47A95F12D /* Realm.framework */; settings = {ATTRIBUTES = (CodeSignOnCopy, RemoveHeadersOnCopy, ); }; };
		997400F61A953A69125BD76344C4CF8E /* RxTest.framework in Embed Frameworks */ = {isa = PBXBuildFile; fileRef = C1EFB1E83DED659F865AA549CE80388C /* RxTest.framework */; settings = {ATTRIBUTES = (CodeSignOnCopy, RemoveHeadersOnCopy, ); }; };
		A0A2E4EF11473A02D1EBCAC5AC6203D5 /* Alamofire.framework in Frameworks */ = {isa = PBXBuildFile; fileRef = 4A422D822DAE233F2AC201BE93BC1003 /* Alamofire.framework */; };
		A1D6D4AB047842EF50B1189052605A02 /* RxRealm.framework in Frameworks */ = {isa = PBXBuildFile; fileRef = 8EBA1F2DCD6A60F254163F99AE81C1D5 /* RxRealm.framework */; };
		A37D6B374D564EDBDC24A44519703CA7 /* Main.storyboard in Resources */ = {isa = PBXBuildFile; fileRef = 325E0116C36B8BE1E9E48705B2407AA6 /* Main.storyboard */; };
		AB1F1FF19E2A3FF10199285A75BD38C4 /* RxBlocking.framework in Frameworks */ = {isa = PBXBuildFile; fileRef = 70677C39F24CCC6582BDCF9886D14A89 /* RxBlocking.framework */; };
		ADC0474DEA9C6753635EA28D3511F903 /* Domain.framework in Frameworks */ = {isa = PBXBuildFile; fileRef = C6C06B8EAD2CCA44D24581D87EB39F4D /* Domain.framework */; };
		AED7B9691FCE9AB63CAF9E813C319A59 /* RealmRepresentable.swift in Sources */ = {isa = PBXBuildFile; fileRef = CF9EB187F5E93DE8DFE199BE44325545 /* RealmRepresentable.swift */; };
		AFC8D3818E467DE089D4553B40C0CBCA /* RxTest.framework in Frameworks */ = {isa = PBXBuildFile; fileRef = C1EFB1E83DED659F865AA549CE80388C /* RxTest.framework */; };
		B830B520B6D8526807A225BBDDA29BF9 /* RealmPlatform.framework in Frameworks */ = {isa = PBXBuildFile; fileRef = 47A1CD5F39995475DB4755238D0940D0 /* RealmPlatform.framework */; };
		BAFB2BCE7421223C9DAD3FD18F61E92A /* Domain.framework in Frameworks */ = {isa = PBXBuildFile; fileRef = C6C06B8EAD2CCA44D24581D87EB39F4D /* Domain.framework */; };
		BC6ACE0388A26F2574684DEC049D0A6D /* RxAtomic.framework in Embed Frameworks */ = {isa = PBXBuildFile; fileRef = 34585F1E61FAE01E1D5E82E0459F345B /* RxAtomic.framework */; settings = {ATTRIBUTES = (CodeSignOnCopy, RemoveHeadersOnCopy, ); }; };
		BDB065C4F0FC3FA6BCFA7A1267D87DDE /* RxTest.framework in Embed Frameworks */ = {isa = PBXBuildFile; fileRef = C1EFB1E83DED659F865AA549CE80388C /* RxTest.framework */; settings = {ATTRIBUTES = (CodeSignOnCopy, RemoveHeadersOnCopy, ); }; };
		BEC2A1565EB6ADC1C93E3557333B9CB7 /* PostsViewController.swift in Sources */ = {isa = PBXBuildFile; fileRef = 066039BF2F8F159D65075C5A08D692CD /* PostsViewController.swift */; };
		BED4DC2DDF698B127ACBDF4629B5C8D2 /* CreatePostViewModel.swift in Sources */ = {isa = PBXBuildFile; fileRef = B3E582E6BE8547246D500B78BECA58C8 /* CreatePostViewModel.swift */; };
		C02C4BAB7FBD992196E8D4A3163C1279 /* RxSwift.framework in Embed Frameworks */ = {isa = PBXBuildFile; fileRef = 6D2E55D6E0EDACFD92431A564BBAD2B1 /* RxSwift.framework */; settings = {ATTRIBUTES = (CodeSignOnCopy, RemoveHeadersOnCopy, ); }; };
		C07180582972ED812A279FF0C8078C59 /* RxAlamofire.framework in Embed Frameworks */ = {isa = PBXBuildFile; fileRef = FCE59CE8A6B9F92476D6347D07E3BEBE /* RxAlamofire.framework */; settings = {ATTRIBUTES = (CodeSignOnCopy, RemoveHeadersOnCopy, ); }; };
		C09A0F4F53F64B867BB30A2FD8AAEDA4 /* RxAlamofire.framework in Frameworks */ = {isa = PBXBuildFile; fileRef = FCE59CE8A6B9F92476D6347D07E3BEBE /* RxAlamofire.framework */; };
		C2FCA9A7AACC57C1A2F5CECB7CFAA29B /* RunLoopThreadScheduler.swift in Sources */ = {isa = PBXBuildFile; fileRef = 18E8AF5E7804B1C5E22B280C7A1EB33C /* RunLoopThreadScheduler.swift */; };
		C426A498FB7795CBEBCFD726492707A7 /* ActivityIndicator.swift in Sources */ = {isa = PBXBuildFile; fileRef = 0BFB13FEF61971DE9820F702F2F0F5EA /* ActivityIndicator.swift */; };
		C4DACAB3EB8C048DE5CC7DADF3B08B5E /* Realm.framework in Frameworks */ = {isa = PBXBuildFile; fileRef = 6D12A40BA990FC5DA01445D47A95F12D /* Realm.framework */; };
		C6AA01BB0D6EC95FB07E322E5BACF249 /* Domain.framework in Embed Frameworks */ = {isa = PBXBuildFile; fileRef = C6C06B8EAD2CCA44D24581D87EB39F4D /* Domain.framework */; settings = {ATTRIBUTES = (CodeSignOnCopy, RemoveHeadersOnCopy, ); }; };
		CAC3C09414DEB6443956D61BAB17A4EB /* EditPostViewModel.swift in Sources */ = {isa = PBXBuildFile; fileRef = 12B7B60BDB89148D98572A6A26D01A66 /* EditPostViewModel.swift */; };
		CF88B48C3301D553EBB6B715F0DC5A1F /* RealmPlatformTests.swift in Sources */ = {isa = PBXBuildFile; fileRef = 54D3736FF79A2D41F019B65861084E19 /* RealmPlatformTests.swift */; };
		CF98FB9C50B597221B7401D8FBB57A4F /* Realm+Ext.swift in Sources */ = {isa = PBXBuildFile; fileRef = 116FD2494BBC4F48C356DCA52E6BF44B /* Realm+Ext.swift */; };
		CFE96099CF20A2937049628CEF69FD50 /* DomainTests.swift in Sources */ = {isa = PBXBuildFile; fileRef = BA6EA40240CB3C7FC717C6EFE089618D /* DomainTests.swift */; };
		D3584A1EE8F5CB96EBE4B0A4C9577502 /* Network.h in Headers */ = {isa = PBXBuildFile; fileRef = F33B116E734FAE80FBCA4B6A1E8F1067 /* Network.h */; settings = {ATTRIBUTES = (Public, ); }; };
		D4566AF1A8F5AFF508A0388294E355D3 /* LaunchScreen.storyboard in Resources */ = {isa = PBXBuildFile; fileRef = 9DFA094C015EE5DA67F6186A74DC814A /* LaunchScreen.storyboard */; };
		D53742D7395BC03F7B35400CBAFC4364 /* AppDelegate.swift in Sources */ = {isa = PBXBuildFile; fileRef = A2766365AB1BF626BF20FA45DF6AD82A /* AppDelegate.swift */; };
		D5FD1E9A5E871CFAB2F86844B2F323DA /* CreatePostViewController.swift in Sources */ = {isa = PBXBuildFile; fileRef = A37E802B437FBF9307F29DBB50D67E1D /* CreatePostViewController.swift */; };
		D75593A04F3780AFA44A96F3AE19501C /* RxCocoa.framework in Frameworks */ = {isa = PBXBuildFile; fileRef = 60346D37B452AE5A3AC7109353A4488F /* RxCocoa.framework */; };
		DFFCE495B69D5321FCCD0E4ECFF05236 /* DomainConvertibleType.swift in Sources */ = {isa = PBXBuildFile; fileRef = EAB75113BAD0BD5671C07D533E56CC99 /* DomainConvertibleType.swift */; };
		E0F41E8F4BA749E60C01B4C9BDF3FF9E /* RxSwift.framework in Frameworks */ = {isa = PBXBuildFile; fileRef = 6D2E55D6E0EDACFD92431A564BBAD2B1 /* RxSwift.framework */; };
		E44246564A53C28E12288B32CAB83F11 /* RxTest.framework in Frameworks */ = {isa = PBXBuildFile; fileRef = C1EFB1E83DED659F865AA549CE80388C /* RxTest.framework */; };
		E506DCE7006F09CD6DDD8C77EDA30AB4 /* RealmPlatform.framework in Frameworks */ = {isa = PBXBuildFile; fileRef = 47A1CD5F39995475DB4755238D0940D0 /* RealmPlatform.framework */; };
		E628EA83EEECEEB1794136D8BF0B4492 /* RxCocoa.framework in Embed Frameworks */ = {isa = PBXBuildFile; fileRef = 60346D37B452AE5A3AC7109353A4488F /* RxCocoa.framework */; settings = {ATTRIBUTES = (CodeSignOnCopy, RemoveHeadersOnCopy, ); }; };
		ED0A0DFFA0007E43150629D8B3EAFABB /* EditPostViewController.swift in Sources */ = {isa = PBXBuildFile; fileRef = 092CF8202A38CB405808076EF985F621 /* EditPostViewController.swift */; };
		F1105B89EE027CFB27B789DE0C1FE7EF /* RxAlamofire.framework in Embed Frameworks */ = {isa = PBXBuildFile; fileRef = FCE59CE8A6B9F92476D6347D07E3BEBE /* RxAlamofire.framework */; settings = {ATTRIBUTES = (CodeSignOnCopy, RemoveHeadersOnCopy, ); }; };
		F3072D400F25AEB8D5282F643C078872 /* RxBlocking.framework in Embed Frameworks */ = {isa = PBXBuildFile; fileRef = 70677C39F24CCC6582BDCF9886D14A89 /* RxBlocking.framework */; settings = {ATTRIBUTES = (CodeSignOnCopy, RemoveHeadersOnCopy, ); }; };
		F7EEA56C086CE3D24ED93411DC40FF53 /* NetworkPlatform.framework in Frameworks */ = {isa = PBXBuildFile; fileRef = D6AD40A81FC61CFB1246C2202B21D580 /* NetworkPlatform.framework */; };
		FB6F376F03B18E3DEB91B35BDB98AC07 /* RxTest.framework in Embed Frameworks */ = {isa = PBXBuildFile; fileRef = C1EFB1E83DED659F865AA549CE80388C /* RxTest.framework */; settings = {ATTRIBUTES = (CodeSignOnCopy, RemoveHeadersOnCopy, ); }; };
		FE6657D6B8066D9288ECA24DC1F87071 /* UseCaseProvider.swift in Sources */ = {isa = PBXBuildFile; fileRef = 936794C9DAA543006AE6FC853FF0F547 /* UseCaseProvider.swift */; };
		FEA6223125EC0767DB40B8C1A701AF2C /* PostTableViewCell.swift in Sources */ = {isa = PBXBuildFile; fileRef = D9000C9435D9C569E24362E81E29AF47 /* PostTableViewCell.swift */; };
/* End PBXBuildFile section */

/* Begin PBXContainerItemProxy section */
		173B5F982FCCC7E264153F28C9BEB5C4 /* PBXContainerItemProxy */ = {
			isa = PBXContainerItemProxy;
			containerPortal = DEA1FA0AE316F9D1D921F66A8E7F5EA1 /* Project object */;
			proxyType = 1;
			remoteGlobalIDString = EBE2EF3741F39D587E3517798B1A8B86;
			remoteInfo = Domain;
		};
		66F7D7746B369B17D7A48252FAAB8541 /* PBXContainerItemProxy */ = {
			isa = PBXContainerItemProxy;
			containerPortal = DEA1FA0AE316F9D1D921F66A8E7F5EA1 /* Project object */;
			proxyType = 1;
			remoteGlobalIDString = EBE2EF3741F39D587E3517798B1A8B86;
			remoteInfo = Domain;
		};
		8793E6C6C491ADF48631A2EF0189672C /* PBXContainerItemProxy */ = {
			isa = PBXContainerItemProxy;
			containerPortal = DEA1FA0AE316F9D1D921F66A8E7F5EA1 /* Project object */;
			proxyType = 1;
			remoteGlobalIDString = C004308603E477F6EFD53AAF60D5AF1A;
			remoteInfo = CleanArchitectureRxSwift;
		};
		A39E5F27BEB613DF44AB3C83B3136DA4 /* PBXContainerItemProxy */ = {
			isa = PBXContainerItemProxy;
			containerPortal = DEA1FA0AE316F9D1D921F66A8E7F5EA1 /* Project object */;
			proxyType = 1;
			remoteGlobalIDString = 4F776AF8AE74FFE70E679A210EAC3674;
			remoteInfo = RealmPlatform;
		};
		A82F1D4D69428935F7ED68F21EFEA86E /* PBXContainerItemProxy */ = {
			isa = PBXContainerItemProxy;
			containerPortal = DEA1FA0AE316F9D1D921F66A8E7F5EA1 /* Project object */;
			proxyType = 1;
			remoteGlobalIDString = 35C90DE9A7E16CA213195A1D562B27E8;
			remoteInfo = NetworkPlatform;
		};
		C01A03D33CB29CFEADBFDC9A85C09459 /* PBXContainerItemProxy */ = {
			isa = PBXContainerItemProxy;
			containerPortal = DEA1FA0AE316F9D1D921F66A8E7F5EA1 /* Project object */;
			proxyType = 1;
			remoteGlobalIDString = 35C90DE9A7E16CA213195A1D562B27E8;
			remoteInfo = NetworkPlatform;
		};
		C976734FB37F248DF39E95731FA4AF93 /* PBXContainerItemProxy */ = {
			isa = PBXContainerItemProxy;
			containerPortal = DEA1FA0AE316F9D1D921F66A8E7F5EA1 /* Project object */;
			proxyType = 1;
			remoteGlobalIDString = EBE2EF3741F39D587E3517798B1A8B86;
			remoteInfo = Domain;
		};
		DF08B9E2D79572E8EA565ADA350BD81A /* PBXContainerItemProxy */ = {
			isa = PBXContainerItemProxy;
			containerPortal = DEA1FA0AE316F9D1D921F66A8E7F5EA1 /* Project object */;
			proxyType = 1;
			remoteGlobalIDString = 4F776AF8AE74FFE70E679A210EAC3674;
			remoteInfo = RealmPlatform;
		};
		FD3DE128B53D807346A9E4A2DE712AD4 /* PBXContainerItemProxy */ = {
			isa = PBXContainerItemProxy;
			containerPortal = DEA1FA0AE316F9D1D921F66A8E7F5EA1 /* Project object */;
			proxyType = 1;
			remoteGlobalIDString = EBE2EF3741F39D587E3517798B1A8B86;
			remoteInfo = Domain;
		};
/* End PBXContainerItemProxy section */

/* Begin PBXCopyFilesBuildPhase section */
		156C8E44E7420FABE928F8751F3AC661 /* Embed Frameworks */ = {
			isa = PBXCopyFilesBuildPhase;
			buildActionMask = 2147483647;
			dstPath = "";
			dstSubfolderSpec = 10;
			files = (
				7DDE89BC98249F6C20E3B815EE8A4B34 /* NetworkPlatform.framework in Embed Frameworks */,
				505CAEEBA0A0925C02D2111343AFB999 /* Alamofire.framework in Embed Frameworks */,
				F1105B89EE027CFB27B789DE0C1FE7EF /* RxAlamofire.framework in Embed Frameworks */,
				BC6ACE0388A26F2574684DEC049D0A6D /* RxAtomic.framework in Embed Frameworks */,
				2A392F91886F4E68ED1325229898E9FB /* RxBlocking.framework in Embed Frameworks */,
				E628EA83EEECEEB1794136D8BF0B4492 /* RxCocoa.framework in Embed Frameworks */,
				1EFAB4798465D62C44A96D4D40607BF9 /* RxSwift.framework in Embed Frameworks */,
				3695B32D033D6D14E89C6B093604BB9C /* RxTest.framework in Embed Frameworks */,
			);
			name = "Embed Frameworks";
			runOnlyForDeploymentPostprocessing = 0;
		};
		889ACF474040C17ABE2DE47483452CB2 /* Embed Frameworks */ = {
			isa = PBXCopyFilesBuildPhase;
			buildActionMask = 2147483647;
			dstPath = "";
			dstSubfolderSpec = 10;
			files = (
				C6AA01BB0D6EC95FB07E322E5BACF249 /* Domain.framework in Embed Frameworks */,
				1980CC1ECAC5F65CAFFF772466B6B084 /* NetworkPlatform.framework in Embed Frameworks */,
				1FF049FEF5356C87BC42085916AE4426 /* RealmPlatform.framework in Embed Frameworks */,
			);
			name = "Embed Frameworks";
			runOnlyForDeploymentPostprocessing = 0;
		};
		E94F13B0D05175A221EFBD45447CA7B2 /* Embed Frameworks */ = {
			isa = PBXCopyFilesBuildPhase;
			buildActionMask = 2147483647;
			dstPath = "";
			dstSubfolderSpec = 10;
			files = (
				81643C210627D1432AC7EC458D129881 /* Domain.framework in Embed Frameworks */,
				731F547A7FA6EC60B5AD812BE930EF51 /* RxBlocking.framework in Embed Frameworks */,
				59935089C085EB52806A69886916AF28 /* RxSwift.framework in Embed Frameworks */,
				FB6F376F03B18E3DEB91B35BDB98AC07 /* RxTest.framework in Embed Frameworks */,
			);
			name = "Embed Frameworks";
			runOnlyForDeploymentPostprocessing = 0;
		};
		ECC72D851CCB932C82E43C1B764EDACC /* Embed Frameworks */ = {
			isa = PBXCopyFilesBuildPhase;
			buildActionMask = 2147483647;
			dstPath = "";
			dstSubfolderSpec = 10;
			files = (
				2AE154D12C5342171AD5BDBB53DDCCC7 /* Alamofire.framework in Embed Frameworks */,
				0E8AFEEAAA464B28B32DCF9F00642CC8 /* Realm.framework in Embed Frameworks */,
				4111B4D0F5AE20B5CED6E1CA1454C576 /* RealmSwift.framework in Embed Frameworks */,
				C07180582972ED812A279FF0C8078C59 /* RxAlamofire.framework in Embed Frameworks */,
				60A7BFE003F4FE2081A663AA5A521B40 /* RxAtomic.framework in Embed Frameworks */,
				F3072D400F25AEB8D5282F643C078872 /* RxBlocking.framework in Embed Frameworks */,
				51824A52F7A40A71C00F5B582F0B7E00 /* RxCocoa.framework in Embed Frameworks */,
				5FA192C15ED00A5E4F9AB90214695C7F /* RxRealm.framework in Embed Frameworks */,
				C02C4BAB7FBD992196E8D4A3163C1279 /* RxSwift.framework in Embed Frameworks */,
				997400F61A953A69125BD76344C4CF8E /* RxTest.framework in Embed Frameworks */,
			);
			name = "Embed Frameworks";
			runOnlyForDeploymentPostprocessing = 0;
		};
		FBD048B11E3F2306DE18B9AD862A2ED2 /* Embed Frameworks */ = {
			isa = PBXCopyFilesBuildPhase;
			buildActionMask = 2147483647;
			dstPath = "";
			dstSubfolderSpec = 10;
			files = (
				5C8BE7FC415F9D57FC08C623A661B393 /* RealmPlatform.framework in Embed Frameworks */,
				98A796059DF86D543995C13E8E3915EB /* Realm.framework in Embed Frameworks */,
				9776DADD15DB9F5A7B3A9C7759515B3C /* RealmSwift.framework in Embed Frameworks */,
				90A167B4840C42F83B0D94FE5EEE84F2 /* RxBlocking.framework in Embed Frameworks */,
				7D884E44FB9D313BC6C86751182D300C /* RxRealm.framework in Embed Frameworks */,
				6E97D6AFCFF99E4575DFA13004A72911 /* RxSwift.framework in Embed Frameworks */,
				BDB065C4F0FC3FA6BCFA7A1267D87DDE /* RxTest.framework in Embed Frameworks */,
			);
			name = "Embed Frameworks";
			runOnlyForDeploymentPostprocessing = 0;
		};
/* End PBXCopyFilesBuildPhase section */

/* Begin PBXFileReference section */
		066039BF2F8F159D65075C5A08D692CD /* PostsViewController.swift */ = {isa = PBXFileReference; lastKnownFileType = sourcecode.swift; path = PostsViewController.swift; sourceTree = "<group>"; };
		0770472FB5315FD10B01241AB8D0B67A /* Info.plist */ = {isa = PBXFileReference; lastKnownFileType = text.plist.xml; path = Info.plist; sourceTree = "<group>"; };
		08A9120D5E45B1D46286157509D08E40 /* PostsUseCase.swift */ = {isa = PBXFileReference; lastKnownFileType = sourcecode.swift; path = PostsUseCase.swift; sourceTree = "<group>"; };
		092CF8202A38CB405808076EF985F621 /* EditPostViewController.swift */ = {isa = PBXFileReference; lastKnownFileType = sourcecode.swift; path = EditPostViewController.swift; sourceTree = "<group>"; };
		0B37BABED34A14E18FE671DC5D9940FD /* PostsNavigatorMock.swift */ = {isa = PBXFileReference; lastKnownFileType = sourcecode.swift; path = PostsNavigatorMock.swift; sourceTree = "<group>"; };
		0BFB13FEF61971DE9820F702F2F0F5EA /* ActivityIndicator.swift */ = {isa = PBXFileReference; lastKnownFileType = sourcecode.swift; path = ActivityIndicator.swift; sourceTree = "<group>"; };
		1087C2F944CC9BEF5E5672FB726C7343 /* Reusable.swift */ = {isa = PBXFileReference; lastKnownFileType = sourcecode.swift; path = Reusable.swift; sourceTree = "<group>"; };
		10C3875B5A8D8A74BA24D854C6BA6150 /* Info.plist */ = {isa = PBXFileReference; lastKnownFileType = text.plist.xml; path = Info.plist; sourceTree = "<group>"; };
		116FD2494BBC4F48C356DCA52E6BF44B /* Realm+Ext.swift */ = {isa = PBXFileReference; lastKnownFileType = sourcecode.swift; path = "Realm+Ext.swift"; sourceTree = "<group>"; };
		12B7B60BDB89148D98572A6A26D01A66 /* EditPostViewModel.swift */ = {isa = PBXFileReference; lastKnownFileType = sourcecode.swift; path = EditPostViewModel.swift; sourceTree = "<group>"; };
		133A45D693339FAEF8C46AFB03408CD6 /* NetworkPlatformTests.xctest */ = {isa = PBXFileReference; includeInIndex = 0; lastKnownFileType = wrapper.cfbundle; path = NetworkPlatformTests.xctest; sourceTree = BUILT_PRODUCTS_DIR; };
		18E8AF5E7804B1C5E22B280C7A1EB33C /* RunLoopThreadScheduler.swift */ = {isa = PBXFileReference; lastKnownFileType = sourcecode.swift; path = RunLoopThreadScheduler.swift; sourceTree = "<group>"; };
		1A71FBA5A9C08477A3C8B7A05C7E3E4B /* DomainTests.xctest */ = {isa = PBXFileReference; includeInIndex = 0; lastKnownFileType = wrapper.cfbundle; path = DomainTests.xctest; sourceTree = BUILT_PRODUCTS_DIR; };
		249C7693AA73B032DA17CE038CF4B3DE /* UseCaseProvider.swift */ = {isa = PBXFileReference; lastKnownFileType = sourcecode.swift; path = UseCaseProvider.swift; sourceTree = "<group>"; };
		26FADF46B86C08B52B370ED45FB7F803 /* NetworkProvider.swift */ = {isa = PBXFileReference; lastKnownFileType = sourcecode.swift; path = NetworkProvider.swift; sourceTree = "<group>"; };
		28C818F310D8C7ECA863D79B3FCD8F4C /* Info.plist */ = {isa = PBXFileReference; lastKnownFileType = text.plist.xml; path = Info.plist; sourceTree = "<group>"; };
		291E71BC0024BAA0FB0D07615B8A3937 /* PostItemViewModel.swift */ = {isa = PBXFileReference; lastKnownFileType = sourcecode.swift; path = PostItemViewModel.swift; sourceTree = "<group>"; };
		2D0F264C080C4AF36229B72ACACD4606 /* Cache.swift */ = {isa = PBXFileReference; lastKnownFileType = sourcecode.swift; path = Cache.swift; sourceTree = "<group>"; };
		319DE59ED517D412A9B554998AE5EB6C /* PostsNavigator.swift */ = {isa = PBXFileReference; lastKnownFileType = sourcecode.swift; path = PostsNavigator.swift; sourceTree = "<group>"; };
		336CA57825D0158FFD3E9EDC1F34EF3D /* Observable+Ext.swift */ = {isa = PBXFileReference; lastKnownFileType = sourcecode.swift; path = "Observable+Ext.swift"; sourceTree = "<group>"; };
		34585F1E61FAE01E1D5E82E0459F345B /* RxAtomic.framework */ = {isa = PBXFileReference; lastKnownFileType = wrapper.framework; path = RxAtomic.framework; sourceTree = "<group>"; };
		36707018AFC693668E3786D9115E03B0 /* ViewModelType.swift */ = {isa = PBXFileReference; lastKnownFileType = sourcecode.swift; path = ViewModelType.swift; sourceTree = "<group>"; };
		3EC16B0782E903EB0C7B2E61CB3D092A /* RealmSwift.framework */ = {isa = PBXFileReference; lastKnownFileType = wrapper.framework; path = RealmSwift.framework; sourceTree = "<group>"; };
		47A1CD5F39995475DB4755238D0940D0 /* RealmPlatform.framework */ = {isa = PBXFileReference; explicitFileType = wrapper.framework; includeInIndex = 0; path = RealmPlatform.framework; sourceTree = BUILT_PRODUCTS_DIR; };
		4A422D822DAE233F2AC201BE93BC1003 /* Alamofire.framework */ = {isa = PBXFileReference; lastKnownFileType = wrapper.framework; path = Alamofire.framework; sourceTree = "<group>"; };
		532004E1A7ECBA256571C34000C3F9DA /* RealmPlatform.h */ = {isa = PBXFileReference; lastKnownFileType = sourcecode.c.h; path = RealmPlatform.h; sourceTree = "<group>"; };
		54D3736FF79A2D41F019B65861084E19 /* RealmPlatformTests.swift */ = {isa = PBXFileReference; lastKnownFileType = sourcecode.swift; path = RealmPlatformTests.swift; sourceTree = "<group>"; };
		56EF5825C1CD3C1FEA195717F2BF0739 /* Info.plist */ = {isa = PBXFileReference; lastKnownFileType = text.plist.xml; path = Info.plist; sourceTree = "<group>"; };
		58D4757679310CEA58FE1F51C40D98E8 /* Info.plist */ = {isa = PBXFileReference; lastKnownFileType = text.plist.xml; path = Info.plist; sourceTree = "<group>"; };
		5EE8253E7398E057AD6B9969CC375C4A /* NetworkTests.swift */ = {isa = PBXFileReference; lastKnownFileType = sourcecode.swift; path = NetworkTests.swift; sourceTree = "<group>"; };
		60346D37B452AE5A3AC7109353A4488F /* RxCocoa.framework */ = {isa = PBXFileReference; lastKnownFileType = wrapper.framework; path = RxCocoa.framework; sourceTree = "<group>"; };
		612F007ABA4741B9A6C0C08947C7E667 /* Application.swift */ = {isa = PBXFileReference; lastKnownFileType = sourcecode.swift; path = Application.swift; sourceTree = "<group>"; };
		67843142D27A7B33E1A09B1DACAEE4D2 /* Post+Mapping.swift */ = {isa = PBXFileReference; lastKnownFileType = sourcecode.swift; path = "Post+Mapping.swift"; sourceTree = "<group>"; };
		6B3C69B0F6542DDE2CC700115A6E265D /* CleanArchitectureRxSwift.app */ = {isa = PBXFileReference; includeInIndex = 0; lastKnownFileType = wrapper.application; path = CleanArchitectureRxSwift.app; sourceTree = BUILT_PRODUCTS_DIR; };
		6D12A40BA990FC5DA01445D47A95F12D /* Realm.framework */ = {isa = PBXFileReference; lastKnownFileType = wrapper.framework; path = Realm.framework; sourceTree = "<group>"; };
		6D2E55D6E0EDACFD92431A564BBAD2B1 /* RxSwift.framework */ = {isa = PBXFileReference; lastKnownFileType = wrapper.framework; path = RxSwift.framework; sourceTree = "<group>"; };
		6D634111E8EB08986615A362250C38F3 /* PostsUseCase.swift */ = {isa = PBXFileReference; lastKnownFileType = sourcecode.swift; path = PostsUseCase.swift; sourceTree = "<group>"; };
		6F9AA0479035F380F43EB42BACAA1968 /* Network.swift */ = {isa = PBXFileReference; lastKnownFileType = sourcecode.swift; path = Network.swift; sourceTree = "<group>"; };
		700CBA294FB44EED4080EB462F5EADE4 /* Post.swift */ = {isa = PBXFileReference; lastKnownFileType = sourcecode.swift; path = Post.swift; sourceTree = "<group>"; };
		70677C39F24CCC6582BDCF9886D14A89 /* RxBlocking.framework */ = {isa = PBXFileReference; lastKnownFileType = wrapper.framework; path = RxBlocking.framework; sourceTree = "<group>"; };
		77DC0F83A0FCB22590D14E917BA44A76 /* PostsNetwork.swift */ = {isa = PBXFileReference; lastKnownFileType = sourcecode.swift; path = PostsNetwork.swift; sourceTree = "<group>"; };
		7DCA988D5B882FAB9AD1F2EA756C865D /* EditPostNavigator.swift */ = {isa = PBXFileReference; lastKnownFileType = sourcecode.swift; path = EditPostNavigator.swift; sourceTree = "<group>"; };
		81316151F2B34788B9134B3F9ACD45AB /* PostsUseCase.swift */ = {isa = PBXFileReference; lastKnownFileType = sourcecode.swift; path = PostsUseCase.swift; sourceTree = "<group>"; };
		86661D33559C0E8F6820A2AA9A9DC742 /* UseCaseProvider.swift */ = {isa = PBXFileReference; lastKnownFileType = sourcecode.swift; path = UseCaseProvider.swift; sourceTree = "<group>"; };
		8EBA1F2DCD6A60F254163F99AE81C1D5 /* RxRealm.framework */ = {isa = PBXFileReference; lastKnownFileType = wrapper.framework; path = RxRealm.framework; sourceTree = "<group>"; };
		936794C9DAA543006AE6FC853FF0F547 /* UseCaseProvider.swift */ = {isa = PBXFileReference; lastKnownFileType = sourcecode.swift; path = UseCaseProvider.swift; sourceTree = "<group>"; };
		953FFA1C0C0FF27A9349FB244F1E8AB5 /* PostsViewModel.swift */ = {isa = PBXFileReference; lastKnownFileType = sourcecode.swift; path = PostsViewModel.swift; sourceTree = "<group>"; };
		96402A814C23154B765AD6AEF1030E66 /* Info.plist */ = {isa = PBXFileReference; lastKnownFileType = text.plist.xml; path = Info.plist; sourceTree = "<group>"; };
		9947C2C706BB87902B8B429CBA819B30 /* Base */ = {isa = PBXFileReference; lastKnownFileType = file.storyboard; name = Base; path = Base.lproj/LaunchScreen.storyboard; sourceTree = "<group>"; };
		9BB3C4D8D660356F108203EA54292B1E /* Domain.h */ = {isa = PBXFileReference; lastKnownFileType = sourcecode.c.h; path = Domain.h; sourceTree = "<group>"; };
		A2766365AB1BF626BF20FA45DF6AD82A /* AppDelegate.swift */ = {isa = PBXFileReference; lastKnownFileType = sourcecode.swift; path = AppDelegate.swift; sourceTree = "<group>"; };
		A37E802B437FBF9307F29DBB50D67E1D /* CreatePostViewController.swift */ = {isa = PBXFileReference; lastKnownFileType = sourcecode.swift; path = CreatePostViewController.swift; sourceTree = "<group>"; };
		B3E582E6BE8547246D500B78BECA58C8 /* CreatePostViewModel.swift */ = {isa = PBXFileReference; lastKnownFileType = sourcecode.swift; path = CreatePostViewModel.swift; sourceTree = "<group>"; };
		BA6EA40240CB3C7FC717C6EFE089618D /* DomainTests.swift */ = {isa = PBXFileReference; lastKnownFileType = sourcecode.swift; path = DomainTests.swift; sourceTree = "<group>"; };
		C0F9C1F92CB34E701DEA01D63FFFEA64 /* CleanArchitectureRxSwiftTests.xctest */ = {isa = PBXFileReference; includeInIndex = 0; lastKnownFileType = wrapper.cfbundle; path = CleanArchitectureRxSwiftTests.xctest; sourceTree = BUILT_PRODUCTS_DIR; };
		C111EF065689E6C238B84F7E72728523 /* Info.plist */ = {isa = PBXFileReference; lastKnownFileType = text.plist.xml; path = Info.plist; sourceTree = "<group>"; };
		C1EFB1E83DED659F865AA549CE80388C /* RxTest.framework */ = {isa = PBXFileReference; lastKnownFileType = wrapper.framework; path = RxTest.framework; sourceTree = "<group>"; };
		C6C06B8EAD2CCA44D24581D87EB39F4D /* Domain.framework */ = {isa = PBXFileReference; explicitFileType = wrapper.framework; includeInIndex = 0; path = Domain.framework; sourceTree = BUILT_PRODUCTS_DIR; };
		CB9EBF03D817A425CF238022F5BB29F7 /* Info.plist */ = {isa = PBXFileReference; lastKnownFileType = text.plist.xml; path = Info.plist; sourceTree = "<group>"; };
		CCA48A85BC67F7A2ED1F97DEC79C8FF9 /* Assets.xcassets */ = {isa = PBXFileReference; lastKnownFileType = folder.assetcatalog; path = Assets.xcassets; sourceTree = "<group>"; };
		CE7A126EBBECEB8056B753F4CDF5B9C5 /* PostsUseCaseMock.swift */ = {isa = PBXFileReference; lastKnownFileType = sourcecode.swift; path = PostsUseCaseMock.swift; sourceTree = "<group>"; };
		CF9EB187F5E93DE8DFE199BE44325545 /* RealmRepresentable.swift */ = {isa = PBXFileReference; lastKnownFileType = sourcecode.swift; path = RealmRepresentable.swift; sourceTree = "<group>"; };
		D028F4A86F7A31786F9B7C5013A89A64 /* Base */ = {isa = PBXFileReference; lastKnownFileType = file.storyboard; name = Base; path = Base.lproj/Main.storyboard; sourceTree = "<group>"; };
		D09E564E752C2BBAA0EB8FAD867D0533 /* ErrorTracker.swift */ = {isa = PBXFileReference; lastKnownFileType = sourcecode.swift; path = ErrorTracker.swift; sourceTree = "<group>"; };
		D6AD40A81FC61CFB1246C2202B21D580 /* NetworkPlatform.framework */ = {isa = PBXFileReference; explicitFileType = wrapper.framework; includeInIndex = 0; path = NetworkPlatform.framework; sourceTree = BUILT_PRODUCTS_DIR; };
		D9000C9435D9C569E24362E81E29AF47 /* PostTableViewCell.swift */ = {isa = PBXFileReference; lastKnownFileType = sourcecode.swift; path = PostTableViewCell.swift; sourceTree = "<group>"; };
		DC05D65A7DE614B8FACF9CA34AEABD78 /* PostsViewModelTests.swift */ = {isa = PBXFileReference; lastKnownFileType = sourcecode.swift; path = PostsViewModelTests.swift; sourceTree = "<group>"; };
		E903BC1C09CFADEB0098E9DC6CAC0924 /* Encodable.swift */ = {isa = PBXFileReference; lastKnownFileType = sourcecode.swift; path = Encodable.swift; sourceTree = "<group>"; };
		EAB75113BAD0BD5671C07D533E56CC99 /* DomainConvertibleType.swift */ = {isa = PBXFileReference; lastKnownFileType = sourcecode.swift; path = DomainConvertibleType.swift; sourceTree = "<group>"; };
		EF5DE6EA17614E00E161A653E1489D28 /* RMPost.swift */ = {isa = PBXFileReference; lastKnownFileType = sourcecode.swift; path = RMPost.swift; sourceTree = "<group>"; };
		EFAB3CB206FB8DA30C9E685271D18056 /* Observable+Ext.swift */ = {isa = PBXFileReference; lastKnownFileType = sourcecode.swift; path = "Observable+Ext.swift"; sourceTree = "<group>"; };
		F33B116E734FAE80FBCA4B6A1E8F1067 /* Network.h */ = {isa = PBXFileReference; lastKnownFileType = sourcecode.c.h; path = Network.h; sourceTree = "<group>"; };
		F4528916A788CD264E10B132406A45BA /* RealmPlatformTests.xctest */ = {isa = PBXFileReference; includeInIndex = 0; lastKnownFileType = wrapper.cfbundle; path = RealmPlatformTests.xctest; sourceTree = BUILT_PRODUCTS_DIR; };
		F807CA7344D5E32B6C3F5AFC50612EE1 /* CreatePostNavigator.swift */ = {isa = PBXFileReference; lastKnownFileType = sourcecode.swift; path = CreatePostNavigator.swift; sourceTree = "<group>"; };
		FCE59CE8A6B9F92476D6347D07E3BEBE /* RxAlamofire.framework */ = {isa = PBXFileReference; lastKnownFileType = wrapper.framework; path = RxAlamofire.framework; sourceTree = "<group>"; };
		FED11B85D950203D185940DB8D3A1B42 /* Repository.swift */ = {isa = PBXFileReference; lastKnownFileType = sourcecode.swift; path = Repository.swift; sourceTree = "<group>"; };
/* End PBXFileReference section */

/* Begin PBXFrameworksBuildPhase section */
		1F04840D360BFD4F64CB3BD230B31536 /* Frameworks */ = {
			isa = PBXFrameworksBuildPhase;
			buildActionMask = 2147483647;
			files = (
				E44246564A53C28E12288B32CAB83F11 /* RxTest.framework in Frameworks */,
				7FC5378B2EFD32A2C41B2C45886C0ECE /* RxBlocking.framework in Frameworks */,
				3AC78FB387E40A4B2C8B6F8EAD8DBD84 /* RxCocoa.framework in Frameworks */,
				F7EEA56C086CE3D24ED93411DC40FF53 /* NetworkPlatform.framework in Frameworks */,
			);
			runOnlyForDeploymentPostprocessing = 0;
		};
		29D9047F8193181B87D358FA686F719B /* Frameworks */ = {
			isa = PBXFrameworksBuildPhase;
			buildActionMask = 2147483647;
			files = (
				AFC8D3818E467DE089D4553B40C0CBCA /* RxTest.framework in Frameworks */,
				80F6034EE48AEA957754F3D0EB356EF1 /* RxBlocking.framework in Frameworks */,
			);
			runOnlyForDeploymentPostprocessing = 0;
		};
		33E44BE80EEF765DC90F2B99A81A7495 /* Frameworks */ = {
			isa = PBXFrameworksBuildPhase;
			buildActionMask = 2147483647;
			files = (
				BAFB2BCE7421223C9DAD3FD18F61E92A /* Domain.framework in Frameworks */,
				513FF97169CA1E460E143A523488401A /* RxSwift.framework in Frameworks */,
				C09A0F4F53F64B867BB30A2FD8AAEDA4 /* RxAlamofire.framework in Frameworks */,
				A0A2E4EF11473A02D1EBCAC5AC6203D5 /* Alamofire.framework in Frameworks */,
				0C90561997B739BC4BFE214980E952F2 /* RxAtomic.framework in Frameworks */,
			);
			runOnlyForDeploymentPostprocessing = 0;
		};
		458665648836C23D7FBE1B7FCD599F53 /* Frameworks */ = {
			isa = PBXFrameworksBuildPhase;
			buildActionMask = 2147483647;
			files = (
				4B1A79550985183A9DF98A8F1E98376F /* RxSwift.framework in Frameworks */,
			);
			runOnlyForDeploymentPostprocessing = 0;
		};
		C40879F14D3907D65F53288BF016F55E /* Frameworks */ = {
			isa = PBXFrameworksBuildPhase;
			buildActionMask = 2147483647;
			files = (
				ADC0474DEA9C6753635EA28D3511F903 /* Domain.framework in Frameworks */,
				48DFAC9CF81F0C884B63E3EA1B10026C /* RxSwift.framework in Frameworks */,
				C4DACAB3EB8C048DE5CC7DADF3B08B5E /* Realm.framework in Frameworks */,
				171D2E06E665798FFD043D8A56620E1F /* RealmSwift.framework in Frameworks */,
				A1D6D4AB047842EF50B1189052605A02 /* RxRealm.framework in Frameworks */,
			);
			runOnlyForDeploymentPostprocessing = 0;
		};
		CBE2000910307A3696F9CB9C89A3FF75 /* Frameworks */ = {
			isa = PBXFrameworksBuildPhase;
			buildActionMask = 2147483647;
			files = (
				6AA4268596D0719EB5EBAB94324727DB /* RxTest.framework in Frameworks */,
				AB1F1FF19E2A3FF10199285A75BD38C4 /* RxBlocking.framework in Frameworks */,
				E506DCE7006F09CD6DDD8C77EDA30AB4 /* RealmPlatform.framework in Frameworks */,
			);
			runOnlyForDeploymentPostprocessing = 0;
		};
		CED6E7227C549B004747010717F6D27E /* Frameworks */ = {
			isa = PBXFrameworksBuildPhase;
			buildActionMask = 2147483647;
			files = (
				48AEE3CF8B21E60E5B6A091BEFBFB678 /* RxTest.framework in Frameworks */,
				158B82564A24590B6F73B4CA28A93D6C /* RxBlocking.framework in Frameworks */,
				457DA0714B4EF23395A456351C5C3EFB /* Domain.framework in Frameworks */,
			);
			runOnlyForDeploymentPostprocessing = 0;
		};
		D1B977B5246B2D3A1666A54768A6BA05 /* Frameworks */ = {
			isa = PBXFrameworksBuildPhase;
			buildActionMask = 2147483647;
			files = (
				175866715972B5A5E278BB2A315519EC /* Domain.framework in Frameworks */,
				466DFCBE997023AF7AEAAD0F74C048D9 /* NetworkPlatform.framework in Frameworks */,
				B830B520B6D8526807A225BBDDA29BF9 /* RealmPlatform.framework in Frameworks */,
				E0F41E8F4BA749E60C01B4C9BDF3FF9E /* RxSwift.framework in Frameworks */,
				D75593A04F3780AFA44A96F3AE19501C /* RxCocoa.framework in Frameworks */,
			);
			runOnlyForDeploymentPostprocessing = 0;
		};
/* End PBXFrameworksBuildPhase section */

/* Begin PBXGroup section */
		1171AA98D73C4CFE56B892B8BD958A57 /* Convertion */ = {
			isa = PBXGroup;
			children = (
				EAB75113BAD0BD5671C07D533E56CC99 /* DomainConvertibleType.swift */,
				CF9EB187F5E93DE8DFE199BE44325545 /* RealmRepresentable.swift */,
			);
			path = Convertion;
			sourceTree = "<group>";
		};
		1CE694F51F8A1375E20F4E5B8DA3C30D /* NetworkPlatformTests */ = {
			isa = PBXGroup;
			children = (
				56EF5825C1CD3C1FEA195717F2BF0739 /* Info.plist */,
				5EE8253E7398E057AD6B9969CC375C4A /* NetworkTests.swift */,
			);
			path = NetworkPlatformTests;
			sourceTree = "<group>";
		};
		1E43BBFC30C6B4A8A4F99FDA259BC1DD /* EditPost */ = {
			isa = PBXGroup;
			children = (
				7DCA988D5B882FAB9AD1F2EA756C865D /* EditPostNavigator.swift */,
				092CF8202A38CB405808076EF985F621 /* EditPostViewController.swift */,
				12B7B60BDB89148D98572A6A26D01A66 /* EditPostViewModel.swift */,
			);
			path = EditPost;
			sourceTree = "<group>";
		};
		289BCD19D9CEC2CEF973B830CF2DADCD /* RxUnits */ = {
			isa = PBXGroup;
			children = (
				18E8AF5E7804B1C5E22B280C7A1EB33C /* RunLoopThreadScheduler.swift */,
			);
			path = RxUnits;
			sourceTree = "<group>";
		};
		29CD03646E59A57BC1D5FDD66772BF11 /* Entries */ = {
			isa = PBXGroup;
			children = (
				67843142D27A7B33E1A09B1DACAEE4D2 /* Post+Mapping.swift */,
				BC0EDAFD3C5291C7D945E0F2DDA9BE00 /* Encodable */,
			);
			path = Entries;
			sourceTree = "<group>";
		};
		2BFCC811DCC6A4331EC54762F3025416 /* Carthage */ = {
			isa = PBXGroup;
			children = (
				61DD98D7F9E4D679C22B3A1B387EA23C /* iOS */,
			);
			name = Carthage;
			path = Carthage/Build;
			sourceTree = "<group>";
		};
		4F1F5262B5B059FE8E02638651D11CE9 /* Extensions */ = {
			isa = PBXGroup;
			children = (
				336CA57825D0158FFD3E9EDC1F34EF3D /* Observable+Ext.swift */,
				116FD2494BBC4F48C356DCA52E6BF44B /* Realm+Ext.swift */,
			);
			path = Extensions;
			sourceTree = "<group>";
		};
		61DD98D7F9E4D679C22B3A1B387EA23C /* iOS */ = {
			isa = PBXGroup;
			children = (
				4A422D822DAE233F2AC201BE93BC1003 /* Alamofire.framework */,
				6D12A40BA990FC5DA01445D47A95F12D /* Realm.framework */,
				3EC16B0782E903EB0C7B2E61CB3D092A /* RealmSwift.framework */,
				FCE59CE8A6B9F92476D6347D07E3BEBE /* RxAlamofire.framework */,
				34585F1E61FAE01E1D5E82E0459F345B /* RxAtomic.framework */,
				70677C39F24CCC6582BDCF9886D14A89 /* RxBlocking.framework */,
				60346D37B452AE5A3AC7109353A4488F /* RxCocoa.framework */,
				8EBA1F2DCD6A60F254163F99AE81C1D5 /* RxRealm.framework */,
				6D2E55D6E0EDACFD92431A564BBAD2B1 /* RxSwift.framework */,
				C1EFB1E83DED659F865AA549CE80388C /* RxTest.framework */,
			);
			path = iOS;
			sourceTree = "<group>";
		};
		6AEE0DC445A7D822A7598E48038C3CB1 /* Cache */ = {
			isa = PBXGroup;
			children = (
				2D0F264C080C4AF36229B72ACACD4606 /* Cache.swift */,
			);
			path = Cache;
			sourceTree = "<group>";
		};
		6EED3B751C56E314AF0D87C635DEC9D4 /* Repository */ = {
			isa = PBXGroup;
			children = (
				FED11B85D950203D185940DB8D3A1B42 /* Repository.swift */,
			);
			path = Repository;
			sourceTree = "<group>";
		};
		7456CA4A378EE968756DA8EF735BD436 /* AllPosts */ = {
			isa = PBXGroup;
			children = (
				CE7A126EBBECEB8056B753F4CDF5B9C5 /* PostsUseCaseMock.swift */,
				0B37BABED34A14E18FE671DC5D9940FD /* PostsNavigatorMock.swift */,
				DC05D65A7DE614B8FACF9CA34AEABD78 /* PostsViewModelTests.swift */,
			);
			path = AllPosts;
			sourceTree = "<group>";
		};
		79C7CA9F4C467224E974EA9344659764 /* Scenes */ = {
			isa = PBXGroup;
			children = (
				7456CA4A378EE968756DA8EF735BD436 /* AllPosts */,
			);
			path = Scenes;
			sourceTree = "<group>";
		};
		7A12092790F2B70AE1919A68C55FBC20 /* Utility */ = {
			isa = PBXGroup;
			children = (
				4F1F5262B5B059FE8E02638651D11CE9 /* Extensions */,
				289BCD19D9CEC2CEF973B830CF2DADCD /* RxUnits */,
			);
			path = Utility;
			sourceTree = "<group>";
		};
		80E1431789F0CA58B665DA7CA8B6B40D /* RealmPlatformTests */ = {
			isa = PBXGroup;
			children = (
				96402A814C23154B765AD6AEF1030E66 /* Info.plist */,
				54D3736FF79A2D41F019B65861084E19 /* RealmPlatformTests.swift */,
			);
			path = RealmPlatformTests;
			sourceTree = "<group>";
		};
		83E2AE33217A8CFE7D3D27C0CD1F4323 /* Scenes */ = {
			isa = PBXGroup;
			children = (
				EC44EBC76EAA8AAE92BF0A6785C8B572 /* AllPosts */,
				90D2F5045C6362069CCE2340FE5448E3 /* CreatePost */,
				1E43BBFC30C6B4A8A4F99FDA259BC1DD /* EditPost */,
			);
			path = Scenes;
			sourceTree = "<group>";
		};
		893388FD26F99F15C9B3D0E7DE2578D7 /* CleanArchitectureRxSwift */ = {
			isa = PBXGroup;
			children = (
				A2766365AB1BF626BF20FA45DF6AD82A /* AppDelegate.swift */,
				CCA48A85BC67F7A2ED1F97DEC79C8FF9 /* Assets.xcassets */,
				10C3875B5A8D8A74BA24D854C6BA6150 /* Info.plist */,
				9DFA094C015EE5DA67F6186A74DC814A /* LaunchScreen.storyboard */,
				325E0116C36B8BE1E9E48705B2407AA6 /* Main.storyboard */,
				AAB437D0DE6CDC4D0B25F1FD8B062842 /* Application */,
				9C04FD62E126B21424A69447902CCB4E /* Common */,
				83E2AE33217A8CFE7D3D27C0CD1F4323 /* Scenes */,
				F8E8BB3DEA18CB3D3B3062CC3DD8E33E /* Utility */,
			);
			path = CleanArchitectureRxSwift;
			sourceTree = "<group>";
		};
		90B894836E0D1E03A4FC56C880BC7C4C /* Domain */ = {
			isa = PBXGroup;
			children = (
				9BB3C4D8D660356F108203EA54292B1E /* Domain.h */,
				0770472FB5315FD10B01241AB8D0B67A /* Info.plist */,
				FEF2E9AE47311EF94C3E418958767974 /* Entries */,
				F8D9E2F98A67D4AC995E5599FABBC724 /* UseCases */,
			);
			path = Domain;
			sourceTree = "<group>";
		};
		90D2F5045C6362069CCE2340FE5448E3 /* CreatePost */ = {
			isa = PBXGroup;
			children = (
				F807CA7344D5E32B6C3F5AFC50612EE1 /* CreatePostNavigator.swift */,
				A37E802B437FBF9307F29DBB50D67E1D /* CreatePostViewController.swift */,
				B3E582E6BE8547246D500B78BECA58C8 /* CreatePostViewModel.swift */,
			);
			path = CreatePost;
			sourceTree = "<group>";
		};
		94357232E678A9F2A5A05AE69461E153 /* Network */ = {
			isa = PBXGroup;
			children = (
				6F9AA0479035F380F43EB42BACAA1968 /* Network.swift */,
				26FADF46B86C08B52B370ED45FB7F803 /* NetworkProvider.swift */,
			);
			path = Network;
			sourceTree = "<group>";
		};
		9872D8D3DCC1A0915A66FDE51E9EEB77 /* Frameworks */ = {
			isa = PBXGroup;
			children = (
				2BFCC811DCC6A4331EC54762F3025416 /* Carthage */,
			);
			name = Frameworks;
			sourceTree = "<group>";
		};
		9C04FD62E126B21424A69447902CCB4E /* Common */ = {
			isa = PBXGroup;
			children = (
				36707018AFC693668E3786D9115E03B0 /* ViewModelType.swift */,
			);
			path = Common;
			sourceTree = "<group>";
		};
		A96BE2416EF10D50B4FC0CA28DEDA93D /* UseCases */ = {
			isa = PBXGroup;
			children = (
				08A9120D5E45B1D46286157509D08E40 /* PostsUseCase.swift */,
				249C7693AA73B032DA17CE038CF4B3DE /* UseCaseProvider.swift */,
			);
			path = UseCases;
			sourceTree = "<group>";
		};
		AAB437D0DE6CDC4D0B25F1FD8B062842 /* Application */ = {
			isa = PBXGroup;
			children = (
				612F007ABA4741B9A6C0C08947C7E667 /* Application.swift */,
			);
			path = Application;
			sourceTree = "<group>";
		};
		AD1D4C8CD8268F01D78E92F5ADF049DD = {
			isa = PBXGroup;
			children = (
				893388FD26F99F15C9B3D0E7DE2578D7 /* CleanArchitectureRxSwift */,
				CA7E54E6C1F1712E50EA35F9CD2FD5C5 /* CleanArchitectureRxSwiftTests */,
				90B894836E0D1E03A4FC56C880BC7C4C /* Domain */,
				E395A45313471A26722E0258BD657EBF /* DomainTests */,
				E6C23BEB30FF013A4C9B2992F4873489 /* NetworkPlatform */,
				1CE694F51F8A1375E20F4E5B8DA3C30D /* NetworkPlatformTests */,
				B37B84FF40E80B2D4FB050800466347C /* RealmPlatform */,
				80E1431789F0CA58B665DA7CA8B6B40D /* RealmPlatformTests */,
				9872D8D3DCC1A0915A66FDE51E9EEB77 /* Frameworks */,
				DCFD47972011247535813229F49B431A /* Products */,
			);
			sourceTree = "<group>";
		};
		B37B84FF40E80B2D4FB050800466347C /* RealmPlatform */ = {
			isa = PBXGroup;
			children = (
				C111EF065689E6C238B84F7E72728523 /* Info.plist */,
				532004E1A7ECBA256571C34000C3F9DA /* RealmPlatform.h */,
				D5F7BCE054FF830385F626D51866E0B7 /* Entities */,
				6EED3B751C56E314AF0D87C635DEC9D4 /* Repository */,
				A96BE2416EF10D50B4FC0CA28DEDA93D /* UseCases */,
				7A12092790F2B70AE1919A68C55FBC20 /* Utility */,
			);
			path = RealmPlatform;
			sourceTree = "<group>";
		};
		BC0EDAFD3C5291C7D945E0F2DDA9BE00 /* Encodable */ = {
			isa = PBXGroup;
			children = (
				E903BC1C09CFADEB0098E9DC6CAC0924 /* Encodable.swift */,
			);
			path = Encodable;
			sourceTree = "<group>";
		};
		CA7E54E6C1F1712E50EA35F9CD2FD5C5 /* CleanArchitectureRxSwiftTests */ = {
			isa = PBXGroup;
			children = (
				28C818F310D8C7ECA863D79B3FCD8F4C /* Info.plist */,
				79C7CA9F4C467224E974EA9344659764 /* Scenes */,
			);
			path = CleanArchitectureRxSwiftTests;
			sourceTree = "<group>";
		};
		D5F7BCE054FF830385F626D51866E0B7 /* Entities */ = {
			isa = PBXGroup;
			children = (
				EF5DE6EA17614E00E161A653E1489D28 /* RMPost.swift */,
				1171AA98D73C4CFE56B892B8BD958A57 /* Convertion */,
			);
			path = Entities;
			sourceTree = "<group>";
		};
		DCFD47972011247535813229F49B431A /* Products */ = {
			isa = PBXGroup;
			children = (
				6B3C69B0F6542DDE2CC700115A6E265D /* CleanArchitectureRxSwift.app */,
				C0F9C1F92CB34E701DEA01D63FFFEA64 /* CleanArchitectureRxSwiftTests.xctest */,
				C6C06B8EAD2CCA44D24581D87EB39F4D /* Domain.framework */,
				1A71FBA5A9C08477A3C8B7A05C7E3E4B /* DomainTests.xctest */,
				D6AD40A81FC61CFB1246C2202B21D580 /* NetworkPlatform.framework */,
				133A45D693339FAEF8C46AFB03408CD6 /* NetworkPlatformTests.xctest */,
				47A1CD5F39995475DB4755238D0940D0 /* RealmPlatform.framework */,
				F4528916A788CD264E10B132406A45BA /* RealmPlatformTests.xctest */,
			);
			name = Products;
			sourceTree = "<group>";
		};
		E1B4B719639AA5F8E7ED2C8650682F71 /* API */ = {
			isa = PBXGroup;
			children = (
				77DC0F83A0FCB22590D14E917BA44A76 /* PostsNetwork.swift */,
			);
			path = API;
			sourceTree = "<group>";
		};
		E395A45313471A26722E0258BD657EBF /* DomainTests */ = {
			isa = PBXGroup;
			children = (
				BA6EA40240CB3C7FC717C6EFE089618D /* DomainTests.swift */,
				58D4757679310CEA58FE1F51C40D98E8 /* Info.plist */,
			);
			path = DomainTests;
			sourceTree = "<group>";
		};
		E6C23BEB30FF013A4C9B2992F4873489 /* NetworkPlatform */ = {
			isa = PBXGroup;
			children = (
				CB9EBF03D817A425CF238022F5BB29F7 /* Info.plist */,
				F33B116E734FAE80FBCA4B6A1E8F1067 /* Network.h */,
				E1B4B719639AA5F8E7ED2C8650682F71 /* API */,
				6AEE0DC445A7D822A7598E48038C3CB1 /* Cache */,
				29CD03646E59A57BC1D5FDD66772BF11 /* Entries */,
				94357232E678A9F2A5A05AE69461E153 /* Network */,
				F02A56A4BE05F8FD71EB90DDD2C155F7 /* UseCases */,
			);
			path = NetworkPlatform;
			sourceTree = "<group>";
		};
		EC44EBC76EAA8AAE92BF0A6785C8B572 /* AllPosts */ = {
			isa = PBXGroup;
			children = (
				291E71BC0024BAA0FB0D07615B8A3937 /* PostItemViewModel.swift */,
				319DE59ED517D412A9B554998AE5EB6C /* PostsNavigator.swift */,
				066039BF2F8F159D65075C5A08D692CD /* PostsViewController.swift */,
				953FFA1C0C0FF27A9349FB244F1E8AB5 /* PostsViewModel.swift */,
				D9000C9435D9C569E24362E81E29AF47 /* PostTableViewCell.swift */,
			);
			path = AllPosts;
			sourceTree = "<group>";
		};
		F02A56A4BE05F8FD71EB90DDD2C155F7 /* UseCases */ = {
			isa = PBXGroup;
			children = (
				81316151F2B34788B9134B3F9ACD45AB /* PostsUseCase.swift */,
				936794C9DAA543006AE6FC853FF0F547 /* UseCaseProvider.swift */,
			);
			path = UseCases;
			sourceTree = "<group>";
		};
		F8D9E2F98A67D4AC995E5599FABBC724 /* UseCases */ = {
			isa = PBXGroup;
			children = (
				6D634111E8EB08986615A362250C38F3 /* PostsUseCase.swift */,
				86661D33559C0E8F6820A2AA9A9DC742 /* UseCaseProvider.swift */,
			);
			path = UseCases;
			sourceTree = "<group>";
		};
		F8E8BB3DEA18CB3D3B3062CC3DD8E33E /* Utility */ = {
			isa = PBXGroup;
			children = (
				0BFB13FEF61971DE9820F702F2F0F5EA /* ActivityIndicator.swift */,
				D09E564E752C2BBAA0EB8FAD867D0533 /* ErrorTracker.swift */,
				EFAB3CB206FB8DA30C9E685271D18056 /* Observable+Ext.swift */,
				1087C2F944CC9BEF5E5672FB726C7343 /* Reusable.swift */,
			);
			path = Utility;
			sourceTree = "<group>";
		};
		FEF2E9AE47311EF94C3E418958767974 /* Entries */ = {
			isa = PBXGroup;
			children = (
				700CBA294FB44EED4080EB462F5EADE4 /* Post.swift */,
			);
			path = Entries;
			sourceTree = "<group>";
		};
/* End PBXGroup section */

/* Begin PBXHeadersBuildPhase section */
		5B9F0CAC9898CDBBAC0672CCA2FD02CF /* Headers */ = {
			isa = PBXHeadersBuildPhase;
			buildActionMask = 2147483647;
			files = (
				4EAAFA037FE76716824A72FF732E5D51 /* RealmPlatform.h in Headers */,
			);
			runOnlyForDeploymentPostprocessing = 0;
		};
		63624C070BC27244540C6E2C31BE7E99 /* Headers */ = {
			isa = PBXHeadersBuildPhase;
			buildActionMask = 2147483647;
			files = (
				D3584A1EE8F5CB96EBE4B0A4C9577502 /* Network.h in Headers */,
			);
			runOnlyForDeploymentPostprocessing = 0;
		};
		CD259A8198457267E2A7045AFF1C4CDC /* Headers */ = {
			isa = PBXHeadersBuildPhase;
			buildActionMask = 2147483647;
			files = (
				0C0F80405EEC9AD6E679412EA2A03B30 /* Domain.h in Headers */,
			);
			runOnlyForDeploymentPostprocessing = 0;
		};
/* End PBXHeadersBuildPhase section */

/* Begin PBXNativeTarget section */
		35C90DE9A7E16CA213195A1D562B27E8 /* NetworkPlatform */ = {
			isa = PBXNativeTarget;
			buildConfigurationList = 02A35BB3CB50C6BA4AEF0CA97BBFE61C /* Build configuration list for PBXNativeTarget "NetworkPlatform" */;
			buildPhases = (
				63624C070BC27244540C6E2C31BE7E99 /* Headers */,
				15E234E6567B39370FF1960BF0EE83B0 /* Sources */,
				33E44BE80EEF765DC90F2B99A81A7495 /* Frameworks */,
			);
			buildRules = (
			);
			dependencies = (
				8D1868F8224383C1FF53B5E47E32A7D5 /* PBXTargetDependency */,
			);
			name = NetworkPlatform;
			productName = NetworkPlatform;
			productReference = D6AD40A81FC61CFB1246C2202B21D580 /* NetworkPlatform.framework */;
			productType = "com.apple.product-type.framework";
		};
		423C16C8253B4864346F38460C5BDA76 /* NetworkPlatformTests */ = {
			isa = PBXNativeTarget;
			buildConfigurationList = 8685BBB07E1FD1EBC890227D64B89256 /* Build configuration list for PBXNativeTarget "NetworkPlatformTests" */;
			buildPhases = (
				37189F28977EF467E0DFA4E180D82259 /* Sources */,
				1F04840D360BFD4F64CB3BD230B31536 /* Frameworks */,
				156C8E44E7420FABE928F8751F3AC661 /* Embed Frameworks */,
			);
			buildRules = (
			);
			dependencies = (
				6BA846B61735C49E4A1C7693CFA0EA50 /* PBXTargetDependency */,
			);
			name = NetworkPlatformTests;
			productName = NetworkPlatformTests;
			productReference = 133A45D693339FAEF8C46AFB03408CD6 /* NetworkPlatformTests.xctest */;
			productType = "com.apple.product-type.bundle.unit-test";
		};
		4F776AF8AE74FFE70E679A210EAC3674 /* RealmPlatform */ = {
			isa = PBXNativeTarget;
			buildConfigurationList = 07E8CFD12DF51A0E1FE4547C7A432B01 /* Build configuration list for PBXNativeTarget "RealmPlatform" */;
			buildPhases = (
				5B9F0CAC9898CDBBAC0672CCA2FD02CF /* Headers */,
				680BD463A8E8DC46E227CE439F810C2F /* Sources */,
				C40879F14D3907D65F53288BF016F55E /* Frameworks */,
			);
			buildRules = (
			);
			dependencies = (
				D9A50DB56DC687E838CFFE5957E56E91 /* PBXTargetDependency */,
			);
			name = RealmPlatform;
			productName = RealmPlatform;
			productReference = 47A1CD5F39995475DB4755238D0940D0 /* RealmPlatform.framework */;
			productType = "com.apple.product-type.framework";
		};
		654D12A83FD9F05C7DEA9B50DBCE7758 /* DomainTests */ = {
			isa = PBXNativeTarget;
			buildConfigurationList = F1CBB3BD651BD3D83BC83FDA96EEE403 /* Build configuration list for PBXNativeTarget "DomainTests" */;
			buildPhases = (
				995FFC12CF8F25EFAD5B5830B965B669 /* Sources */,
				CED6E7227C549B004747010717F6D27E /* Frameworks */,
				E94F13B0D05175A221EFBD45447CA7B2 /* Embed Frameworks */,
			);
			buildRules = (
			);
			dependencies = (
				CB91586ED34A464F5B6F8C0DBC1BD3ED /* PBXTargetDependency */,
			);
			name = DomainTests;
			productName = DomainTests;
			productReference = 1A71FBA5A9C08477A3C8B7A05C7E3E4B /* DomainTests.xctest */;
			productType = "com.apple.product-type.bundle.unit-test";
		};
		7A705F7B9060BF173B576103B1B7F8E1 /* CleanArchitectureRxSwiftTests */ = {
			isa = PBXNativeTarget;
			buildConfigurationList = 91BF9CC3D6D3A936C879170886B4CC1A /* Build configuration list for PBXNativeTarget "CleanArchitectureRxSwiftTests" */;
			buildPhases = (
				20DBE288C6ED1945F650C96FB4900EDD /* Sources */,
				29D9047F8193181B87D358FA686F719B /* Frameworks */,
				ECC72D851CCB932C82E43C1B764EDACC /* Embed Frameworks */,
			);
			buildRules = (
			);
			dependencies = (
				7F544791148C6015ED0BB3D16DF72CE6 /* PBXTargetDependency */,
			);
			name = CleanArchitectureRxSwiftTests;
			productName = CleanArchitectureRxSwiftTests;
			productReference = C0F9C1F92CB34E701DEA01D63FFFEA64 /* CleanArchitectureRxSwiftTests.xctest */;
			productType = "com.apple.product-type.bundle.unit-test";
		};
		C004308603E477F6EFD53AAF60D5AF1A /* CleanArchitectureRxSwift */ = {
			isa = PBXNativeTarget;
			buildConfigurationList = 3681FF1D4B05F7171B046E43938BC7A4 /* Build configuration list for PBXNativeTarget "CleanArchitectureRxSwift" */;
			buildPhases = (
				0913F1C5594B10A99095C0FB84E43683 /* Sources */,
				51C6C7E112851BE490890A7BEA6499EE /* Resources */,
				B872C82397567EF03ABBC4EC0DA2F907 /* Carthage */,
				D1B977B5246B2D3A1666A54768A6BA05 /* Frameworks */,
				889ACF474040C17ABE2DE47483452CB2 /* Embed Frameworks */,
			);
			buildRules = (
			);
			dependencies = (
				63DF6CEA5FE223598D455E09BCA2BF9C /* PBXTargetDependency */,
				4B7B572CACAFB75EF8C43F41FF0A3FEB /* PBXTargetDependency */,
				C40B0B723B9711B0841880360F8768F5 /* PBXTargetDependency */,
			);
			name = CleanArchitectureRxSwift;
			productName = CleanArchitectureRxSwift;
			productReference = 6B3C69B0F6542DDE2CC700115A6E265D /* CleanArchitectureRxSwift.app */;
			productType = "com.apple.product-type.application";
		};
		C1DD081C33FF40C05A4C8FE5FBEEBBEE /* RealmPlatformTests */ = {
			isa = PBXNativeTarget;
			buildConfigurationList = 1213C4B6D5F8412E576CC3BCC9DBAD5B /* Build configuration list for PBXNativeTarget "RealmPlatformTests" */;
			buildPhases = (
				E5FBD02827C9294BBD24C4569E05CD92 /* Sources */,
				CBE2000910307A3696F9CB9C89A3FF75 /* Frameworks */,
				FBD048B11E3F2306DE18B9AD862A2ED2 /* Embed Frameworks */,
			);
			buildRules = (
			);
			dependencies = (
				2FB955AEBBFED22243B9C4AF56AA6199 /* PBXTargetDependency */,
			);
			name = RealmPlatformTests;
			productName = RealmPlatformTests;
			productReference = F4528916A788CD264E10B132406A45BA /* RealmPlatformTests.xctest */;
			productType = "com.apple.product-type.bundle.unit-test";
		};
		EBE2EF3741F39D587E3517798B1A8B86 /* Domain */ = {
			isa = PBXNativeTarget;
			buildConfigurationList = FA5B94E21B7BE5D3613D668CF2DCC3F3 /* Build configuration list for PBXNativeTarget "Domain" */;
			buildPhases = (
				CD259A8198457267E2A7045AFF1C4CDC /* Headers */,
				61CAF2A98B5E2C548C9B4EAA20210C42 /* Sources */,
				458665648836C23D7FBE1B7FCD599F53 /* Frameworks */,
			);
			buildRules = (
			);
			dependencies = (
			);
			name = Domain;
			productName = Domain;
			productReference = C6C06B8EAD2CCA44D24581D87EB39F4D /* Domain.framework */;
			productType = "com.apple.product-type.framework";
		};
/* End PBXNativeTarget section */

/* Begin PBXProject section */
		DEA1FA0AE316F9D1D921F66A8E7F5EA1 /* Project object */ = {
			isa = PBXProject;
			attributes = {
				LastUpgradeCheck = 1000;
				TargetAttributes = {
					7A705F7B9060BF173B576103B1B7F8E1 = {
						TestTargetID = C004308603E477F6EFD53AAF60D5AF1A;
					};
				};
			};
			buildConfigurationList = 394BEA38AF487E8799E518FA0EA9A674 /* Build configuration list for PBXProject "CleanArchitectureRxSwift" */;
			compatibilityVersion = "Xcode 9.3";
			developmentRegion = en;
			hasScannedForEncodings = 0;
			knownRegions = (
				en,
				Base,
			);
			mainGroup = AD1D4C8CD8268F01D78E92F5ADF049DD;
			projectDirPath = "";
			projectRoot = "";
			targets = (
				C004308603E477F6EFD53AAF60D5AF1A /* CleanArchitectureRxSwift */,
				7A705F7B9060BF173B576103B1B7F8E1 /* CleanArchitectureRxSwiftTests */,
				EBE2EF3741F39D587E3517798B1A8B86 /* Domain */,
				654D12A83FD9F05C7DEA9B50DBCE7758 /* DomainTests */,
				35C90DE9A7E16CA213195A1D562B27E8 /* NetworkPlatform */,
				423C16C8253B4864346F38460C5BDA76 /* NetworkPlatformTests */,
				4F776AF8AE74FFE70E679A210EAC3674 /* RealmPlatform */,
				C1DD081C33FF40C05A4C8FE5FBEEBBEE /* RealmPlatformTests */,
			);
		};
/* End PBXProject section */

/* Begin PBXResourcesBuildPhase section */
		51C6C7E112851BE490890A7BEA6499EE /* Resources */ = {
			isa = PBXResourcesBuildPhase;
			buildActionMask = 2147483647;
			files = (
				67B6F90950849B7489A3DE0473B6B21D /* Assets.xcassets in Resources */,
				D4566AF1A8F5AFF508A0388294E355D3 /* LaunchScreen.storyboard in Resources */,
				A37D6B374D564EDBDC24A44519703CA7 /* Main.storyboard in Resources */,
			);
			runOnlyForDeploymentPostprocessing = 0;
		};
/* End PBXResourcesBuildPhase section */

/* Begin PBXShellScriptBuildPhase section */
		B872C82397567EF03ABBC4EC0DA2F907 /* Carthage */ = {
			isa = PBXShellScriptBuildPhase;
			buildActionMask = 2147483647;
			files = (
			);
			inputPaths = (
				"$(SRCROOT)/Carthage/Build/iOS/Alamofire.framework",
				"$(SRCROOT)/Carthage/Build/iOS/Realm.framework",
				"$(SRCROOT)/Carthage/Build/iOS/RealmSwift.framework",
				"$(SRCROOT)/Carthage/Build/iOS/RxAlamofire.framework",
				"$(SRCROOT)/Carthage/Build/iOS/RxAtomic.framework",
				"$(SRCROOT)/Carthage/Build/iOS/RxCocoa.framework",
				"$(SRCROOT)/Carthage/Build/iOS/RxRealm.framework",
				"$(SRCROOT)/Carthage/Build/iOS/RxSwift.framework",
			);
			name = Carthage;
			outputPaths = (
				"$(BUILT_PRODUCTS_DIR)/$(FRAMEWORKS_FOLDER_PATH)/Alamofire.framework",
				"$(BUILT_PRODUCTS_DIR)/$(FRAMEWORKS_FOLDER_PATH)/Realm.framework",
				"$(BUILT_PRODUCTS_DIR)/$(FRAMEWORKS_FOLDER_PATH)/RealmSwift.framework",
				"$(BUILT_PRODUCTS_DIR)/$(FRAMEWORKS_FOLDER_PATH)/RxAlamofire.framework",
				"$(BUILT_PRODUCTS_DIR)/$(FRAMEWORKS_FOLDER_PATH)/RxAtomic.framework",
				"$(BUILT_PRODUCTS_DIR)/$(FRAMEWORKS_FOLDER_PATH)/RxCocoa.framework",
				"$(BUILT_PRODUCTS_DIR)/$(FRAMEWORKS_FOLDER_PATH)/RxRealm.framework",
				"$(BUILT_PRODUCTS_DIR)/$(FRAMEWORKS_FOLDER_PATH)/RxSwift.framework",
			);
			runOnlyForDeploymentPostprocessing = 0;
			shellPath = /bin/sh;
			shellScript = "carthage copy-frameworks\n";
		};
/* End PBXShellScriptBuildPhase section */

/* Begin PBXSourcesBuildPhase section */
		0913F1C5594B10A99095C0FB84E43683 /* Sources */ = {
			isa = PBXSourcesBuildPhase;
			buildActionMask = 2147483647;
			files = (
				C426A498FB7795CBEBCFD726492707A7 /* ActivityIndicator.swift in Sources */,
				D53742D7395BC03F7B35400CBAFC4364 /* AppDelegate.swift in Sources */,
				6AB9E608C1BA32583F585C18AB921228 /* Application.swift in Sources */,
				15AE1AF607759E10B00A6F1DE79BE874 /* CreatePostNavigator.swift in Sources */,
				D5FD1E9A5E871CFAB2F86844B2F323DA /* CreatePostViewController.swift in Sources */,
				BED4DC2DDF698B127ACBDF4629B5C8D2 /* CreatePostViewModel.swift in Sources */,
				701A0A4C13364204320BE93A6E25FA8A /* EditPostNavigator.swift in Sources */,
				ED0A0DFFA0007E43150629D8B3EAFABB /* EditPostViewController.swift in Sources */,
				CAC3C09414DEB6443956D61BAB17A4EB /* EditPostViewModel.swift in Sources */,
				2DB30D59DF61559E931FB818676F833B /* ErrorTracker.swift in Sources */,
				7EE51A568AA550080589FF773CEB3083 /* Observable+Ext.swift in Sources */,
				0FB01DBDE7F0240D8643C86FD4496B4A /* PostItemViewModel.swift in Sources */,
				FEA6223125EC0767DB40B8C1A701AF2C /* PostTableViewCell.swift in Sources */,
				3BAFDC1B6C02E1EF2373AD65760C007E /* PostsNavigator.swift in Sources */,
				BEC2A1565EB6ADC1C93E3557333B9CB7 /* PostsViewController.swift in Sources */,
				82DD2710FF63B8DD3FA1B581F7066E0F /* PostsViewModel.swift in Sources */,
				66915FE4C1CCDC10241BE4FA6D936F12 /* Reusable.swift in Sources */,
				03CAA48BCAF728E5B798DA2A0614BA0D /* ViewModelType.swift in Sources */,
			);
			runOnlyForDeploymentPostprocessing = 0;
		};
		15E234E6567B39370FF1960BF0EE83B0 /* Sources */ = {
			isa = PBXSourcesBuildPhase;
			buildActionMask = 2147483647;
			files = (
				5E0BC10938ABEB88C8619A9B048FF2CE /* Cache.swift in Sources */,
				21753B45DE7E9B47786F273CA96DA4EB /* Encodable.swift in Sources */,
				8744D4D1D02C7BC6F4AB40945B753C62 /* Network.swift in Sources */,
				1D19ABE005A25F20F6FAE776383BC394 /* NetworkProvider.swift in Sources */,
				457156FC2E09810F722872E0D1D1EF2C /* Post+Mapping.swift in Sources */,
				64EBC94780D02E347DB5278B1E4B3441 /* PostsNetwork.swift in Sources */,
				7B8138879CFB5207D526AECB420EEE54 /* PostsUseCase.swift in Sources */,
				FE6657D6B8066D9288ECA24DC1F87071 /* UseCaseProvider.swift in Sources */,
			);
			runOnlyForDeploymentPostprocessing = 0;
		};
		20DBE288C6ED1945F650C96FB4900EDD /* Sources */ = {
			isa = PBXSourcesBuildPhase;
			buildActionMask = 2147483647;
			files = (
				52813913D3319A33B83021023B686917 /* PostsUseCaseMock.swift in Sources */,
				7D500EACA401AD25D47035A334F2ED14 /* PostsNavigatorMock.swift in Sources */,
				359216527019865CD2C03BE0A253DCCC /* PostsViewModelTests.swift in Sources */,
			);
			runOnlyForDeploymentPostprocessing = 0;
		};
		37189F28977EF467E0DFA4E180D82259 /* Sources */ = {
			isa = PBXSourcesBuildPhase;
			buildActionMask = 2147483647;
			files = (
				87855E86A770375F687F9AE0AE6BAA66 /* NetworkTests.swift in Sources */,
			);
			runOnlyForDeploymentPostprocessing = 0;
		};
		61CAF2A98B5E2C548C9B4EAA20210C42 /* Sources */ = {
			isa = PBXSourcesBuildPhase;
			buildActionMask = 2147483647;
			files = (
				65E905FF7890286889ECAE24DBECB48D /* Post.swift in Sources */,
				38F5CB4AB28ACA7E36393DCFF4872A4E /* PostsUseCase.swift in Sources */,
				7104C9216AA7F5AAD73C0A2670C6C711 /* UseCaseProvider.swift in Sources */,
			);
			runOnlyForDeploymentPostprocessing = 0;
		};
		680BD463A8E8DC46E227CE439F810C2F /* Sources */ = {
			isa = PBXSourcesBuildPhase;
			buildActionMask = 2147483647;
			files = (
				DFFCE495B69D5321FCCD0E4ECFF05236 /* DomainConvertibleType.swift in Sources */,
				3FB0F3F79E16E9A862EC52B338B9E1E1 /* Observable+Ext.swift in Sources */,
				28E9754F5C55141E061F20570BBE4576 /* PostsUseCase.swift in Sources */,
				6891552B1F087F502F4AE2C555141531 /* RMPost.swift in Sources */,
				CF98FB9C50B597221B7401D8FBB57A4F /* Realm+Ext.swift in Sources */,
				AED7B9691FCE9AB63CAF9E813C319A59 /* RealmRepresentable.swift in Sources */,
				95B39434C87D267C4246D637D9BE26A1 /* Repository.swift in Sources */,
				C2FCA9A7AACC57C1A2F5CECB7CFAA29B /* RunLoopThreadScheduler.swift in Sources */,
				20D1D58E25A806F36AC335AD121FC8E1 /* UseCaseProvider.swift in Sources */,
			);
			runOnlyForDeploymentPostprocessing = 0;
		};
		995FFC12CF8F25EFAD5B5830B965B669 /* Sources */ = {
			isa = PBXSourcesBuildPhase;
			buildActionMask = 2147483647;
			files = (
				CFE96099CF20A2937049628CEF69FD50 /* DomainTests.swift in Sources */,
			);
			runOnlyForDeploymentPostprocessing = 0;
		};
		E5FBD02827C9294BBD24C4569E05CD92 /* Sources */ = {
			isa = PBXSourcesBuildPhase;
			buildActionMask = 2147483647;
			files = (
				CF88B48C3301D553EBB6B715F0DC5A1F /* RealmPlatformTests.swift in Sources */,
			);
			runOnlyForDeploymentPostprocessing = 0;
		};
/* End PBXSourcesBuildPhase section */

/* Begin PBXTargetDependency section */
		2FB955AEBBFED22243B9C4AF56AA6199 /* PBXTargetDependency */ = {
			isa = PBXTargetDependency;
			target = 4F776AF8AE74FFE70E679A210EAC3674 /* RealmPlatform */;
			targetProxy = A39E5F27BEB613DF44AB3C83B3136DA4 /* PBXContainerItemProxy */;
		};
		4B7B572CACAFB75EF8C43F41FF0A3FEB /* PBXTargetDependency */ = {
			isa = PBXTargetDependency;
			target = 35C90DE9A7E16CA213195A1D562B27E8 /* NetworkPlatform */;
			targetProxy = A82F1D4D69428935F7ED68F21EFEA86E /* PBXContainerItemProxy */;
		};
		63DF6CEA5FE223598D455E09BCA2BF9C /* PBXTargetDependency */ = {
			isa = PBXTargetDependency;
			target = EBE2EF3741F39D587E3517798B1A8B86 /* Domain */;
			targetProxy = 66F7D7746B369B17D7A48252FAAB8541 /* PBXContainerItemProxy */;
		};
		6BA846B61735C49E4A1C7693CFA0EA50 /* PBXTargetDependency */ = {
			isa = PBXTargetDependency;
			target = 35C90DE9A7E16CA213195A1D562B27E8 /* NetworkPlatform */;
			targetProxy = C01A03D33CB29CFEADBFDC9A85C09459 /* PBXContainerItemProxy */;
		};
		7F544791148C6015ED0BB3D16DF72CE6 /* PBXTargetDependency */ = {
			isa = PBXTargetDependency;
			target = C004308603E477F6EFD53AAF60D5AF1A /* CleanArchitectureRxSwift */;
			targetProxy = 8793E6C6C491ADF48631A2EF0189672C /* PBXContainerItemProxy */;
		};
		8D1868F8224383C1FF53B5E47E32A7D5 /* PBXTargetDependency */ = {
			isa = PBXTargetDependency;
			target = EBE2EF3741F39D587E3517798B1A8B86 /* Domain */;
			targetProxy = 173B5F982FCCC7E264153F28C9BEB5C4 /* PBXContainerItemProxy */;
		};
		C40B0B723B9711B0841880360F8768F5 /* PBXTargetDependency */ = {
			isa = PBXTargetDependency;
			target = 4F776AF8AE74FFE70E679A210EAC3674 /* RealmPlatform */;
			targetProxy = DF08B9E2D79572E8EA565ADA350BD81A /* PBXContainerItemProxy */;
		};
		CB91586ED34A464F5B6F8C0DBC1BD3ED /* PBXTargetDependency */ = {
			isa = PBXTargetDependency;
			target = EBE2EF3741F39D587E3517798B1A8B86 /* Domain */;
			targetProxy = C976734FB37F248DF39E95731FA4AF93 /* PBXContainerItemProxy */;
		};
		D9A50DB56DC687E838CFFE5957E56E91 /* PBXTargetDependency */ = {
			isa = PBXTargetDependency;
			target = EBE2EF3741F39D587E3517798B1A8B86 /* Domain */;
			targetProxy = FD3DE128B53D807346A9E4A2DE712AD4 /* PBXContainerItemProxy */;
		};
/* End PBXTargetDependency section */

/* Begin PBXVariantGroup section */
		325E0116C36B8BE1E9E48705B2407AA6 /* Main.storyboard */ = {
			isa = PBXVariantGroup;
			children = (
				D028F4A86F7A31786F9B7C5013A89A64 /* Base */,
			);
			name = Main.storyboard;
			sourceTree = "<group>";
		};
		9DFA094C015EE5DA67F6186A74DC814A /* LaunchScreen.storyboard */ = {
			isa = PBXVariantGroup;
			children = (
				9947C2C706BB87902B8B429CBA819B30 /* Base */,
			);
			name = LaunchScreen.storyboard;
			sourceTree = "<group>";
		};
/* End PBXVariantGroup section */

/* Begin XCBuildConfiguration section */
		08E86304FE9227490B7CF9964A311DAB /* Release */ = {
			isa = XCBuildConfiguration;
			buildSettings = {
				ALWAYS_EMBED_SWIFT_STANDARD_LIBRARIES = YES;
				ASSETCATALOG_COMPILER_APPICON_NAME = AppIcon;
				CODE_SIGN_IDENTITY = "iPhone Developer";
				FRAMEWORK_SEARCH_PATHS = (
					"$(inherited)",
					"$(PROJECT_DIR)/Carthage/Build/iOS",
				);
				INFOPLIST_FILE = CleanArchitectureRxSwift/Info.plist;
				IPHONEOS_DEPLOYMENT_TARGET = 11.0;
				LD_RUNPATH_SEARCH_PATHS = (
					"$(inherited)",
					"@executable_path/Frameworks",
				);
				PRODUCT_BUNDLE_IDENTIFIER = com.clean.CleanArchitectureRxSwift;
				SDKROOT = iphoneos;
				TARGETED_DEVICE_FAMILY = "1,2";
			};
			name = Release;
		};
		0938D099E2282EECC5CC465E08C0106E /* Debug */ = {
			isa = XCBuildConfiguration;
			buildSettings = {
				ALWAYS_EMBED_SWIFT_STANDARD_LIBRARIES = YES;
				ASSETCATALOG_COMPILER_APPICON_NAME = AppIcon;
				CODE_SIGN_IDENTITY = "iPhone Developer";
				FRAMEWORK_SEARCH_PATHS = (
					"$(inherited)",
					"$(PROJECT_DIR)/Carthage/Build/iOS",
				);
				INFOPLIST_FILE = CleanArchitectureRxSwift/Info.plist;
				IPHONEOS_DEPLOYMENT_TARGET = 11.0;
				LD_RUNPATH_SEARCH_PATHS = (
					"$(inherited)",
					"@executable_path/Frameworks",
				);
				PRODUCT_BUNDLE_IDENTIFIER = com.clean.CleanArchitectureRxSwift;
				SDKROOT = iphoneos;
				TARGETED_DEVICE_FAMILY = "1,2";
			};
			name = Debug;
		};
		180487D9D9AEDB2106E537D56879901F /* Debug */ = {
			isa = XCBuildConfiguration;
			buildSettings = {
				BUNDLE_LOADER = "$(TEST_HOST)";
				FRAMEWORK_SEARCH_PATHS = (
					"$(inherited)",
					"$(PROJECT_DIR)/Carthage/Build/iOS",
				);
				INFOPLIST_FILE = CleanArchitectureRxSwiftTests/Info.plist;
				IPHONEOS_DEPLOYMENT_TARGET = 11.0;
				LD_RUNPATH_SEARCH_PATHS = (
					"$(inherited)",
					"@executable_path/Frameworks",
					"@loader_path/Frameworks",
				);
				PRODUCT_BUNDLE_IDENTIFIER = com.clean.CleanArchitectureRxSwiftTests;
				SDKROOT = iphoneos;
				TARGETED_DEVICE_FAMILY = "1,2";
				TEST_HOST = "$(BUILT_PRODUCTS_DIR)/CleanArchitectureRxSwift.app/CleanArchitectureRxSwift";
				TEST_TARGET_NAME = CleanArchitectureRxSwift;
			};
			name = Debug;
		};
		45F70C4D8264D992D109DD0D1050C3D6 /* Release */ = {
			isa = XCBuildConfiguration;
			buildSettings = {
				CODE_SIGN_IDENTITY = "";
				CURRENT_PROJECT_VERSION = 1;
				DEFINES_MODULE = YES;
				DYLIB_COMPATIBILITY_VERSION = 1;
				DYLIB_CURRENT_VERSION = 1;
				DYLIB_INSTALL_NAME_BASE = "@rpath";
				FRAMEWORK_SEARCH_PATHS = (
					"$(inherited)",
					"$(PROJECT_DIR)/Carthage/Build/iOS",
				);
				INFOPLIST_FILE = RealmPlatform/Info.plist;
				INSTALL_PATH = "$(LOCAL_LIBRARY_DIR)/Frameworks";
				IPHONEOS_DEPLOYMENT_TARGET = 11.0;
				LD_RUNPATH_SEARCH_PATHS = (
					"$(inherited)",
					"@executable_path/Frameworks",
				);
				PRODUCT_BUNDLE_IDENTIFIER = com.clean.RealmPlatform;
				SDKROOT = iphoneos;
				SKIP_INSTALL = YES;
				TARGETED_DEVICE_FAMILY = "1,2";
				VERSIONING_SYSTEM = "apple-generic";
			};
			name = Release;
		};
		4C2392F135413AA60E7AF50C06A5031C /* Debug */ = {
			isa = XCBuildConfiguration;
			buildSettings = {
				CODE_SIGN_IDENTITY = "";
				CURRENT_PROJECT_VERSION = 1;
				DEFINES_MODULE = YES;
				DYLIB_COMPATIBILITY_VERSION = 1;
				DYLIB_CURRENT_VERSION = 1;
				DYLIB_INSTALL_NAME_BASE = "@rpath";
				FRAMEWORK_SEARCH_PATHS = (
					"$(inherited)",
					"$(PROJECT_DIR)/Carthage/Build/iOS",
				);
				INFOPLIST_FILE = RealmPlatform/Info.plist;
				INSTALL_PATH = "$(LOCAL_LIBRARY_DIR)/Frameworks";
				IPHONEOS_DEPLOYMENT_TARGET = 11.0;
				LD_RUNPATH_SEARCH_PATHS = (
					"$(inherited)",
					"@executable_path/Frameworks",
				);
				PRODUCT_BUNDLE_IDENTIFIER = com.clean.RealmPlatform;
				SDKROOT = iphoneos;
				SKIP_INSTALL = YES;
				TARGETED_DEVICE_FAMILY = "1,2";
				VERSIONING_SYSTEM = "apple-generic";
			};
			name = Debug;
		};
		58BB588233A27D9C01B646032E7543C8 /* Debug */ = {
			isa = XCBuildConfiguration;
			buildSettings = {
				BUNDLE_LOADER = "$(TEST_HOST)";
				FRAMEWORK_SEARCH_PATHS = (
					"$(inherited)",
					"$(PROJECT_DIR)/Carthage/Build/iOS",
				);
				INFOPLIST_FILE = DomainTests/Info.plist;
				IPHONEOS_DEPLOYMENT_TARGET = 11.0;
				LD_RUNPATH_SEARCH_PATHS = (
					"$(inherited)",
					"@executable_path/Frameworks",
					"@loader_path/Frameworks",
				);
				PRODUCT_BUNDLE_IDENTIFIER = com.clean.DomainTests;
				SDKROOT = iphoneos;
				TARGETED_DEVICE_FAMILY = "1,2";
			};
			name = Debug;
		};
		5A9F3B43A97F79C3D318876358C1816F /* Release */ = {
			isa = XCBuildConfiguration;
			buildSettings = {
				BUNDLE_LOADER = "$(TEST_HOST)";
				FRAMEWORK_SEARCH_PATHS = (
					"$(inherited)",
					"$(PROJECT_DIR)/Carthage/Build/iOS",
				);
				INFOPLIST_FILE = CleanArchitectureRxSwiftTests/Info.plist;
				IPHONEOS_DEPLOYMENT_TARGET = 11.0;
				LD_RUNPATH_SEARCH_PATHS = (
					"$(inherited)",
					"@executable_path/Frameworks",
					"@loader_path/Frameworks",
				);
				PRODUCT_BUNDLE_IDENTIFIER = com.clean.CleanArchitectureRxSwiftTests;
				SDKROOT = iphoneos;
				TARGETED_DEVICE_FAMILY = "1,2";
				TEST_HOST = "$(BUILT_PRODUCTS_DIR)/CleanArchitectureRxSwift.app/CleanArchitectureRxSwift";
				TEST_TARGET_NAME = CleanArchitectureRxSwift;
			};
			name = Release;
		};
		654F84BA3121CF8AB9267504B5BD4CD9 /* Release */ = {
			isa = XCBuildConfiguration;
			buildSettings = {
				ALWAYS_SEARCH_USER_PATHS = NO;
				CLANG_ANALYZER_NONNULL = YES;
				CLANG_ANALYZER_NUMBER_OBJECT_CONVERSION = YES_AGGRESSIVE;
				CLANG_CXX_LANGUAGE_STANDARD = "gnu++14";
				CLANG_CXX_LIBRARY = "libc++";
				CLANG_ENABLE_MODULES = YES;
				CLANG_ENABLE_OBJC_ARC = YES;
				CLANG_WARN_BLOCK_CAPTURE_AUTORELEASING = YES;
				CLANG_WARN_BOOL_CONVERSION = YES;
				CLANG_WARN_COMMA = YES;
				CLANG_WARN_CONSTANT_CONVERSION = YES;
				CLANG_WARN_DEPRECATED_OBJC_IMPLEMENTATIONS = YES;
				CLANG_WARN_DIRECT_OBJC_ISA_USAGE = YES_ERROR;
				CLANG_WARN_DOCUMENTATION_COMMENTS = YES;
				CLANG_WARN_EMPTY_BODY = YES;
				CLANG_WARN_ENUM_CONVERSION = YES;
				CLANG_WARN_INFINITE_RECURSION = YES;
				CLANG_WARN_INT_CONVERSION = YES;
				CLANG_WARN_NON_LITERAL_NULL_CONVERSION = YES;
				CLANG_WARN_OBJC_IMPLICIT_RETAIN_SELF = YES;
				CLANG_WARN_OBJC_LITERAL_CONVERSION = YES;
				CLANG_WARN_OBJC_ROOT_CLASS = YES_ERROR;
				CLANG_WARN_RANGE_LOOP_ANALYSIS = YES;
				CLANG_WARN_STRICT_PROTOTYPES = YES;
				CLANG_WARN_SUSPICIOUS_MOVE = YES;
				CLANG_WARN_UNGUARDED_AVAILABILITY = YES_AGGRESSIVE;
				CLANG_WARN_UNREACHABLE_CODE = YES;
				CLANG_WARN__DUPLICATE_METHOD_MATCH = YES;
				COPY_PHASE_STRIP = NO;
				DEBUG_INFORMATION_FORMAT = "dwarf-with-dsym";
				ENABLE_NS_ASSERTIONS = NO;
				ENABLE_STRICT_OBJC_MSGSEND = YES;
				GCC_C_LANGUAGE_STANDARD = gnu11;
				GCC_NO_COMMON_BLOCKS = YES;
				GCC_WARN_64_TO_32_BIT_CONVERSION = YES;
				GCC_WARN_ABOUT_RETURN_TYPE = YES_ERROR;
				GCC_WARN_UNDECLARED_SELECTOR = YES;
				GCC_WARN_UNINITIALIZED_AUTOS = YES_AGGRESSIVE;
				GCC_WARN_UNUSED_FUNCTION = YES;
				GCC_WARN_UNUSED_VARIABLE = YES;
				PRODUCT_NAME = "$(TARGET_NAME)";
				SDKROOT = iphoneos;
				SWIFT_OPTIMIZATION_LEVEL = "-Owholemodule";
				SWIFT_VERSION = 5.0;
				VALIDATE_PRODUCT = YES;
			};
			name = Release;
		};
		92BA1EC4888815FC8CDA2BBB55EF77F0 /* Debug */ = {
			isa = XCBuildConfiguration;
			buildSettings = {
				BUNDLE_LOADER = "$(TEST_HOST)";
				FRAMEWORK_SEARCH_PATHS = (
					"$(inherited)",
					"$(PROJECT_DIR)/Carthage/Build/iOS",
				);
				INFOPLIST_FILE = NetworkPlatformTests/Info.plist;
				IPHONEOS_DEPLOYMENT_TARGET = 11.0;
				LD_RUNPATH_SEARCH_PATHS = (
					"$(inherited)",
					"@executable_path/Frameworks",
					"@loader_path/Frameworks",
				);
				PRODUCT_BUNDLE_IDENTIFIER = com.clean.NetworkPlatformTests;
				SDKROOT = iphoneos;
				TARGETED_DEVICE_FAMILY = "1,2";
			};
			name = Debug;
		};
		99CC235BD3166EDDD3CA5D923B90B365 /* Release */ = {
			isa = XCBuildConfiguration;
			buildSettings = {
				CODE_SIGN_IDENTITY = "";
				CURRENT_PROJECT_VERSION = 1;
				DEFINES_MODULE = YES;
				DYLIB_COMPATIBILITY_VERSION = 1;
				DYLIB_CURRENT_VERSION = 1;
				DYLIB_INSTALL_NAME_BASE = "@rpath";
				FRAMEWORK_SEARCH_PATHS = (
					"$(inherited)",
					"$(PROJECT_DIR)/Carthage/Build/iOS",
				);
				INFOPLIST_FILE = Domain/Info.plist;
				INSTALL_PATH = "$(LOCAL_LIBRARY_DIR)/Frameworks";
				IPHONEOS_DEPLOYMENT_TARGET = 11.0;
				LD_RUNPATH_SEARCH_PATHS = (
					"$(inherited)",
					"@executable_path/Frameworks",
				);
				PRODUCT_BUNDLE_IDENTIFIER = com.clean.Domain;
				SDKROOT = iphoneos;
				SKIP_INSTALL = YES;
				TARGETED_DEVICE_FAMILY = "1,2";
				VERSIONING_SYSTEM = "apple-generic";
			};
			name = Release;
		};
		B3139E410544032129590DFDEE0E25CE /* Debug */ = {
			isa = XCBuildConfiguration;
			buildSettings = {
				CODE_SIGN_IDENTITY = "";
				CURRENT_PROJECT_VERSION = 1;
				DEFINES_MODULE = YES;
				DYLIB_COMPATIBILITY_VERSION = 1;
				DYLIB_CURRENT_VERSION = 1;
				DYLIB_INSTALL_NAME_BASE = "@rpath";
				FRAMEWORK_SEARCH_PATHS = (
					"$(inherited)",
					"$(PROJECT_DIR)/Carthage/Build/iOS",
				);
				INFOPLIST_FILE = Domain/Info.plist;
				INSTALL_PATH = "$(LOCAL_LIBRARY_DIR)/Frameworks";
				IPHONEOS_DEPLOYMENT_TARGET = 11.0;
				LD_RUNPATH_SEARCH_PATHS = (
					"$(inherited)",
					"@executable_path/Frameworks",
				);
				PRODUCT_BUNDLE_IDENTIFIER = com.clean.Domain;
				SDKROOT = iphoneos;
				SKIP_INSTALL = YES;
				TARGETED_DEVICE_FAMILY = "1,2";
				VERSIONING_SYSTEM = "apple-generic";
			};
			name = Debug;
		};
		B95EE176770B0D78F6A104F0B9192684 /* Release */ = {
			isa = XCBuildConfiguration;
			buildSettings = {
				BUNDLE_LOADER = "$(TEST_HOST)";
				FRAMEWORK_SEARCH_PATHS = (
					"$(inherited)",
					"$(PROJECT_DIR)/Carthage/Build/iOS",
				);
				INFOPLIST_FILE = NetworkPlatformTests/Info.plist;
				IPHONEOS_DEPLOYMENT_TARGET = 11.0;
				LD_RUNPATH_SEARCH_PATHS = (
					"$(inherited)",
					"@executable_path/Frameworks",
					"@loader_path/Frameworks",
				);
				PRODUCT_BUNDLE_IDENTIFIER = com.clean.NetworkPlatformTests;
				SDKROOT = iphoneos;
				TARGETED_DEVICE_FAMILY = "1,2";
			};
			name = Release;
		};
		BF907C9B40DDD5256DEF4111267239CA /* Debug */ = {
			isa = XCBuildConfiguration;
			buildSettings = {
				ALWAYS_SEARCH_USER_PATHS = NO;
				CLANG_ANALYZER_NONNULL = YES;
				CLANG_ANALYZER_NUMBER_OBJECT_CONVERSION = YES_AGGRESSIVE;
				CLANG_CXX_LANGUAGE_STANDARD = "gnu++14";
				CLANG_CXX_LIBRARY = "libc++";
				CLANG_ENABLE_MODULES = YES;
				CLANG_ENABLE_OBJC_ARC = YES;
				CLANG_WARN_BLOCK_CAPTURE_AUTORELEASING = YES;
				CLANG_WARN_BOOL_CONVERSION = YES;
				CLANG_WARN_COMMA = YES;
				CLANG_WARN_CONSTANT_CONVERSION = YES;
				CLANG_WARN_DEPRECATED_OBJC_IMPLEMENTATIONS = YES;
				CLANG_WARN_DIRECT_OBJC_ISA_USAGE = YES_ERROR;
				CLANG_WARN_DOCUMENTATION_COMMENTS = YES;
				CLANG_WARN_EMPTY_BODY = YES;
				CLANG_WARN_ENUM_CONVERSION = YES;
				CLANG_WARN_INFINITE_RECURSION = YES;
				CLANG_WARN_INT_CONVERSION = YES;
				CLANG_WARN_NON_LITERAL_NULL_CONVERSION = YES;
				CLANG_WARN_OBJC_IMPLICIT_RETAIN_SELF = YES;
				CLANG_WARN_OBJC_LITERAL_CONVERSION = YES;
				CLANG_WARN_OBJC_ROOT_CLASS = YES_ERROR;
				CLANG_WARN_RANGE_LOOP_ANALYSIS = YES;
				CLANG_WARN_STRICT_PROTOTYPES = YES;
				CLANG_WARN_SUSPICIOUS_MOVE = YES;
				CLANG_WARN_UNGUARDED_AVAILABILITY = YES_AGGRESSIVE;
				CLANG_WARN_UNREACHABLE_CODE = YES;
				CLANG_WARN__DUPLICATE_METHOD_MATCH = YES;
				COPY_PHASE_STRIP = NO;
				DEBUG_INFORMATION_FORMAT = dwarf;
				ENABLE_STRICT_OBJC_MSGSEND = YES;
				ENABLE_TESTABILITY = YES;
				GCC_C_LANGUAGE_STANDARD = gnu11;
				GCC_DYNAMIC_NO_PIC = NO;
				GCC_NO_COMMON_BLOCKS = YES;
				GCC_OPTIMIZATION_LEVEL = 0;
				GCC_PREPROCESSOR_DEFINITIONS = (
					"$(inherited)",
					"DEBUG=1",
				);
				GCC_WARN_64_TO_32_BIT_CONVERSION = YES;
				GCC_WARN_ABOUT_RETURN_TYPE = YES_ERROR;
				GCC_WARN_UNDECLARED_SELECTOR = YES;
				GCC_WARN_UNINITIALIZED_AUTOS = YES_AGGRESSIVE;
				GCC_WARN_UNUSED_FUNCTION = YES;
				GCC_WARN_UNUSED_VARIABLE = YES;
				MTL_ENABLE_DEBUG_INFO = YES;
				ONLY_ACTIVE_ARCH = YES;
				PRODUCT_NAME = "$(TARGET_NAME)";
				SDKROOT = iphoneos;
				SWIFT_ACTIVE_COMPILATION_CONDITIONS = DEBUG;
				SWIFT_OPTIMIZATION_LEVEL = "-Onone";
				SWIFT_VERSION = 5.0;
			};
			name = Debug;
		};
		E328CDFB89F5B19B2F49FB964D7CCA7D /* Release */ = {
			isa = XCBuildConfiguration;
			buildSettings = {
				BUNDLE_LOADER = "$(TEST_HOST)";
				FRAMEWORK_SEARCH_PATHS = (
					"$(inherited)",
					"$(PROJECT_DIR)/Carthage/Build/iOS",
				);
				INFOPLIST_FILE = DomainTests/Info.plist;
				IPHONEOS_DEPLOYMENT_TARGET = 11.0;
				LD_RUNPATH_SEARCH_PATHS = (
					"$(inherited)",
					"@executable_path/Frameworks",
					"@loader_path/Frameworks",
				);
				PRODUCT_BUNDLE_IDENTIFIER = com.clean.DomainTests;
				SDKROOT = iphoneos;
				TARGETED_DEVICE_FAMILY = "1,2";
			};
			name = Release;
		};
		E70A57B801A6D3F6FCFFDA0CF5CC090F /* Release */ = {
			isa = XCBuildConfiguration;
			buildSettings = {
				BUNDLE_LOADER = "$(TEST_HOST)";
				FRAMEWORK_SEARCH_PATHS = (
					"$(inherited)",
					"$(PROJECT_DIR)/Carthage/Build/iOS",
				);
				INFOPLIST_FILE = RealmPlatformTests/Info.plist;
				IPHONEOS_DEPLOYMENT_TARGET = 11.0;
				LD_RUNPATH_SEARCH_PATHS = (
					"$(inherited)",
					"@executable_path/Frameworks",
					"@loader_path/Frameworks",
				);
				PRODUCT_BUNDLE_IDENTIFIER = com.clean.RealmPlatformTests;
				SDKROOT = iphoneos;
				TARGETED_DEVICE_FAMILY = "1,2";
			};
			name = Release;
		};
		ECAA10259ECD5305B6F5E56E87439476 /* Debug */ = {
			isa = XCBuildConfiguration;
			buildSettings = {
				CODE_SIGN_IDENTITY = "";
				CURRENT_PROJECT_VERSION = 1;
				DEFINES_MODULE = YES;
				DYLIB_COMPATIBILITY_VERSION = 1;
				DYLIB_CURRENT_VERSION = 1;
				DYLIB_INSTALL_NAME_BASE = "@rpath";
				FRAMEWORK_SEARCH_PATHS = (
					"$(inherited)",
					"$(PROJECT_DIR)/Carthage/Build/iOS",
				);
				INFOPLIST_FILE = NetworkPlatform/Info.plist;
				INSTALL_PATH = "$(LOCAL_LIBRARY_DIR)/Frameworks";
				IPHONEOS_DEPLOYMENT_TARGET = 11.0;
				LD_RUNPATH_SEARCH_PATHS = (
					"$(inherited)",
					"@executable_path/Frameworks",
				);
				PRODUCT_BUNDLE_IDENTIFIER = com.clean.NetworkPlatform;
				SDKROOT = iphoneos;
				SKIP_INSTALL = YES;
				TARGETED_DEVICE_FAMILY = "1,2";
				VERSIONING_SYSTEM = "apple-generic";
			};
			name = Debug;
		};
		FE8D430A91A3538369A30C696B29D9EE /* Release */ = {
			isa = XCBuildConfiguration;
			buildSettings = {
				CODE_SIGN_IDENTITY = "";
				CURRENT_PROJECT_VERSION = 1;
				DEFINES_MODULE = YES;
				DYLIB_COMPATIBILITY_VERSION = 1;
				DYLIB_CURRENT_VERSION = 1;
				DYLIB_INSTALL_NAME_BASE = "@rpath";
				FRAMEWORK_SEARCH_PATHS = (
					"$(inherited)",
					"$(PROJECT_DIR)/Carthage/Build/iOS",
				);
				INFOPLIST_FILE = NetworkPlatform/Info.plist;
				INSTALL_PATH = "$(LOCAL_LIBRARY_DIR)/Frameworks";
				IPHONEOS_DEPLOYMENT_TARGET = 11.0;
				LD_RUNPATH_SEARCH_PATHS = (
					"$(inherited)",
					"@executable_path/Frameworks",
				);
				PRODUCT_BUNDLE_IDENTIFIER = com.clean.NetworkPlatform;
				SDKROOT = iphoneos;
				SKIP_INSTALL = YES;
				TARGETED_DEVICE_FAMILY = "1,2";
				VERSIONING_SYSTEM = "apple-generic";
			};
			name = Release;
		};
		FEB2C565B69276CF172BC20CC8C88ACD /* Debug */ = {
			isa = XCBuildConfiguration;
			buildSettings = {
				BUNDLE_LOADER = "$(TEST_HOST)";
				FRAMEWORK_SEARCH_PATHS = (
					"$(inherited)",
					"$(PROJECT_DIR)/Carthage/Build/iOS",
				);
				INFOPLIST_FILE = RealmPlatformTests/Info.plist;
				IPHONEOS_DEPLOYMENT_TARGET = 11.0;
				LD_RUNPATH_SEARCH_PATHS = (
					"$(inherited)",
					"@executable_path/Frameworks",
					"@loader_path/Frameworks",
				);
				PRODUCT_BUNDLE_IDENTIFIER = com.clean.RealmPlatformTests;
				SDKROOT = iphoneos;
				TARGETED_DEVICE_FAMILY = "1,2";
			};
			name = Debug;
		};
/* End XCBuildConfiguration section */

/* Begin XCConfigurationList section */
		02A35BB3CB50C6BA4AEF0CA97BBFE61C /* Build configuration list for PBXNativeTarget "NetworkPlatform" */ = {
			isa = XCConfigurationList;
			buildConfigurations = (
				ECAA10259ECD5305B6F5E56E87439476 /* Debug */,
				FE8D430A91A3538369A30C696B29D9EE /* Release */,
			);
			defaultConfigurationIsVisible = 0;
			defaultConfigurationName = "";
		};
		07E8CFD12DF51A0E1FE4547C7A432B01 /* Build configuration list for PBXNativeTarget "RealmPlatform" */ = {
			isa = XCConfigurationList;
			buildConfigurations = (
				4C2392F135413AA60E7AF50C06A5031C /* Debug */,
				45F70C4D8264D992D109DD0D1050C3D6 /* Release */,
			);
			defaultConfigurationIsVisible = 0;
			defaultConfigurationName = "";
		};
		1213C4B6D5F8412E576CC3BCC9DBAD5B /* Build configuration list for PBXNativeTarget "RealmPlatformTests" */ = {
			isa = XCConfigurationList;
			buildConfigurations = (
				FEB2C565B69276CF172BC20CC8C88ACD /* Debug */,
				E70A57B801A6D3F6FCFFDA0CF5CC090F /* Release */,
			);
			defaultConfigurationIsVisible = 0;
			defaultConfigurationName = "";
		};
		3681FF1D4B05F7171B046E43938BC7A4 /* Build configuration list for PBXNativeTarget "CleanArchitectureRxSwift" */ = {
			isa = XCConfigurationList;
			buildConfigurations = (
				0938D099E2282EECC5CC465E08C0106E /* Debug */,
				08E86304FE9227490B7CF9964A311DAB /* Release */,
			);
			defaultConfigurationIsVisible = 0;
			defaultConfigurationName = "";
		};
		394BEA38AF487E8799E518FA0EA9A674 /* Build configuration list for PBXProject "CleanArchitectureRxSwift" */ = {
			isa = XCConfigurationList;
			buildConfigurations = (
				BF907C9B40DDD5256DEF4111267239CA /* Debug */,
				654F84BA3121CF8AB9267504B5BD4CD9 /* Release */,
			);
			defaultConfigurationIsVisible = 0;
			defaultConfigurationName = Debug;
		};
		8685BBB07E1FD1EBC890227D64B89256 /* Build configuration list for PBXNativeTarget "NetworkPlatformTests" */ = {
			isa = XCConfigurationList;
			buildConfigurations = (
				92BA1EC4888815FC8CDA2BBB55EF77F0 /* Debug */,
				B95EE176770B0D78F6A104F0B9192684 /* Release */,
			);
			defaultConfigurationIsVisible = 0;
			defaultConfigurationName = "";
		};
		91BF9CC3D6D3A936C879170886B4CC1A /* Build configuration list for PBXNativeTarget "CleanArchitectureRxSwiftTests" */ = {
			isa = XCConfigurationList;
			buildConfigurations = (
				180487D9D9AEDB2106E537D56879901F /* Debug */,
				5A9F3B43A97F79C3D318876358C1816F /* Release */,
			);
			defaultConfigurationIsVisible = 0;
			defaultConfigurationName = "";
		};
		F1CBB3BD651BD3D83BC83FDA96EEE403 /* Build configuration list for PBXNativeTarget "DomainTests" */ = {
			isa = XCConfigurationList;
			buildConfigurations = (
				58BB588233A27D9C01B646032E7543C8 /* Debug */,
				E328CDFB89F5B19B2F49FB964D7CCA7D /* Release */,
			);
			defaultConfigurationIsVisible = 0;
			defaultConfigurationName = "";
		};
		FA5B94E21B7BE5D3613D668CF2DCC3F3 /* Build configuration list for PBXNativeTarget "Domain" */ = {
			isa = XCConfigurationList;
			buildConfigurations = (
				B3139E410544032129590DFDEE0E25CE /* Debug */,
				99CC235BD3166EDDD3CA5D923B90B365 /* Release */,
			);
			defaultConfigurationIsVisible = 0;
			defaultConfigurationName = "";
		};
/* End XCConfigurationList section */
	};
	rootObject = DEA1FA0AE316F9D1D921F66A8E7F5EA1 /* Project object */;
}
