// !$*UTF8*$!
{
	archiveVersion = 1;
	classes = {
	};
	objectVersion = 50;
	objects = {

/* Begin PBXBuildFile section */
		03CAA48BCAF728E5B798DA2A0614BA0D /* ViewModelType.swift in Sources */ = {isa = PBXBuildFile; fileRef = 36707018AFC693668E3786D9115E03B0 /* ViewModelType.swift */; };
		05401F742CEBFDC9AE18CB1FEF97036B /* Album.swift in Sources */ = {isa = PBXBuildFile; fileRef = 53C4F460C662CD0FEB75DD4F2BE0482A /* Album.swift */; };
		0C0F80405EEC9AD6E679412EA2A03B30 /* Domain.h in Headers */ = {isa = PBXBuildFile; fileRef = 9BB3C4D8D660356F108203EA54292B1E /* Domain.h */; settings = {ATTRIBUTES = (Public, ); }; };
		0C90561997B739BC4BFE214980E952F2 /* RxAtomic.framework in Frameworks */ = {isa = PBXBuildFile; fileRef = 34585F1E61FAE01E1D5E82E0459F345B /* RxAtomic.framework */; };
		0FB01DBDE7F0240D8643C86FD4496B4A /* PostItemViewModel.swift in Sources */ = {isa = PBXBuildFile; fileRef = 291E71BC0024BAA0FB0D07615B8A3937 /* PostItemViewModel.swift */; };
		10349452A2C01345C40B65D022F6B5CC /* Address.swift in Sources */ = {isa = PBXBuildFile; fileRef = 3A4085303E9A74260E91572549543A6B /* Address.swift */; };
		158B82564A24590B6F73B4CA28A93D6C /* RxBlocking.framework in Frameworks */ = {isa = PBXBuildFile; fileRef = 70677C39F24CCC6582BDCF9886D14A89 /* RxBlocking.framework */; };
		15AE1AF607759E10B00A6F1DE79BE874 /* CreatePostNavigator.swift in Sources */ = {isa = PBXBuildFile; fileRef = F807CA7344D5E32B6C3F5AFC50612EE1 /* CreatePostNavigator.swift */; };
		175866715972B5A5E278BB2A315519EC /* Domain.framework in Frameworks */ = {isa = PBXBuildFile; fileRef = C6C06B8EAD2CCA44D24581D87EB39F4D /* Domain.framework */; };
		1980CC1ECAC5F65CAFFF772466B6B084 /* NetworkPlatform.framework in Embed Frameworks */ = {isa = PBXBuildFile; fileRef = D6AD40A81FC61CFB1246C2202B21D580 /* NetworkPlatform.framework */; settings = {ATTRIBUTES = (CodeSignOnCopy, RemoveHeadersOnCopy, ); }; };
		1D19ABE005A25F20F6FAE776383BC394 /* NetworkProvider.swift in Sources */ = {isa = PBXBuildFile; fileRef = 26FADF46B86C08B52B370ED45FB7F803 /* NetworkProvider.swift */; };
		1ECAA74E7AA98AEF4360830D5ECEC1F9 /* PhotosNetwork.swift in Sources */ = {isa = PBXBuildFile; fileRef = 0C72194CAAE8C7DA1D613DED646AAA96 /* PhotosNetwork.swift */; };
		21753B45DE7E9B47786F273CA96DA4EB /* Encodable.swift in Sources */ = {isa = PBXBuildFile; fileRef = E903BC1C09CFADEB0098E9DC6CAC0924 /* Encodable.swift */; };
		2779DF8E6388C5B538F071B7E62666BA /* Photo.swift in Sources */ = {isa = PBXBuildFile; fileRef = 78D67D58F0341E760F69A74F1AC23195 /* Photo.swift */; };
		2DB30D59DF61559E931FB818676F833B /* ErrorTracker.swift in Sources */ = {isa = PBXBuildFile; fileRef = D09E564E752C2BBAA0EB8FAD867D0533 /* ErrorTracker.swift */; };
		34FD226F164ED1C2E3C5EC4F64FC6561 /* Location.swift in Sources */ = {isa = PBXBuildFile; fileRef = F8DEA8FB699B764FE866FA473E725582 /* Location.swift */; };
		38F5CB4AB28ACA7E36393DCFF4872A4E /* PostsUseCase.swift in Sources */ = {isa = PBXBuildFile; fileRef = 6D634111E8EB08986615A362250C38F3 /* PostsUseCase.swift */; };
		3BAFDC1B6C02E1EF2373AD65760C007E /* PostsNavigator.swift in Sources */ = {isa = PBXBuildFile; fileRef = 319DE59ED517D412A9B554998AE5EB6C /* PostsNavigator.swift */; };
		4485769FC9C7F3227943F85AAFA4807A /* CommentsNetwork.swift in Sources */ = {isa = PBXBuildFile; fileRef = 2C950029509E78B566A3E2CCC033E37A /* CommentsNetwork.swift */; };
		457156FC2E09810F722872E0D1D1EF2C /* Post+Mapping.swift in Sources */ = {isa = PBXBuildFile; fileRef = 67843142D27A7B33E1A09B1DACAEE4D2 /* Post+Mapping.swift */; };
		457DA0714B4EF23395A456351C5C3EFB /* Domain.framework in Frameworks */ = {isa = PBXBuildFile; fileRef = C6C06B8EAD2CCA44D24581D87EB39F4D /* Domain.framework */; };
		466DFCBE997023AF7AEAAD0F74C048D9 /* NetworkPlatform.framework in Frameworks */ = {isa = PBXBuildFile; fileRef = D6AD40A81FC61CFB1246C2202B21D580 /* NetworkPlatform.framework */; };
		48AEE3CF8B21E60E5B6A091BEFBFB678 /* RxTest.framework in Frameworks */ = {isa = PBXBuildFile; fileRef = C1EFB1E83DED659F865AA549CE80388C /* RxTest.framework */; };
		4B1A79550985183A9DF98A8F1E98376F /* RxSwift.framework in Frameworks */ = {isa = PBXBuildFile; fileRef = 6D2E55D6E0EDACFD92431A564BBAD2B1 /* RxSwift.framework */; };
		513FF97169CA1E460E143A523488401A /* RxSwift.framework in Frameworks */ = {isa = PBXBuildFile; fileRef = 6D2E55D6E0EDACFD92431A564BBAD2B1 /* RxSwift.framework */; };
		59935089C085EB52806A69886916AF28 /* RxSwift.framework in Embed Frameworks */ = {isa = PBXBuildFile; fileRef = 6D2E55D6E0EDACFD92431A564BBAD2B1 /* RxSwift.framework */; settings = {ATTRIBUTES = (CodeSignOnCopy, RemoveHeadersOnCopy, ); }; };
		5E0BC10938ABEB88C8619A9B048FF2CE /* Cache.swift in Sources */ = {isa = PBXBuildFile; fileRef = 2D0F264C080C4AF36229B72ACACD4606 /* Cache.swift */; };
		64EBC94780D02E347DB5278B1E4B3441 /* PostsNetwork.swift in Sources */ = {isa = PBXBuildFile; fileRef = 77DC0F83A0FCB22590D14E917BA44A76 /* PostsNetwork.swift */; };
		65E905FF7890286889ECAE24DBECB48D /* Post.swift in Sources */ = {isa = PBXBuildFile; fileRef = 700CBA294FB44EED4080EB462F5EADE4 /* Post.swift */; };
		66915FE4C1CCDC10241BE4FA6D936F12 /* Reusable.swift in Sources */ = {isa = PBXBuildFile; fileRef = 1087C2F944CC9BEF5E5672FB726C7343 /* Reusable.swift */; };
		67B6F90950849B7489A3DE0473B6B21D /* Assets.xcassets in Resources */ = {isa = PBXBuildFile; fileRef = CCA48A85BC67F7A2ED1F97DEC79C8FF9 /* Assets.xcassets */; };
		6AB9E608C1BA32583F585C18AB921228 /* Application.swift in Sources */ = {isa = PBXBuildFile; fileRef = 612F007ABA4741B9A6C0C08947C7E667 /* Application.swift */; };
		701A0A4C13364204320BE93A6E25FA8A /* EditPostNavigator.swift in Sources */ = {isa = PBXBuildFile; fileRef = 7DCA988D5B882FAB9AD1F2EA756C865D /* EditPostNavigator.swift */; };
		7104C9216AA7F5AAD73C0A2670C6C711 /* UseCaseProvider.swift in Sources */ = {isa = PBXBuildFile; fileRef = 86661D33559C0E8F6820A2AA9A9DC742 /* UseCaseProvider.swift */; };
		731F547A7FA6EC60B5AD812BE930EF51 /* RxBlocking.framework in Embed Frameworks */ = {isa = PBXBuildFile; fileRef = 70677C39F24CCC6582BDCF9886D14A89 /* RxBlocking.framework */; settings = {ATTRIBUTES = (CodeSignOnCopy, RemoveHeadersOnCopy, ); }; };
		7B8138879CFB5207D526AECB420EEE54 /* PostsUseCase.swift in Sources */ = {isa = PBXBuildFile; fileRef = 81316151F2B34788B9134B3F9ACD45AB /* PostsUseCase.swift */; };
		7EE51A568AA550080589FF773CEB3083 /* Observable+Ext.swift in Sources */ = {isa = PBXBuildFile; fileRef = EFAB3CB206FB8DA30C9E685271D18056 /* Observable+Ext.swift */; };
		81643C210627D1432AC7EC458D129881 /* Domain.framework in Embed Frameworks */ = {isa = PBXBuildFile; fileRef = C6C06B8EAD2CCA44D24581D87EB39F4D /* Domain.framework */; settings = {ATTRIBUTES = (CodeSignOnCopy, RemoveHeadersOnCopy, ); }; };
		82DD2710FF63B8DD3FA1B581F7066E0F /* PostsViewModel.swift in Sources */ = {isa = PBXBuildFile; fileRef = 953FFA1C0C0FF27A9349FB244F1E8AB5 /* PostsViewModel.swift */; };
		8744D4D1D02C7BC6F4AB40945B753C62 /* Network.swift in Sources */ = {isa = PBXBuildFile; fileRef = 6F9AA0479035F380F43EB42BACAA1968 /* Network.swift */; };
		95625681354E41B373B48F5AAD8324A8 /* TodosNetwork.swift in Sources */ = {isa = PBXBuildFile; fileRef = 33415C76E6C9747692D367B85919EDB7 /* TodosNetwork.swift */; };
		A0A2E4EF11473A02D1EBCAC5AC6203D5 /* Alamofire.framework in Frameworks */ = {isa = PBXBuildFile; fileRef = 4A422D822DAE233F2AC201BE93BC1003 /* Alamofire.framework */; };
		A37D6B374D564EDBDC24A44519703CA7 /* Main.storyboard in Resources */ = {isa = PBXBuildFile; fileRef = 325E0116C36B8BE1E9E48705B2407AA6 /* Main.storyboard */; };
		A3E9ABC040C46344798EB043BF9D2D28 /* Todo.swift in Sources */ = {isa = PBXBuildFile; fileRef = 50FC1C09C17D6883153AD13987B9F8D8 /* Todo.swift */; };
		A4DA568B193A179FA3D80CC9663BA2D5 /* Company.swift in Sources */ = {isa = PBXBuildFile; fileRef = 99210BEB19B8BD67423835AE9C262432 /* Company.swift */; };
		BAFB2BCE7421223C9DAD3FD18F61E92A /* Domain.framework in Frameworks */ = {isa = PBXBuildFile; fileRef = C6C06B8EAD2CCA44D24581D87EB39F4D /* Domain.framework */; };
		BEC2A1565EB6ADC1C93E3557333B9CB7 /* PostsViewController.swift in Sources */ = {isa = PBXBuildFile; fileRef = 066039BF2F8F159D65075C5A08D692CD /* PostsViewController.swift */; };
		BED4DC2DDF698B127ACBDF4629B5C8D2 /* CreatePostViewModel.swift in Sources */ = {isa = PBXBuildFile; fileRef = B3E582E6BE8547246D500B78BECA58C8 /* CreatePostViewModel.swift */; };
		BF75DA0AF3DFAAD51719782C780C65EA /* User.swift in Sources */ = {isa = PBXBuildFile; fileRef = F82D4F255614E8B1466BE9D167F3D17E /* User.swift */; };
		C09A0F4F53F64B867BB30A2FD8AAEDA4 /* RxAlamofire.framework in Frameworks */ = {isa = PBXBuildFile; fileRef = FCE59CE8A6B9F92476D6347D07E3BEBE /* RxAlamofire.framework */; };
		C426A498FB7795CBEBCFD726492707A7 /* ActivityIndicator.swift in Sources */ = {isa = PBXBuildFile; fileRef = 0BFB13FEF61971DE9820F702F2F0F5EA /* ActivityIndicator.swift */; };
		C6AA01BB0D6EC95FB07E322E5BACF249 /* Domain.framework in Embed Frameworks */ = {isa = PBXBuildFile; fileRef = C6C06B8EAD2CCA44D24581D87EB39F4D /* Domain.framework */; settings = {ATTRIBUTES = (CodeSignOnCopy, RemoveHeadersOnCopy, ); }; };
		CAC3C09414DEB6443956D61BAB17A4EB /* EditPostViewModel.swift in Sources */ = {isa = PBXBuildFile; fileRef = 12B7B60BDB89148D98572A6A26D01A66 /* EditPostViewModel.swift */; };
		CBB85CBA9A452DCFBF956DCD0F5130AB /* AlbumsNetwork.swift in Sources */ = {isa = PBXBuildFile; fileRef = 47B1727361CB0BB8BCB7364D2C6C53C9 /* AlbumsNetwork.swift */; };
		CFE96099CF20A2937049628CEF69FD50 /* DomainTests.swift in Sources */ = {isa = PBXBuildFile; fileRef = BA6EA40240CB3C7FC717C6EFE089618D /* DomainTests.swift */; };
		D3584A1EE8F5CB96EBE4B0A4C9577502 /* Network.h in Headers */ = {isa = PBXBuildFile; fileRef = F33B116E734FAE80FBCA4B6A1E8F1067 /* Network.h */; settings = {ATTRIBUTES = (Public, ); }; };
		D4566AF1A8F5AFF508A0388294E355D3 /* LaunchScreen.storyboard in Resources */ = {isa = PBXBuildFile; fileRef = 9DFA094C015EE5DA67F6186A74DC814A /* LaunchScreen.storyboard */; };
		D53742D7395BC03F7B35400CBAFC4364 /* AppDelegate.swift in Sources */ = {isa = PBXBuildFile; fileRef = A2766365AB1BF626BF20FA45DF6AD82A /* AppDelegate.swift */; };
		D5FD1E9A5E871CFAB2F86844B2F323DA /* CreatePostViewController.swift in Sources */ = {isa = PBXBuildFile; fileRef = A37E802B437FBF9307F29DBB50D67E1D /* CreatePostViewController.swift */; };
		D75593A04F3780AFA44A96F3AE19501C /* RxCocoa.framework in Frameworks */ = {isa = PBXBuildFile; fileRef = 60346D37B452AE5A3AC7109353A4488F /* RxCocoa.framework */; };
		D7F6F707BB9EE93D1FA6FBFDA05012D2 /* UsersNetwork.swift in Sources */ = {isa = PBXBuildFile; fileRef = C14BA31D1170F45E2C60ABD8C1208BB0 /* UsersNetwork.swift */; };
		E0F41E8F4BA749E60C01B4C9BDF3FF9E /* RxSwift.framework in Frameworks */ = {isa = PBXBuildFile; fileRef = 6D2E55D6E0EDACFD92431A564BBAD2B1 /* RxSwift.framework */; };
		ED0A0DFFA0007E43150629D8B3EAFABB /* EditPostViewController.swift in Sources */ = {isa = PBXBuildFile; fileRef = 092CF8202A38CB405808076EF985F621 /* EditPostViewController.swift */; };
		EF17A5E0ED51544303BEF17333944129 /* Comment.swift in Sources */ = {isa = PBXBuildFile; fileRef = 9F8BD9AC3CFF7E03C6E33A212B066F9D /* Comment.swift */; };
		FB6F376F03B18E3DEB91B35BDB98AC07 /* RxTest.framework in Embed Frameworks */ = {isa = PBXBuildFile; fileRef = C1EFB1E83DED659F865AA549CE80388C /* RxTest.framework */; settings = {ATTRIBUTES = (CodeSignOnCopy, RemoveHeadersOnCopy, ); }; };
		FE6657D6B8066D9288ECA24DC1F87071 /* UseCaseProvider.swift in Sources */ = {isa = PBXBuildFile; fileRef = 936794C9DAA543006AE6FC853FF0F547 /* UseCaseProvider.swift */; };
		FEA6223125EC0767DB40B8C1A701AF2C /* PostTableViewCell.swift in Sources */ = {isa = PBXBuildFile; fileRef = D9000C9435D9C569E24362E81E29AF47 /* PostTableViewCell.swift */; };
/* End PBXBuildFile section */

/* Begin PBXContainerItemProxy section */
		173B5F982FCCC7E264153F28C9BEB5C4 /* PBXContainerItemProxy */ = {
			isa = PBXContainerItemProxy;
			containerPortal = DEA1FA0AE316F9D1D921F66A8E7F5EA1 /* Project object */;
			proxyType = 1;
			remoteGlobalIDString = EBE2EF3741F39D587E3517798B1A8B86;
			remoteInfo = Domain;
		};
		66F7D7746B369B17D7A48252FAAB8541 /* PBXContainerItemProxy */ = {
			isa = PBXContainerItemProxy;
			containerPortal = DEA1FA0AE316F9D1D921F66A8E7F5EA1 /* Project object */;
			proxyType = 1;
			remoteGlobalIDString = EBE2EF3741F39D587E3517798B1A8B86;
			remoteInfo = Domain;
		};
		A82F1D4D69428935F7ED68F21EFEA86E /* PBXContainerItemProxy */ = {
			isa = PBXContainerItemProxy;
			containerPortal = DEA1FA0AE316F9D1D921F66A8E7F5EA1 /* Project object */;
			proxyType = 1;
			remoteGlobalIDString = 35C90DE9A7E16CA213195A1D562B27E8;
			remoteInfo = NetworkPlatform;
		};
		C976734FB37F248DF39E95731FA4AF93 /* PBXContainerItemProxy */ = {
			isa = PBXContainerItemProxy;
			containerPortal = DEA1FA0AE316F9D1D921F66A8E7F5EA1 /* Project object */;
			proxyType = 1;
			remoteGlobalIDString = EBE2EF3741F39D587E3517798B1A8B86;
			remoteInfo = Domain;
		};
/* End PBXContainerItemProxy section */

/* Begin PBXCopyFilesBuildPhase section */
		889ACF474040C17ABE2DE47483452CB2 /* Embed Frameworks */ = {
			isa = PBXCopyFilesBuildPhase;
			buildActionMask = 2147483647;
			dstPath = "";
			dstSubfolderSpec = 10;
			files = (
				C6AA01BB0D6EC95FB07E322E5BACF249 /* Domain.framework in Embed Frameworks */,
				1980CC1ECAC5F65CAFFF772466B6B084 /* NetworkPlatform.framework in Embed Frameworks */,
			);
			name = "Embed Frameworks";
			runOnlyForDeploymentPostprocessing = 0;
		};
		E94F13B0D05175A221EFBD45447CA7B2 /* Embed Frameworks */ = {
			isa = PBXCopyFilesBuildPhase;
			buildActionMask = 2147483647;
			dstPath = "";
			dstSubfolderSpec = 10;
			files = (
				81643C210627D1432AC7EC458D129881 /* Domain.framework in Embed Frameworks */,
				731F547A7FA6EC60B5AD812BE930EF51 /* RxBlocking.framework in Embed Frameworks */,
				59935089C085EB52806A69886916AF28 /* RxSwift.framework in Embed Frameworks */,
				FB6F376F03B18E3DEB91B35BDB98AC07 /* RxTest.framework in Embed Frameworks */,
			);
			name = "Embed Frameworks";
			runOnlyForDeploymentPostprocessing = 0;
		};
/* End PBXCopyFilesBuildPhase section */

/* Begin PBXFileReference section */
		066039BF2F8F159D65075C5A08D692CD /* PostsViewController.swift */ = {isa = PBXFileReference; lastKnownFileType = sourcecode.swift; path = PostsViewController.swift; sourceTree = "<group>"; };
		0770472FB5315FD10B01241AB8D0B67A /* Info.plist */ = {isa = PBXFileReference; lastKnownFileType = text.plist.xml; path = Info.plist; sourceTree = "<group>"; };
		092CF8202A38CB405808076EF985F621 /* EditPostViewController.swift */ = {isa = PBXFileReference; lastKnownFileType = sourcecode.swift; path = EditPostViewController.swift; sourceTree = "<group>"; };
		0BFB13FEF61971DE9820F702F2F0F5EA /* ActivityIndicator.swift */ = {isa = PBXFileReference; lastKnownFileType = sourcecode.swift; path = ActivityIndicator.swift; sourceTree = "<group>"; };
		0C72194CAAE8C7DA1D613DED646AAA96 /* PhotosNetwork.swift */ = {isa = PBXFileReference; lastKnownFileType = sourcecode.swift; path = PhotosNetwork.swift; sourceTree = "<group>"; };
		1087C2F944CC9BEF5E5672FB726C7343 /* Reusable.swift */ = {isa = PBXFileReference; lastKnownFileType = sourcecode.swift; path = Reusable.swift; sourceTree = "<group>"; };
		10C3875B5A8D8A74BA24D854C6BA6150 /* Info.plist */ = {isa = PBXFileReference; lastKnownFileType = text.plist.xml; path = Info.plist; sourceTree = "<group>"; };
		12B7B60BDB89148D98572A6A26D01A66 /* EditPostViewModel.swift */ = {isa = PBXFileReference; lastKnownFileType = sourcecode.swift; path = EditPostViewModel.swift; sourceTree = "<group>"; };
		1A71FBA5A9C08477A3C8B7A05C7E3E4B /* DomainTests.xctest */ = {isa = PBXFileReference; includeInIndex = 0; lastKnownFileType = wrapper.cfbundle; path = DomainTests.xctest; sourceTree = BUILT_PRODUCTS_DIR; };
		26FADF46B86C08B52B370ED45FB7F803 /* NetworkProvider.swift */ = {isa = PBXFileReference; lastKnownFileType = sourcecode.swift; path = NetworkProvider.swift; sourceTree = "<group>"; };
		291E71BC0024BAA0FB0D07615B8A3937 /* PostItemViewModel.swift */ = {isa = PBXFileReference; lastKnownFileType = sourcecode.swift; path = PostItemViewModel.swift; sourceTree = "<group>"; };
		2C950029509E78B566A3E2CCC033E37A /* CommentsNetwork.swift */ = {isa = PBXFileReference; lastKnownFileType = sourcecode.swift; path = CommentsNetwork.swift; sourceTree = "<group>"; };
		2D0F264C080C4AF36229B72ACACD4606 /* Cache.swift */ = {isa = PBXFileReference; lastKnownFileType = sourcecode.swift; path = Cache.swift; sourceTree = "<group>"; };
		319DE59ED517D412A9B554998AE5EB6C /* PostsNavigator.swift */ = {isa = PBXFileReference; lastKnownFileType = sourcecode.swift; path = PostsNavigator.swift; sourceTree = "<group>"; };
		33415C76E6C9747692D367B85919EDB7 /* TodosNetwork.swift */ = {isa = PBXFileReference; lastKnownFileType = sourcecode.swift; path = TodosNetwork.swift; sourceTree = "<group>"; };
		34585F1E61FAE01E1D5E82E0459F345B /* RxAtomic.framework */ = {isa = PBXFileReference; lastKnownFileType = wrapper.framework; path = RxAtomic.framework; sourceTree = "<group>"; };
		36707018AFC693668E3786D9115E03B0 /* ViewModelType.swift */ = {isa = PBXFileReference; lastKnownFileType = sourcecode.swift; path = ViewModelType.swift; sourceTree = "<group>"; };
		3A4085303E9A74260E91572549543A6B /* Address.swift */ = {isa = PBXFileReference; lastKnownFileType = sourcecode.swift; path = Address.swift; sourceTree = "<group>"; };
		47B1727361CB0BB8BCB7364D2C6C53C9 /* AlbumsNetwork.swift */ = {isa = PBXFileReference; lastKnownFileType = sourcecode.swift; path = AlbumsNetwork.swift; sourceTree = "<group>"; };
		4A422D822DAE233F2AC201BE93BC1003 /* Alamofire.framework */ = {isa = PBXFileReference; lastKnownFileType = wrapper.framework; path = Alamofire.framework; sourceTree = "<group>"; };
		50FC1C09C17D6883153AD13987B9F8D8 /* Todo.swift */ = {isa = PBXFileReference; lastKnownFileType = sourcecode.swift; path = Todo.swift; sourceTree = "<group>"; };
		53C4F460C662CD0FEB75DD4F2BE0482A /* Album.swift */ = {isa = PBXFileReference; lastKnownFileType = sourcecode.swift; path = Album.swift; sourceTree = "<group>"; };
		58D4757679310CEA58FE1F51C40D98E8 /* Info.plist */ = {isa = PBXFileReference; lastKnownFileType = text.plist.xml; path = Info.plist; sourceTree = "<group>"; };
		60346D37B452AE5A3AC7109353A4488F /* RxCocoa.framework */ = {isa = PBXFileReference; lastKnownFileType = wrapper.framework; path = RxCocoa.framework; sourceTree = "<group>"; };
		612F007ABA4741B9A6C0C08947C7E667 /* Application.swift */ = {isa = PBXFileReference; lastKnownFileType = sourcecode.swift; path = Application.swift; sourceTree = "<group>"; };
		67843142D27A7B33E1A09B1DACAEE4D2 /* Post+Mapping.swift */ = {isa = PBXFileReference; lastKnownFileType = sourcecode.swift; path = "Post+Mapping.swift"; sourceTree = "<group>"; };
		6B3C69B0F6542DDE2CC700115A6E265D /* CleanArchitectureRxSwift.app */ = {isa = PBXFileReference; includeInIndex = 0; lastKnownFileType = wrapper.application; path = CleanArchitectureRxSwift.app; sourceTree = BUILT_PRODUCTS_DIR; };
		6D2E55D6E0EDACFD92431A564BBAD2B1 /* RxSwift.framework */ = {isa = PBXFileReference; lastKnownFileType = wrapper.framework; path = RxSwift.framework; sourceTree = "<group>"; };
		6D634111E8EB08986615A362250C38F3 /* PostsUseCase.swift */ = {isa = PBXFileReference; lastKnownFileType = sourcecode.swift; path = PostsUseCase.swift; sourceTree = "<group>"; };
		6F9AA0479035F380F43EB42BACAA1968 /* Network.swift */ = {isa = PBXFileReference; lastKnownFileType = sourcecode.swift; path = Network.swift; sourceTree = "<group>"; };
		700CBA294FB44EED4080EB462F5EADE4 /* Post.swift */ = {isa = PBXFileReference; lastKnownFileType = sourcecode.swift; path = Post.swift; sourceTree = "<group>"; };
		70677C39F24CCC6582BDCF9886D14A89 /* RxBlocking.framework */ = {isa = PBXFileReference; lastKnownFileType = wrapper.framework; path = RxBlocking.framework; sourceTree = "<group>"; };
		77DC0F83A0FCB22590D14E917BA44A76 /* PostsNetwork.swift */ = {isa = PBXFileReference; lastKnownFileType = sourcecode.swift; path = PostsNetwork.swift; sourceTree = "<group>"; };
		78D67D58F0341E760F69A74F1AC23195 /* Photo.swift */ = {isa = PBXFileReference; lastKnownFileType = sourcecode.swift; path = Photo.swift; sourceTree = "<group>"; };
		7DCA988D5B882FAB9AD1F2EA756C865D /* EditPostNavigator.swift */ = {isa = PBXFileReference; lastKnownFileType = sourcecode.swift; path = EditPostNavigator.swift; sourceTree = "<group>"; };
		81316151F2B34788B9134B3F9ACD45AB /* PostsUseCase.swift */ = {isa = PBXFileReference; lastKnownFileType = sourcecode.swift; path = PostsUseCase.swift; sourceTree = "<group>"; };
		86661D33559C0E8F6820A2AA9A9DC742 /* UseCaseProvider.swift */ = {isa = PBXFileReference; lastKnownFileType = sourcecode.swift; path = UseCaseProvider.swift; sourceTree = "<group>"; };
		936794C9DAA543006AE6FC853FF0F547 /* UseCaseProvider.swift */ = {isa = PBXFileReference; lastKnownFileType = sourcecode.swift; path = UseCaseProvider.swift; sourceTree = "<group>"; };
		953FFA1C0C0FF27A9349FB244F1E8AB5 /* PostsViewModel.swift */ = {isa = PBXFileReference; lastKnownFileType = sourcecode.swift; path = PostsViewModel.swift; sourceTree = "<group>"; };
		99210BEB19B8BD67423835AE9C262432 /* Company.swift */ = {isa = PBXFileReference; lastKnownFileType = sourcecode.swift; path = Company.swift; sourceTree = "<group>"; };
		9947C2C706BB87902B8B429CBA819B30 /* Base */ = {isa = PBXFileReference; lastKnownFileType = file.storyboard; name = Base; path = Base.lproj/LaunchScreen.storyboard; sourceTree = "<group>"; };
		9BB3C4D8D660356F108203EA54292B1E /* Domain.h */ = {isa = PBXFileReference; lastKnownFileType = sourcecode.c.h; path = Domain.h; sourceTree = "<group>"; };
		9F8BD9AC3CFF7E03C6E33A212B066F9D /* Comment.swift */ = {isa = PBXFileReference; lastKnownFileType = sourcecode.swift; path = Comment.swift; sourceTree = "<group>"; };
		A2766365AB1BF626BF20FA45DF6AD82A /* AppDelegate.swift */ = {isa = PBXFileReference; lastKnownFileType = sourcecode.swift; path = AppDelegate.swift; sourceTree = "<group>"; };
		A37E802B437FBF9307F29DBB50D67E1D /* CreatePostViewController.swift */ = {isa = PBXFileReference; lastKnownFileType = sourcecode.swift; path = CreatePostViewController.swift; sourceTree = "<group>"; };
		B3E582E6BE8547246D500B78BECA58C8 /* CreatePostViewModel.swift */ = {isa = PBXFileReference; lastKnownFileType = sourcecode.swift; path = CreatePostViewModel.swift; sourceTree = "<group>"; };
		BA6EA40240CB3C7FC717C6EFE089618D /* DomainTests.swift */ = {isa = PBXFileReference; lastKnownFileType = sourcecode.swift; path = DomainTests.swift; sourceTree = "<group>"; };
		C14BA31D1170F45E2C60ABD8C1208BB0 /* UsersNetwork.swift */ = {isa = PBXFileReference; lastKnownFileType = sourcecode.swift; path = UsersNetwork.swift; sourceTree = "<group>"; };
		C1EFB1E83DED659F865AA549CE80388C /* RxTest.framework */ = {isa = PBXFileReference; lastKnownFileType = wrapper.framework; path = RxTest.framework; sourceTree = "<group>"; };
		C6C06B8EAD2CCA44D24581D87EB39F4D /* Domain.framework */ = {isa = PBXFileReference; explicitFileType = wrapper.framework; includeInIndex = 0; path = Domain.framework; sourceTree = BUILT_PRODUCTS_DIR; };
		CB9EBF03D817A425CF238022F5BB29F7 /* Info.plist */ = {isa = PBXFileReference; lastKnownFileType = text.plist.xml; path = Info.plist; sourceTree = "<group>"; };
		CCA48A85BC67F7A2ED1F97DEC79C8FF9 /* Assets.xcassets */ = {isa = PBXFileReference; lastKnownFileType = folder.assetcatalog; path = Assets.xcassets; sourceTree = "<group>"; };
		D028F4A86F7A31786F9B7C5013A89A64 /* Base */ = {isa = PBXFileReference; lastKnownFileType = file.storyboard; name = Base; path = Base.lproj/Main.storyboard; sourceTree = "<group>"; };
		D09E564E752C2BBAA0EB8FAD867D0533 /* ErrorTracker.swift */ = {isa = PBXFileReference; lastKnownFileType = sourcecode.swift; path = ErrorTracker.swift; sourceTree = "<group>"; };
		D6AD40A81FC61CFB1246C2202B21D580 /* NetworkPlatform.framework */ = {isa = PBXFileReference; explicitFileType = wrapper.framework; includeInIndex = 0; path = NetworkPlatform.framework; sourceTree = BUILT_PRODUCTS_DIR; };
		D9000C9435D9C569E24362E81E29AF47 /* PostTableViewCell.swift */ = {isa = PBXFileReference; lastKnownFileType = sourcecode.swift; path = PostTableViewCell.swift; sourceTree = "<group>"; };
		E903BC1C09CFADEB0098E9DC6CAC0924 /* Encodable.swift */ = {isa = PBXFileReference; lastKnownFileType = sourcecode.swift; path = Encodable.swift; sourceTree = "<group>"; };
		EFAB3CB206FB8DA30C9E685271D18056 /* Observable+Ext.swift */ = {isa = PBXFileReference; lastKnownFileType = sourcecode.swift; path = "Observable+Ext.swift"; sourceTree = "<group>"; };
		F33B116E734FAE80FBCA4B6A1E8F1067 /* Network.h */ = {isa = PBXFileReference; lastKnownFileType = sourcecode.c.h; path = Network.h; sourceTree = "<group>"; };
		F807CA7344D5E32B6C3F5AFC50612EE1 /* CreatePostNavigator.swift */ = {isa = PBXFileReference; lastKnownFileType = sourcecode.swift; path = CreatePostNavigator.swift; sourceTree = "<group>"; };
		F82D4F255614E8B1466BE9D167F3D17E /* User.swift */ = {isa = PBXFileReference; lastKnownFileType = sourcecode.swift; path = User.swift; sourceTree = "<group>"; };
		F8DEA8FB699B764FE866FA473E725582 /* Location.swift */ = {isa = PBXFileReference; lastKnownFileType = sourcecode.swift; path = Location.swift; sourceTree = "<group>"; };
		FCE59CE8A6B9F92476D6347D07E3BEBE /* RxAlamofire.framework */ = {isa = PBXFileReference; lastKnownFileType = wrapper.framework; path = RxAlamofire.framework; sourceTree = "<group>"; };
/* End PBXFileReference section */

/* Begin PBXFrameworksBuildPhase section */
		33E44BE80EEF765DC90F2B99A81A7495 /* Frameworks */ = {
			isa = PBXFrameworksBuildPhase;
			buildActionMask = 2147483647;
			files = (
				BAFB2BCE7421223C9DAD3FD18F61E92A /* Domain.framework in Frameworks */,
				513FF97169CA1E460E143A523488401A /* RxSwift.framework in Frameworks */,
				C09A0F4F53F64B867BB30A2FD8AAEDA4 /* RxAlamofire.framework in Frameworks */,
				A0A2E4EF11473A02D1EBCAC5AC6203D5 /* Alamofire.framework in Frameworks */,
				0C90561997B739BC4BFE214980E952F2 /* RxAtomic.framework in Frameworks */,
			);
			runOnlyForDeploymentPostprocessing = 0;
		};
		458665648836C23D7FBE1B7FCD599F53 /* Frameworks */ = {
			isa = PBXFrameworksBuildPhase;
			buildActionMask = 2147483647;
			files = (
				4B1A79550985183A9DF98A8F1E98376F /* RxSwift.framework in Frameworks */,
			);
			runOnlyForDeploymentPostprocessing = 0;
		};
		CED6E7227C549B004747010717F6D27E /* Frameworks */ = {
			isa = PBXFrameworksBuildPhase;
			buildActionMask = 2147483647;
			files = (
				48AEE3CF8B21E60E5B6A091BEFBFB678 /* RxTest.framework in Frameworks */,
				158B82564A24590B6F73B4CA28A93D6C /* RxBlocking.framework in Frameworks */,
				457DA0714B4EF23395A456351C5C3EFB /* Domain.framework in Frameworks */,
			);
			runOnlyForDeploymentPostprocessing = 0;
		};
		D1B977B5246B2D3A1666A54768A6BA05 /* Frameworks */ = {
			isa = PBXFrameworksBuildPhase;
			buildActionMask = 2147483647;
			files = (
				175866715972B5A5E278BB2A315519EC /* Domain.framework in Frameworks */,
				466DFCBE997023AF7AEAAD0F74C048D9 /* NetworkPlatform.framework in Frameworks */,
				E0F41E8F4BA749E60C01B4C9BDF3FF9E /* RxSwift.framework in Frameworks */,
				D75593A04F3780AFA44A96F3AE19501C /* RxCocoa.framework in Frameworks */,
			);
			runOnlyForDeploymentPostprocessing = 0;
		};
/* End PBXFrameworksBuildPhase section */

/* Begin PBXGroup section */
		1E43BBFC30C6B4A8A4F99FDA259BC1DD /* EditPost */ = {
			isa = PBXGroup;
			children = (
				7DCA988D5B882FAB9AD1F2EA756C865D /* EditPostNavigator.swift */,
				092CF8202A38CB405808076EF985F621 /* EditPostViewController.swift */,
				12B7B60BDB89148D98572A6A26D01A66 /* EditPostViewModel.swift */,
			);
			path = EditPost;
			sourceTree = "<group>";
		};
		29CD03646E59A57BC1D5FDD66772BF11 /* Entries */ = {
			isa = PBXGroup;
			children = (
				67843142D27A7B33E1A09B1DACAEE4D2 /* Post+Mapping.swift */,
				BC0EDAFD3C5291C7D945E0F2DDA9BE00 /* Encodable */,
			);
			path = Entries;
			sourceTree = "<group>";
		};
		2BFCC811DCC6A4331EC54762F3025416 /* Carthage */ = {
			isa = PBXGroup;
			children = (
				61DD98D7F9E4D679C22B3A1B387EA23C /* iOS */,
			);
			name = Carthage;
			path = Carthage/Build;
			sourceTree = "<group>";
		};
		61DD98D7F9E4D679C22B3A1B387EA23C /* iOS */ = {
			isa = PBXGroup;
			children = (
				4A422D822DAE233F2AC201BE93BC1003 /* Alamofire.framework */,
				FCE59CE8A6B9F92476D6347D07E3BEBE /* RxAlamofire.framework */,
				34585F1E61FAE01E1D5E82E0459F345B /* RxAtomic.framework */,
				70677C39F24CCC6582BDCF9886D14A89 /* RxBlocking.framework */,
				60346D37B452AE5A3AC7109353A4488F /* RxCocoa.framework */,
				6D2E55D6E0EDACFD92431A564BBAD2B1 /* RxSwift.framework */,
				C1EFB1E83DED659F865AA549CE80388C /* RxTest.framework */,
			);
			path = iOS;
			sourceTree = "<group>";
		};
		6AEE0DC445A7D822A7598E48038C3CB1 /* Cache */ = {
			isa = PBXGroup;
			children = (
				2D0F264C080C4AF36229B72ACACD4606 /* Cache.swift */,
			);
			path = Cache;
			sourceTree = "<group>";
		};
		83E2AE33217A8CFE7D3D27C0CD1F4323 /* Scenes */ = {
			isa = PBXGroup;
			children = (
				EC44EBC76EAA8AAE92BF0A6785C8B572 /* AllPosts */,
				90D2F5045C6362069CCE2340FE5448E3 /* CreatePost */,
				1E43BBFC30C6B4A8A4F99FDA259BC1DD /* EditPost */,
			);
			path = Scenes;
			sourceTree = "<group>";
		};
		893388FD26F99F15C9B3D0E7DE2578D7 /* CleanArchitectureRxSwift */ = {
			isa = PBXGroup;
			children = (
				A2766365AB1BF626BF20FA45DF6AD82A /* AppDelegate.swift */,
				CCA48A85BC67F7A2ED1F97DEC79C8FF9 /* Assets.xcassets */,
				10C3875B5A8D8A74BA24D854C6BA6150 /* Info.plist */,
				9DFA094C015EE5DA67F6186A74DC814A /* LaunchScreen.storyboard */,
				325E0116C36B8BE1E9E48705B2407AA6 /* Main.storyboard */,
				AAB437D0DE6CDC4D0B25F1FD8B062842 /* Application */,
				9C04FD62E126B21424A69447902CCB4E /* Common */,
				83E2AE33217A8CFE7D3D27C0CD1F4323 /* Scenes */,
				F8E8BB3DEA18CB3D3B3062CC3DD8E33E /* Utility */,
			);
			path = CleanArchitectureRxSwift;
			sourceTree = "<group>";
		};
		90B894836E0D1E03A4FC56C880BC7C4C /* Domain */ = {
			isa = PBXGroup;
			children = (
				9BB3C4D8D660356F108203EA54292B1E /* Domain.h */,
				0770472FB5315FD10B01241AB8D0B67A /* Info.plist */,
				FEF2E9AE47311EF94C3E418958767974 /* Entries */,
				F8D9E2F98A67D4AC995E5599FABBC724 /* UseCases */,
			);
			path = Domain;
			sourceTree = "<group>";
		};
		90D2F5045C6362069CCE2340FE5448E3 /* CreatePost */ = {
			isa = PBXGroup;
			children = (
				F807CA7344D5E32B6C3F5AFC50612EE1 /* CreatePostNavigator.swift */,
				A37E802B437FBF9307F29DBB50D67E1D /* CreatePostViewController.swift */,
				B3E582E6BE8547246D500B78BECA58C8 /* CreatePostViewModel.swift */,
			);
			path = CreatePost;
			sourceTree = "<group>";
		};
		94357232E678A9F2A5A05AE69461E153 /* Network */ = {
			isa = PBXGroup;
			children = (
				6F9AA0479035F380F43EB42BACAA1968 /* Network.swift */,
				26FADF46B86C08B52B370ED45FB7F803 /* NetworkProvider.swift */,
			);
			path = Network;
			sourceTree = "<group>";
		};
		9872D8D3DCC1A0915A66FDE51E9EEB77 /* Frameworks */ = {
			isa = PBXGroup;
			children = (
				2BFCC811DCC6A4331EC54762F3025416 /* Carthage */,
			);
			name = Frameworks;
			sourceTree = "<group>";
		};
		9C04FD62E126B21424A69447902CCB4E /* Common */ = {
			isa = PBXGroup;
			children = (
				36707018AFC693668E3786D9115E03B0 /* ViewModelType.swift */,
			);
			path = Common;
			sourceTree = "<group>";
		};
		AAB437D0DE6CDC4D0B25F1FD8B062842 /* Application */ = {
			isa = PBXGroup;
			children = (
				612F007ABA4741B9A6C0C08947C7E667 /* Application.swift */,
			);
			path = Application;
			sourceTree = "<group>";
		};
		AD1D4C8CD8268F01D78E92F5ADF049DD = {
			isa = PBXGroup;
			children = (
				893388FD26F99F15C9B3D0E7DE2578D7 /* CleanArchitectureRxSwift */,
				90B894836E0D1E03A4FC56C880BC7C4C /* Domain */,
				E395A45313471A26722E0258BD657EBF /* DomainTests */,
				E6C23BEB30FF013A4C9B2992F4873489 /* NetworkPlatform */,
				9872D8D3DCC1A0915A66FDE51E9EEB77 /* Frameworks */,
				DCFD47972011247535813229F49B431A /* Products */,
			);
			sourceTree = "<group>";
		};
		BC0EDAFD3C5291C7D945E0F2DDA9BE00 /* Encodable */ = {
			isa = PBXGroup;
			children = (
				E903BC1C09CFADEB0098E9DC6CAC0924 /* Encodable.swift */,
			);
			path = Encodable;
			sourceTree = "<group>";
		};
		DCFD47972011247535813229F49B431A /* Products */ = {
			isa = PBXGroup;
			children = (
				6B3C69B0F6542DDE2CC700115A6E265D /* CleanArchitectureRxSwift.app */,
				C6C06B8EAD2CCA44D24581D87EB39F4D /* Domain.framework */,
				1A71FBA5A9C08477A3C8B7A05C7E3E4B /* DomainTests.xctest */,
				D6AD40A81FC61CFB1246C2202B21D580 /* NetworkPlatform.framework */,
			);
			name = Products;
			sourceTree = "<group>";
		};
		E1B4B719639AA5F8E7ED2C8650682F71 /* API */ = {
			isa = PBXGroup;
			children = (
				47B1727361CB0BB8BCB7364D2C6C53C9 /* AlbumsNetwork.swift */,
				2C950029509E78B566A3E2CCC033E37A /* CommentsNetwork.swift */,
				0C72194CAAE8C7DA1D613DED646AAA96 /* PhotosNetwork.swift */,
				77DC0F83A0FCB22590D14E917BA44A76 /* PostsNetwork.swift */,
				33415C76E6C9747692D367B85919EDB7 /* TodosNetwork.swift */,
				C14BA31D1170F45E2C60ABD8C1208BB0 /* UsersNetwork.swift */,
			);
			path = API;
			sourceTree = "<group>";
		};
		E395A45313471A26722E0258BD657EBF /* DomainTests */ = {
			isa = PBXGroup;
			children = (
				BA6EA40240CB3C7FC717C6EFE089618D /* DomainTests.swift */,
				58D4757679310CEA58FE1F51C40D98E8 /* Info.plist */,
			);
			path = DomainTests;
			sourceTree = "<group>";
		};
		E6C23BEB30FF013A4C9B2992F4873489 /* NetworkPlatform */ = {
			isa = PBXGroup;
			children = (
				CB9EBF03D817A425CF238022F5BB29F7 /* Info.plist */,
				F33B116E734FAE80FBCA4B6A1E8F1067 /* Network.h */,
				E1B4B719639AA5F8E7ED2C8650682F71 /* API */,
				6AEE0DC445A7D822A7598E48038C3CB1 /* Cache */,
				29CD03646E59A57BC1D5FDD66772BF11 /* Entries */,
				94357232E678A9F2A5A05AE69461E153 /* Network */,
				F02A56A4BE05F8FD71EB90DDD2C155F7 /* UseCases */,
			);
			path = NetworkPlatform;
			sourceTree = "<group>";
		};
		EC44EBC76EAA8AAE92BF0A6785C8B572 /* AllPosts */ = {
			isa = PBXGroup;
			children = (
				291E71BC0024BAA0FB0D07615B8A3937 /* PostItemViewModel.swift */,
				319DE59ED517D412A9B554998AE5EB6C /* PostsNavigator.swift */,
				066039BF2F8F159D65075C5A08D692CD /* PostsViewController.swift */,
				953FFA1C0C0FF27A9349FB244F1E8AB5 /* PostsViewModel.swift */,
				D9000C9435D9C569E24362E81E29AF47 /* PostTableViewCell.swift */,
			);
			path = AllPosts;
			sourceTree = "<group>";
		};
		F02A56A4BE05F8FD71EB90DDD2C155F7 /* UseCases */ = {
			isa = PBXGroup;
			children = (
				81316151F2B34788B9134B3F9ACD45AB /* PostsUseCase.swift */,
				936794C9DAA543006AE6FC853FF0F547 /* UseCaseProvider.swift */,
			);
			path = UseCases;
			sourceTree = "<group>";
		};
		F8D9E2F98A67D4AC995E5599FABBC724 /* UseCases */ = {
			isa = PBXGroup;
			children = (
				6D634111E8EB08986615A362250C38F3 /* PostsUseCase.swift */,
				86661D33559C0E8F6820A2AA9A9DC742 /* UseCaseProvider.swift */,
			);
			path = UseCases;
			sourceTree = "<group>";
		};
		F8E8BB3DEA18CB3D3B3062CC3DD8E33E /* Utility */ = {
			isa = PBXGroup;
			children = (
				0BFB13FEF61971DE9820F702F2F0F5EA /* ActivityIndicator.swift */,
				D09E564E752C2BBAA0EB8FAD867D0533 /* ErrorTracker.swift */,
				EFAB3CB206FB8DA30C9E685271D18056 /* Observable+Ext.swift */,
				1087C2F944CC9BEF5E5672FB726C7343 /* Reusable.swift */,
			);
			path = Utility;
			sourceTree = "<group>";
		};
		FEF2E9AE47311EF94C3E418958767974 /* Entries */ = {
			isa = PBXGroup;
			children = (
				3A4085303E9A74260E91572549543A6B /* Address.swift */,
				53C4F460C662CD0FEB75DD4F2BE0482A /* Album.swift */,
				9F8BD9AC3CFF7E03C6E33A212B066F9D /* Comment.swift */,
				99210BEB19B8BD67423835AE9C262432 /* Company.swift */,
				F8DEA8FB699B764FE866FA473E725582 /* Location.swift */,
				78D67D58F0341E760F69A74F1AC23195 /* Photo.swift */,
				700CBA294FB44EED4080EB462F5EADE4 /* Post.swift */,
				50FC1C09C17D6883153AD13987B9F8D8 /* Todo.swift */,
				F82D4F255614E8B1466BE9D167F3D17E /* User.swift */,
			);
			path = Entries;
			sourceTree = "<group>";
		};
/* End PBXGroup section */

/* Begin PBXHeadersBuildPhase section */
		63624C070BC27244540C6E2C31BE7E99 /* Headers */ = {
			isa = PBXHeadersBuildPhase;
			buildActionMask = 2147483647;
			files = (
				D3584A1EE8F5CB96EBE4B0A4C9577502 /* Network.h in Headers */,
			);
			runOnlyForDeploymentPostprocessing = 0;
		};
		CD259A8198457267E2A7045AFF1C4CDC /* Headers */ = {
			isa = PBXHeadersBuildPhase;
			buildActionMask = 2147483647;
			files = (
				0C0F80405EEC9AD6E679412EA2A03B30 /* Domain.h in Headers */,
			);
			runOnlyForDeploymentPostprocessing = 0;
		};
/* End PBXHeadersBuildPhase section */

/* Begin PBXNativeTarget section */
		35C90DE9A7E16CA213195A1D562B27E8 /* NetworkPlatform */ = {
			isa = PBXNativeTarget;
			buildConfigurationList = 02A35BB3CB50C6BA4AEF0CA97BBFE61C /* Build configuration list for PBXNativeTarget "NetworkPlatform" */;
			buildPhases = (
				63624C070BC27244540C6E2C31BE7E99 /* Headers */,
				15E234E6567B39370FF1960BF0EE83B0 /* Sources */,
				33E44BE80EEF765DC90F2B99A81A7495 /* Frameworks */,
			);
			buildRules = (
			);
			dependencies = (
				8D1868F8224383C1FF53B5E47E32A7D5 /* PBXTargetDependency */,
			);
			name = NetworkPlatform;
			productName = NetworkPlatform;
			productReference = D6AD40A81FC61CFB1246C2202B21D580 /* NetworkPlatform.framework */;
			productType = "com.apple.product-type.framework";
		};
		654D12A83FD9F05C7DEA9B50DBCE7758 /* DomainTests */ = {
			isa = PBXNativeTarget;
			buildConfigurationList = F1CBB3BD651BD3D83BC83FDA96EEE403 /* Build configuration list for PBXNativeTarget "DomainTests" */;
			buildPhases = (
				995FFC12CF8F25EFAD5B5830B965B669 /* Sources */,
				CED6E7227C549B004747010717F6D27E /* Frameworks */,
				E94F13B0D05175A221EFBD45447CA7B2 /* Embed Frameworks */,
			);
			buildRules = (
			);
			dependencies = (
				CB91586ED34A464F5B6F8C0DBC1BD3ED /* PBXTargetDependency */,
			);
			name = DomainTests;
			productName = DomainTests;
			productReference = 1A71FBA5A9C08477A3C8B7A05C7E3E4B /* DomainTests.xctest */;
			productType = "com.apple.product-type.bundle.unit-test";
		};
		C004308603E477F6EFD53AAF60D5AF1A /* CleanArchitectureRxSwift */ = {
			isa = PBXNativeTarget;
			buildConfigurationList = 3681FF1D4B05F7171B046E43938BC7A4 /* Build configuration list for PBXNativeTarget "CleanArchitectureRxSwift" */;
			buildPhases = (
				0913F1C5594B10A99095C0FB84E43683 /* Sources */,
				51C6C7E112851BE490890A7BEA6499EE /* Resources */,
				B872C82397567EF03ABBC4EC0DA2F907 /* Carthage */,
				D1B977B5246B2D3A1666A54768A6BA05 /* Frameworks */,
				889ACF474040C17ABE2DE47483452CB2 /* Embed Frameworks */,
			);
			buildRules = (
			);
			dependencies = (
				63DF6CEA5FE223598D455E09BCA2BF9C /* PBXTargetDependency */,
				4B7B572CACAFB75EF8C43F41FF0A3FEB /* PBXTargetDependency */,
			);
			name = CleanArchitectureRxSwift;
			productName = CleanArchitectureRxSwift;
			productReference = 6B3C69B0F6542DDE2CC700115A6E265D /* CleanArchitectureRxSwift.app */;
			productType = "com.apple.product-type.application";
		};
		EBE2EF3741F39D587E3517798B1A8B86 /* Domain */ = {
			isa = PBXNativeTarget;
			buildConfigurationList = FA5B94E21B7BE5D3613D668CF2DCC3F3 /* Build configuration list for PBXNativeTarget "Domain" */;
			buildPhases = (
				CD259A8198457267E2A7045AFF1C4CDC /* Headers */,
				61CAF2A98B5E2C548C9B4EAA20210C42 /* Sources */,
				458665648836C23D7FBE1B7FCD599F53 /* Frameworks */,
			);
			buildRules = (
			);
			dependencies = (
			);
			name = Domain;
			productName = Domain;
			productReference = C6C06B8EAD2CCA44D24581D87EB39F4D /* Domain.framework */;
			productType = "com.apple.product-type.framework";
		};
/* End PBXNativeTarget section */

/* Begin PBXProject section */
		DEA1FA0AE316F9D1D921F66A8E7F5EA1 /* Project object */ = {
			isa = PBXProject;
			attributes = {
				LastUpgradeCheck = 1000;
			};
			buildConfigurationList = 394BEA38AF487E8799E518FA0EA9A674 /* Build configuration list for PBXProject "CleanArchitectureRxSwift" */;
			compatibilityVersion = "Xcode 9.3";
			developmentRegion = en;
			hasScannedForEncodings = 0;
			knownRegions = (
				Base,
			);
			mainGroup = AD1D4C8CD8268F01D78E92F5ADF049DD;
			projectDirPath = "";
			projectRoot = "";
			targets = (
				C004308603E477F6EFD53AAF60D5AF1A /* CleanArchitectureRxSwift */,
				EBE2EF3741F39D587E3517798B1A8B86 /* Domain */,
				654D12A83FD9F05C7DEA9B50DBCE7758 /* DomainTests */,
				35C90DE9A7E16CA213195A1D562B27E8 /* NetworkPlatform */,
			);
		};
/* End PBXProject section */

/* Begin PBXResourcesBuildPhase section */
		51C6C7E112851BE490890A7BEA6499EE /* Resources */ = {
			isa = PBXResourcesBuildPhase;
			buildActionMask = 2147483647;
			files = (
				67B6F90950849B7489A3DE0473B6B21D /* Assets.xcassets in Resources */,
				D4566AF1A8F5AFF508A0388294E355D3 /* LaunchScreen.storyboard in Resources */,
				A37D6B374D564EDBDC24A44519703CA7 /* Main.storyboard in Resources */,
			);
			runOnlyForDeploymentPostprocessing = 0;
		};
/* End PBXResourcesBuildPhase section */

/* Begin PBXShellScriptBuildPhase section */
		B872C82397567EF03ABBC4EC0DA2F907 /* Carthage */ = {
			isa = PBXShellScriptBuildPhase;
			buildActionMask = 2147483647;
			files = (
			);
			inputPaths = (
				"$(SRCROOT)/Carthage/Build/iOS/Alamofire.framework",
				"$(SRCROOT)/Carthage/Build/iOS/RxAlamofire.framework",
				"$(SRCROOT)/Carthage/Build/iOS/RxAtomic.framework",
				"$(SRCROOT)/Carthage/Build/iOS/RxCocoa.framework",
				"$(SRCROOT)/Carthage/Build/iOS/RxSwift.framework",
			);
			name = Carthage;
			outputPaths = (
				"$(BUILT_PRODUCTS_DIR)/$(FRAMEWORKS_FOLDER_PATH)/Alamofire.framework",
				"$(BUILT_PRODUCTS_DIR)/$(FRAMEWORKS_FOLDER_PATH)/RxAlamofire.framework",
				"$(BUILT_PRODUCTS_DIR)/$(FRAMEWORKS_FOLDER_PATH)/RxAtomic.framework",
				"$(BUILT_PRODUCTS_DIR)/$(FRAMEWORKS_FOLDER_PATH)/RxCocoa.framework",
				"$(BUILT_PRODUCTS_DIR)/$(FRAMEWORKS_FOLDER_PATH)/RxSwift.framework",
			);
			runOnlyForDeploymentPostprocessing = 0;
			shellPath = /bin/sh;
			shellScript = "carthage copy-frameworks\n";
		};
/* End PBXShellScriptBuildPhase section */

/* Begin PBXSourcesBuildPhase section */
		0913F1C5594B10A99095C0FB84E43683 /* Sources */ = {
			isa = PBXSourcesBuildPhase;
			buildActionMask = 2147483647;
			files = (
				C426A498FB7795CBEBCFD726492707A7 /* ActivityIndicator.swift in Sources */,
				D53742D7395BC03F7B35400CBAFC4364 /* AppDelegate.swift in Sources */,
				6AB9E608C1BA32583F585C18AB921228 /* Application.swift in Sources */,
				15AE1AF607759E10B00A6F1DE79BE874 /* CreatePostNavigator.swift in Sources */,
				D5FD1E9A5E871CFAB2F86844B2F323DA /* CreatePostViewController.swift in Sources */,
				BED4DC2DDF698B127ACBDF4629B5C8D2 /* CreatePostViewModel.swift in Sources */,
				701A0A4C13364204320BE93A6E25FA8A /* EditPostNavigator.swift in Sources */,
				ED0A0DFFA0007E43150629D8B3EAFABB /* EditPostViewController.swift in Sources */,
				CAC3C09414DEB6443956D61BAB17A4EB /* EditPostViewModel.swift in Sources */,
				2DB30D59DF61559E931FB818676F833B /* ErrorTracker.swift in Sources */,
				7EE51A568AA550080589FF773CEB3083 /* Observable+Ext.swift in Sources */,
				0FB01DBDE7F0240D8643C86FD4496B4A /* PostItemViewModel.swift in Sources */,
				FEA6223125EC0767DB40B8C1A701AF2C /* PostTableViewCell.swift in Sources */,
				3BAFDC1B6C02E1EF2373AD65760C007E /* PostsNavigator.swift in Sources */,
				BEC2A1565EB6ADC1C93E3557333B9CB7 /* PostsViewController.swift in Sources */,
				82DD2710FF63B8DD3FA1B581F7066E0F /* PostsViewModel.swift in Sources */,
				66915FE4C1CCDC10241BE4FA6D936F12 /* Reusable.swift in Sources */,
				03CAA48BCAF728E5B798DA2A0614BA0D /* ViewModelType.swift in Sources */,
			);
			runOnlyForDeploymentPostprocessing = 0;
		};
		15E234E6567B39370FF1960BF0EE83B0 /* Sources */ = {
			isa = PBXSourcesBuildPhase;
			buildActionMask = 2147483647;
			files = (
				CBB85CBA9A452DCFBF956DCD0F5130AB /* AlbumsNetwork.swift in Sources */,
				5E0BC10938ABEB88C8619A9B048FF2CE /* Cache.swift in Sources */,
				4485769FC9C7F3227943F85AAFA4807A /* CommentsNetwork.swift in Sources */,
				21753B45DE7E9B47786F273CA96DA4EB /* Encodable.swift in Sources */,
				8744D4D1D02C7BC6F4AB40945B753C62 /* Network.swift in Sources */,
				1D19ABE005A25F20F6FAE776383BC394 /* NetworkProvider.swift in Sources */,
				1ECAA74E7AA98AEF4360830D5ECEC1F9 /* PhotosNetwork.swift in Sources */,
				457156FC2E09810F722872E0D1D1EF2C /* Post+Mapping.swift in Sources */,
				64EBC94780D02E347DB5278B1E4B3441 /* PostsNetwork.swift in Sources */,
				7B8138879CFB5207D526AECB420EEE54 /* PostsUseCase.swift in Sources */,
				95625681354E41B373B48F5AAD8324A8 /* TodosNetwork.swift in Sources */,
				FE6657D6B8066D9288ECA24DC1F87071 /* UseCaseProvider.swift in Sources */,
				D7F6F707BB9EE93D1FA6FBFDA05012D2 /* UsersNetwork.swift in Sources */,
			);
			runOnlyForDeploymentPostprocessing = 0;
		};
		61CAF2A98B5E2C548C9B4EAA20210C42 /* Sources */ = {
			isa = PBXSourcesBuildPhase;
			buildActionMask = 2147483647;
			files = (
				10349452A2C01345C40B65D022F6B5CC /* Address.swift in Sources */,
				05401F742CEBFDC9AE18CB1FEF97036B /* Album.swift in Sources */,
				EF17A5E0ED51544303BEF17333944129 /* Comment.swift in Sources */,
				A4DA568B193A179FA3D80CC9663BA2D5 /* Company.swift in Sources */,
				34FD226F164ED1C2E3C5EC4F64FC6561 /* Location.swift in Sources */,
				2779DF8E6388C5B538F071B7E62666BA /* Photo.swift in Sources */,
				65E905FF7890286889ECAE24DBECB48D /* Post.swift in Sources */,
				38F5CB4AB28ACA7E36393DCFF4872A4E /* PostsUseCase.swift in Sources */,
				A3E9ABC040C46344798EB043BF9D2D28 /* Todo.swift in Sources */,
				7104C9216AA7F5AAD73C0A2670C6C711 /* UseCaseProvider.swift in Sources */,
				BF75DA0AF3DFAAD51719782C780C65EA /* User.swift in Sources */,
			);
			runOnlyForDeploymentPostprocessing = 0;
		};
		995FFC12CF8F25EFAD5B5830B965B669 /* Sources */ = {
			isa = PBXSourcesBuildPhase;
			buildActionMask = 2147483647;
			files = (
				CFE96099CF20A2937049628CEF69FD50 /* DomainTests.swift in Sources */,
			);
			runOnlyForDeploymentPostprocessing = 0;
		};
/* End PBXSourcesBuildPhase section */

/* Begin PBXTargetDependency section */
		4B7B572CACAFB75EF8C43F41FF0A3FEB /* PBXTargetDependency */ = {
			isa = PBXTargetDependency;
			target = 35C90DE9A7E16CA213195A1D562B27E8 /* NetworkPlatform */;
			targetProxy = A82F1D4D69428935F7ED68F21EFEA86E /* PBXContainerItemProxy */;
		};
		63DF6CEA5FE223598D455E09BCA2BF9C /* PBXTargetDependency */ = {
			isa = PBXTargetDependency;
			target = EBE2EF3741F39D587E3517798B1A8B86 /* Domain */;
			targetProxy = 66F7D7746B369B17D7A48252FAAB8541 /* PBXContainerItemProxy */;
		};
		8D1868F8224383C1FF53B5E47E32A7D5 /* PBXTargetDependency */ = {
			isa = PBXTargetDependency;
			target = EBE2EF3741F39D587E3517798B1A8B86 /* Domain */;
			targetProxy = 173B5F982FCCC7E264153F28C9BEB5C4 /* PBXContainerItemProxy */;
		};
		CB91586ED34A464F5B6F8C0DBC1BD3ED /* PBXTargetDependency */ = {
			isa = PBXTargetDependency;
			target = EBE2EF3741F39D587E3517798B1A8B86 /* Domain */;
			targetProxy = C976734FB37F248DF39E95731FA4AF93 /* PBXContainerItemProxy */;
		};
/* End PBXTargetDependency section */

/* Begin PBXVariantGroup section */
		325E0116C36B8BE1E9E48705B2407AA6 /* Main.storyboard */ = {
			isa = PBXVariantGroup;
			children = (
				D028F4A86F7A31786F9B7C5013A89A64 /* Base */,
			);
			name = Main.storyboard;
			sourceTree = "<group>";
		};
		9DFA094C015EE5DA67F6186A74DC814A /* LaunchScreen.storyboard */ = {
			isa = PBXVariantGroup;
			children = (
				9947C2C706BB87902B8B429CBA819B30 /* Base */,
			);
			name = LaunchScreen.storyboard;
			sourceTree = "<group>";
		};
/* End PBXVariantGroup section */

/* Begin XCBuildConfiguration section */
		08E86304FE9227490B7CF9964A311DAB /* Release */ = {
			isa = XCBuildConfiguration;
			buildSettings = {
				ALWAYS_EMBED_SWIFT_STANDARD_LIBRARIES = YES;
				ASSETCATALOG_COMPILER_APPICON_NAME = AppIcon;
				CODE_SIGN_IDENTITY = "iPhone Developer";
				FRAMEWORK_SEARCH_PATHS = (
					"$(inherited)",
					"$(PROJECT_DIR)/Carthage/Build/iOS",
				);
				INFOPLIST_FILE = CleanArchitectureRxSwift/Info.plist;
				IPHONEOS_DEPLOYMENT_TARGET = 12.0;
				LD_RUNPATH_SEARCH_PATHS = "$(inherited) @executable_path/Frameworks";
				PRODUCT_BUNDLE_IDENTIFIER = com.clean.CleanArchitectureRxSwift;
				SDKROOT = iphoneos;
				TARGETED_DEVICE_FAMILY = "1,2";
			};
			name = Release;
		};
		0938D099E2282EECC5CC465E08C0106E /* Debug */ = {
			isa = XCBuildConfiguration;
			buildSettings = {
				ALWAYS_EMBED_SWIFT_STANDARD_LIBRARIES = YES;
				ASSETCATALOG_COMPILER_APPICON_NAME = AppIcon;
				CODE_SIGN_IDENTITY = "iPhone Developer";
				FRAMEWORK_SEARCH_PATHS = (
					"$(inherited)",
					"$(PROJECT_DIR)/Carthage/Build/iOS",
				);
				INFOPLIST_FILE = CleanArchitectureRxSwift/Info.plist;
				IPHONEOS_DEPLOYMENT_TARGET = 12.0;
				LD_RUNPATH_SEARCH_PATHS = "$(inherited) @executable_path/Frameworks";
				PRODUCT_BUNDLE_IDENTIFIER = com.clean.CleanArchitectureRxSwift;
				SDKROOT = iphoneos;
				TARGETED_DEVICE_FAMILY = "1,2";
			};
			name = Debug;
		};
		58BB588233A27D9C01B646032E7543C8 /* Debug */ = {
			isa = XCBuildConfiguration;
			buildSettings = {
				BUNDLE_LOADER = "$(TEST_HOST)";
				FRAMEWORK_SEARCH_PATHS = (
					"$(inherited)",
					"$(PROJECT_DIR)/Carthage/Build/iOS",
				);
				INFOPLIST_FILE = DomainTests/Info.plist;
				IPHONEOS_DEPLOYMENT_TARGET = 12.0;
				LD_RUNPATH_SEARCH_PATHS = "$(inherited) @executable_path/Frameworks @loader_path/Frameworks";
				PRODUCT_BUNDLE_IDENTIFIER = com.clean.DomainTests;
				SDKROOT = iphoneos;
				TARGETED_DEVICE_FAMILY = "1,2";
			};
			name = Debug;
		};
		654F84BA3121CF8AB9267504B5BD4CD9 /* Release */ = {
			isa = XCBuildConfiguration;
			buildSettings = {
				ALWAYS_SEARCH_USER_PATHS = NO;
				CLANG_ANALYZER_NONNULL = YES;
				CLANG_ANALYZER_NUMBER_OBJECT_CONVERSION = YES_AGGRESSIVE;
				CLANG_CXX_LANGUAGE_STANDARD = "gnu++14";
				CLANG_CXX_LIBRARY = "libc++";
				CLANG_ENABLE_MODULES = YES;
				CLANG_ENABLE_OBJC_ARC = YES;
				CLANG_WARN_BLOCK_CAPTURE_AUTORELEASING = YES;
				CLANG_WARN_BOOL_CONVERSION = YES;
				CLANG_WARN_COMMA = YES;
				CLANG_WARN_CONSTANT_CONVERSION = YES;
				CLANG_WARN_DEPRECATED_OBJC_IMPLEMENTATIONS = YES;
				CLANG_WARN_DIRECT_OBJC_ISA_USAGE = YES_ERROR;
				CLANG_WARN_DOCUMENTATION_COMMENTS = YES;
				CLANG_WARN_EMPTY_BODY = YES;
				CLANG_WARN_ENUM_CONVERSION = YES;
				CLANG_WARN_INFINITE_RECURSION = YES;
				CLANG_WARN_INT_CONVERSION = YES;
				CLANG_WARN_NON_LITERAL_NULL_CONVERSION = YES;
				CLANG_WARN_OBJC_IMPLICIT_RETAIN_SELF = YES;
				CLANG_WARN_OBJC_LITERAL_CONVERSION = YES;
				CLANG_WARN_OBJC_ROOT_CLASS = YES_ERROR;
				CLANG_WARN_RANGE_LOOP_ANALYSIS = YES;
				CLANG_WARN_STRICT_PROTOTYPES = YES;
				CLANG_WARN_SUSPICIOUS_MOVE = YES;
				CLANG_WARN_UNGUARDED_AVAILABILITY = YES_AGGRESSIVE;
				CLANG_WARN_UNREACHABLE_CODE = YES;
				CLANG_WARN__DUPLICATE_METHOD_MATCH = YES;
				COPY_PHASE_STRIP = NO;
				DEBUG_INFORMATION_FORMAT = "dwarf-with-dsym";
				ENABLE_NS_ASSERTIONS = NO;
				ENABLE_STRICT_OBJC_MSGSEND = YES;
				GCC_C_LANGUAGE_STANDARD = gnu11;
				GCC_NO_COMMON_BLOCKS = YES;
				GCC_WARN_64_TO_32_BIT_CONVERSION = YES;
				GCC_WARN_ABOUT_RETURN_TYPE = YES_ERROR;
				GCC_WARN_UNDECLARED_SELECTOR = YES;
				GCC_WARN_UNINITIALIZED_AUTOS = YES_AGGRESSIVE;
				GCC_WARN_UNUSED_FUNCTION = YES;
				GCC_WARN_UNUSED_VARIABLE = YES;
				PRODUCT_NAME = "$(TARGET_NAME)";
				SDKROOT = iphoneos;
				SWIFT_OPTIMIZATION_LEVEL = "-Owholemodule";
				SWIFT_VERSION = 4.2;
				VALIDATE_PRODUCT = YES;
			};
			name = Release;
		};
		99CC235BD3166EDDD3CA5D923B90B365 /* Release */ = {
			isa = XCBuildConfiguration;
			buildSettings = {
				CODE_SIGN_IDENTITY = "";
				CURRENT_PROJECT_VERSION = 1;
				DEFINES_MODULE = YES;
				DYLIB_COMPATIBILITY_VERSION = 1;
				DYLIB_CURRENT_VERSION = 1;
				DYLIB_INSTALL_NAME_BASE = "@rpath";
				FRAMEWORK_SEARCH_PATHS = (
					"$(inherited)",
					"$(PROJECT_DIR)/Carthage/Build/iOS",
				);
				INFOPLIST_FILE = Domain/Info.plist;
				INSTALL_PATH = "$(LOCAL_LIBRARY_DIR)/Frameworks";
				IPHONEOS_DEPLOYMENT_TARGET = 12.0;
				LD_RUNPATH_SEARCH_PATHS = "$(inherited) @executable_path/Frameworks";
				PRODUCT_BUNDLE_IDENTIFIER = com.clean.Domain;
				SDKROOT = iphoneos;
				SKIP_INSTALL = YES;
				TARGETED_DEVICE_FAMILY = "1,2";
				VERSIONING_SYSTEM = "apple-generic";
			};
			name = Release;
		};
		B3139E410544032129590DFDEE0E25CE /* Debug */ = {
			isa = XCBuildConfiguration;
			buildSettings = {
				CODE_SIGN_IDENTITY = "";
				CURRENT_PROJECT_VERSION = 1;
				DEFINES_MODULE = YES;
				DYLIB_COMPATIBILITY_VERSION = 1;
				DYLIB_CURRENT_VERSION = 1;
				DYLIB_INSTALL_NAME_BASE = "@rpath";
				FRAMEWORK_SEARCH_PATHS = (
					"$(inherited)",
					"$(PROJECT_DIR)/Carthage/Build/iOS",
				);
				INFOPLIST_FILE = Domain/Info.plist;
				INSTALL_PATH = "$(LOCAL_LIBRARY_DIR)/Frameworks";
				IPHONEOS_DEPLOYMENT_TARGET = 12.0;
				LD_RUNPATH_SEARCH_PATHS = "$(inherited) @executable_path/Frameworks";
				PRODUCT_BUNDLE_IDENTIFIER = com.clean.Domain;
				SDKROOT = iphoneos;
				SKIP_INSTALL = YES;
				TARGETED_DEVICE_FAMILY = "1,2";
				VERSIONING_SYSTEM = "apple-generic";
			};
			name = Debug;
		};
		BF907C9B40DDD5256DEF4111267239CA /* Debug */ = {
			isa = XCBuildConfiguration;
			buildSettings = {
				ALWAYS_SEARCH_USER_PATHS = NO;
				CLANG_ANALYZER_NONNULL = YES;
				CLANG_ANALYZER_NUMBER_OBJECT_CONVERSION = YES_AGGRESSIVE;
				CLANG_CXX_LANGUAGE_STANDARD = "gnu++14";
				CLANG_CXX_LIBRARY = "libc++";
				CLANG_ENABLE_MODULES = YES;
				CLANG_ENABLE_OBJC_ARC = YES;
				CLANG_WARN_BLOCK_CAPTURE_AUTORELEASING = YES;
				CLANG_WARN_BOOL_CONVERSION = YES;
				CLANG_WARN_COMMA = YES;
				CLANG_WARN_CONSTANT_CONVERSION = YES;
				CLANG_WARN_DEPRECATED_OBJC_IMPLEMENTATIONS = YES;
				CLANG_WARN_DIRECT_OBJC_ISA_USAGE = YES_ERROR;
				CLANG_WARN_DOCUMENTATION_COMMENTS = YES;
				CLANG_WARN_EMPTY_BODY = YES;
				CLANG_WARN_ENUM_CONVERSION = YES;
				CLANG_WARN_INFINITE_RECURSION = YES;
				CLANG_WARN_INT_CONVERSION = YES;
				CLANG_WARN_NON_LITERAL_NULL_CONVERSION = YES;
				CLANG_WARN_OBJC_IMPLICIT_RETAIN_SELF = YES;
				CLANG_WARN_OBJC_LITERAL_CONVERSION = YES;
				CLANG_WARN_OBJC_ROOT_CLASS = YES_ERROR;
				CLANG_WARN_RANGE_LOOP_ANALYSIS = YES;
				CLANG_WARN_STRICT_PROTOTYPES = YES;
				CLANG_WARN_SUSPICIOUS_MOVE = YES;
				CLANG_WARN_UNGUARDED_AVAILABILITY = YES_AGGRESSIVE;
				CLANG_WARN_UNREACHABLE_CODE = YES;
				CLANG_WARN__DUPLICATE_METHOD_MATCH = YES;
				COPY_PHASE_STRIP = NO;
				DEBUG_INFORMATION_FORMAT = dwarf;
				ENABLE_STRICT_OBJC_MSGSEND = YES;
				ENABLE_TESTABILITY = YES;
				GCC_C_LANGUAGE_STANDARD = gnu11;
				GCC_DYNAMIC_NO_PIC = NO;
				GCC_NO_COMMON_BLOCKS = YES;
				GCC_OPTIMIZATION_LEVEL = 0;
				GCC_PREPROCESSOR_DEFINITIONS = (
					"$(inherited)",
					"DEBUG=1",
				);
				GCC_WARN_64_TO_32_BIT_CONVERSION = YES;
				GCC_WARN_ABOUT_RETURN_TYPE = YES_ERROR;
				GCC_WARN_UNDECLARED_SELECTOR = YES;
				GCC_WARN_UNINITIALIZED_AUTOS = YES_AGGRESSIVE;
				GCC_WARN_UNUSED_FUNCTION = YES;
				GCC_WARN_UNUSED_VARIABLE = YES;
				MTL_ENABLE_DEBUG_INFO = YES;
				ONLY_ACTIVE_ARCH = YES;
				PRODUCT_NAME = "$(TARGET_NAME)";
				SDKROOT = iphoneos;
				SWIFT_ACTIVE_COMPILATION_CONDITIONS = DEBUG;
				SWIFT_OPTIMIZATION_LEVEL = "-Onone";
				SWIFT_VERSION = 4.2;
			};
			name = Debug;
		};
		E328CDFB89F5B19B2F49FB964D7CCA7D /* Release */ = {
			isa = XCBuildConfiguration;
			buildSettings = {
				BUNDLE_LOADER = "$(TEST_HOST)";
				FRAMEWORK_SEARCH_PATHS = (
					"$(inherited)",
					"$(PROJECT_DIR)/Carthage/Build/iOS",
				);
				INFOPLIST_FILE = DomainTests/Info.plist;
				IPHONEOS_DEPLOYMENT_TARGET = 12.0;
				LD_RUNPATH_SEARCH_PATHS = "$(inherited) @executable_path/Frameworks @loader_path/Frameworks";
				PRODUCT_BUNDLE_IDENTIFIER = com.clean.DomainTests;
				SDKROOT = iphoneos;
				TARGETED_DEVICE_FAMILY = "1,2";
			};
			name = Release;
		};
		ECAA10259ECD5305B6F5E56E87439476 /* Debug */ = {
			isa = XCBuildConfiguration;
			buildSettings = {
				CODE_SIGN_IDENTITY = "";
				CURRENT_PROJECT_VERSION = 1;
				DEFINES_MODULE = YES;
				DYLIB_COMPATIBILITY_VERSION = 1;
				DYLIB_CURRENT_VERSION = 1;
				DYLIB_INSTALL_NAME_BASE = "@rpath";
				FRAMEWORK_SEARCH_PATHS = (
					"$(inherited)",
					"$(PROJECT_DIR)/Carthage/Build/iOS",
				);
				INFOPLIST_FILE = NetworkPlatform/Info.plist;
				INSTALL_PATH = "$(LOCAL_LIBRARY_DIR)/Frameworks";
				IPHONEOS_DEPLOYMENT_TARGET = 12.0;
				LD_RUNPATH_SEARCH_PATHS = "$(inherited) @executable_path/Frameworks";
				PRODUCT_BUNDLE_IDENTIFIER = com.clean.NetworkPlatform;
				SDKROOT = iphoneos;
				SKIP_INSTALL = YES;
				TARGETED_DEVICE_FAMILY = "1,2";
				VERSIONING_SYSTEM = "apple-generic";
			};
			name = Debug;
		};
		FE8D430A91A3538369A30C696B29D9EE /* Release */ = {
			isa = XCBuildConfiguration;
			buildSettings = {
				CODE_SIGN_IDENTITY = "";
				CURRENT_PROJECT_VERSION = 1;
				DEFINES_MODULE = YES;
				DYLIB_COMPATIBILITY_VERSION = 1;
				DYLIB_CURRENT_VERSION = 1;
				DYLIB_INSTALL_NAME_BASE = "@rpath";
				FRAMEWORK_SEARCH_PATHS = (
					"$(inherited)",
					"$(PROJECT_DIR)/Carthage/Build/iOS",
				);
				INFOPLIST_FILE = NetworkPlatform/Info.plist;
				INSTALL_PATH = "$(LOCAL_LIBRARY_DIR)/Frameworks";
				IPHONEOS_DEPLOYMENT_TARGET = 12.0;
				LD_RUNPATH_SEARCH_PATHS = "$(inherited) @executable_path/Frameworks";
				PRODUCT_BUNDLE_IDENTIFIER = com.clean.NetworkPlatform;
				SDKROOT = iphoneos;
				SKIP_INSTALL = YES;
				TARGETED_DEVICE_FAMILY = "1,2";
				VERSIONING_SYSTEM = "apple-generic";
			};
			name = Release;
		};
/* End XCBuildConfiguration section */

/* Begin XCConfigurationList section */
		02A35BB3CB50C6BA4AEF0CA97BBFE61C /* Build configuration list for PBXNativeTarget "NetworkPlatform" */ = {
			isa = XCConfigurationList;
			buildConfigurations = (
				ECAA10259ECD5305B6F5E56E87439476 /* Debug */,
				FE8D430A91A3538369A30C696B29D9EE /* Release */,
			);
			defaultConfigurationIsVisible = 0;
			defaultConfigurationName = "";
		};
		3681FF1D4B05F7171B046E43938BC7A4 /* Build configuration list for PBXNativeTarget "CleanArchitectureRxSwift" */ = {
			isa = XCConfigurationList;
			buildConfigurations = (
				0938D099E2282EECC5CC465E08C0106E /* Debug */,
				08E86304FE9227490B7CF9964A311DAB /* Release */,
			);
			defaultConfigurationIsVisible = 0;
			defaultConfigurationName = "";
		};
		394BEA38AF487E8799E518FA0EA9A674 /* Build configuration list for PBXProject "CleanArchitectureRxSwift" */ = {
			isa = XCConfigurationList;
			buildConfigurations = (
				BF907C9B40DDD5256DEF4111267239CA /* Debug */,
				654F84BA3121CF8AB9267504B5BD4CD9 /* Release */,
			);
			defaultConfigurationIsVisible = 0;
			defaultConfigurationName = Debug;
		};
		F1CBB3BD651BD3D83BC83FDA96EEE403 /* Build configuration list for PBXNativeTarget "DomainTests" */ = {
			isa = XCConfigurationList;
			buildConfigurations = (
				58BB588233A27D9C01B646032E7543C8 /* Debug */,
				E328CDFB89F5B19B2F49FB964D7CCA7D /* Release */,
			);
			defaultConfigurationIsVisible = 0;
			defaultConfigurationName = "";
		};
		FA5B94E21B7BE5D3613D668CF2DCC3F3 /* Build configuration list for PBXNativeTarget "Domain" */ = {
			isa = XCConfigurationList;
			buildConfigurations = (
				B3139E410544032129590DFDEE0E25CE /* Debug */,
				99CC235BD3166EDDD3CA5D923B90B365 /* Release */,
			);
			defaultConfigurationIsVisible = 0;
			defaultConfigurationName = "";
		};
/* End XCConfigurationList section */
	};
	rootObject = DEA1FA0AE316F9D1D921F66A8E7F5EA1 /* Project object */;
}
