PODS:
  - Alamofire (4.0.0)
  - OHHTTPStubs (5.2.1):
    - OHHTTPStubs/Default (= 5.2.1)
  - OHHTTPStubs/Core (5.2.1)
  - OHHTTPStubs/Default (5.2.1):
    - OHHTTPStubs/Core
    - OHHTTPStubs/JSON
    - OHHTTPStubs/NSURLSession
    - OHHTTPStubs/OHPathHelpers
  - OHHTTPStubs/JSON (5.2.1):
    - OHHTTPStubs/Core
  - OHHTTPStubs/NSURLSession (5.2.1):
    - OHHTTPStubs/Core
  - OHHTTPStubs/OHPathHelpers (5.2.1)
  - OHHTTPStubs/Swift (5.2.1):
    - OHHTTPStubs/Core
  - RxBlocking (3.0.0-beta.1):
    - RxSwift (~> 3.0.0-beta.1)
  - RxCocoa (3.0.0-beta.1):
    - RxSwift (~> 3.0.0-beta.1)
  - RxSwift (3.0.0-beta.1)

DEPENDENCIES:
  - Alamofire (~> 4.0)
  - OHHTTPStubs (~> 5.0)
  - OHHTTPStubs/Swift (~> 5.0)
  - RxBlocking (from `https://github.com/ReactiveX/RxSwift.git`, tag `3.0.0-beta.1`)
  - RxCocoa (from `https://github.com/ReactiveX/RxSwift.git`, tag `3.0.0-beta.1`)
  - RxSwift (from `https://github.com/ReactiveX/RxSwift.git`, tag `3.0.0-beta.1`)

EXTERNAL SOURCES:
  RxBlocking:
    :git: https://github.com/ReactiveX/RxSwift.git
    :tag: 3.0.0-beta.1
  RxCocoa:
    :git: https://github.com/ReactiveX/RxSwift.git
    :tag: 3.0.0-beta.1
  RxSwift:
    :git: https://github.com/ReactiveX/RxSwift.git
    :tag: 3.0.0-beta.1

CHECKOUT OPTIONS:
  RxBlocking:
    :git: https://github.com/ReactiveX/RxSwift.git
    :tag: 3.0.0-beta.1
  RxCocoa:
    :git: https://github.com/ReactiveX/RxSwift.git
    :tag: 3.0.0-beta.1
  RxSwift:
    :git: https://github.com/ReactiveX/RxSwift.git
    :tag: 3.0.0-beta.1

SPEC CHECKSUMS:
  Alamofire: fef59f00388f267e52d9b432aa5d93dc97190f14
  OHHTTPStubs: 3a42f25c00563b71355ac73112ba2324e9e6cef4
  RxBlocking: 422944880fe63b432c459dc87be7c8178dcf45f3
  RxCocoa: 8cecf331302b8ae5381bbab1bccba4ede2eae6a8
  RxSwift: 0823e8d7969c23bfa9ddfb2afa4881e424a1a710

PODFILE CHECKSUM: c1a44f3ee2ab5e3b88125d94d1342c01a022d4f9

COCOAPODS: 1.0.1
